// !$*UTF8*$!
{
	archiveVersion = 1;
	classes = {
	};
	objectVersion = 42;
	objects = {

/* Begin PBXBuildFile section */
		1B1B0F531654CF8100CE3172 /* ofxBaseGui.cpp in Sources */ = {isa = PBXBuildFile; fileRef = 1B1B0F481654CF8100CE3172 /* ofxBaseGui.cpp */; };
		1B1B0F541654CF8100CE3172 /* ofxButton.cpp in Sources */ = {isa = PBXBuildFile; fileRef = 1B1B0F4A1654CF8100CE3172 /* ofxButton.cpp */; };
		1B1B0F551654CF8100CE3172 /* ofxPanel.cpp in Sources */ = {isa = PBXBuildFile; fileRef = 1B1B0F4D1654CF8100CE3172 /* ofxPanel.cpp */; };
		1B1B0F561654CF8100CE3172 /* ofxSlider.cpp in Sources */ = {isa = PBXBuildFile; fileRef = 1B1B0F4F1654CF8100CE3172 /* ofxSlider.cpp */; };
		1B1B0F571654CF8100CE3172 /* ofxToggle.cpp in Sources */ = {isa = PBXBuildFile; fileRef = 1B1B0F511654CF8100CE3172 /* ofxToggle.cpp */; };
		1B21EBA415D11824005144C8 /* ofxTCPClient.cpp in Sources */ = {isa = PBXBuildFile; fileRef = 1B21EB9C15D11824005144C8 /* ofxTCPClient.cpp */; };
		1B21EBA515D11824005144C8 /* ofxTCPManager.cpp in Sources */ = {isa = PBXBuildFile; fileRef = 1B21EB9E15D11824005144C8 /* ofxTCPManager.cpp */; };
		1B21EBA615D11824005144C8 /* ofxTCPServer.cpp in Sources */ = {isa = PBXBuildFile; fileRef = 1B21EBA015D11824005144C8 /* ofxTCPServer.cpp */; };
		1B21EBA715D11824005144C8 /* ofxUDPManager.cpp in Sources */ = {isa = PBXBuildFile; fileRef = 1B21EBA215D11824005144C8 /* ofxUDPManager.cpp */; };
		1B482E671652584C0062037D /* ofxMSAInteractiveObject.cpp in Sources */ = {isa = PBXBuildFile; fileRef = 1B482E341652584C0062037D /* ofxMSAInteractiveObject.cpp */; };
		1B482EA3165259250062037D /* IpEndpointName.cpp in Sources */ = {isa = PBXBuildFile; fileRef = 1B482E7F165259250062037D /* IpEndpointName.cpp */; };
		1B482EA4165259250062037D /* NetworkingUtils.cpp in Sources */ = {isa = PBXBuildFile; fileRef = 1B482E84165259250062037D /* NetworkingUtils.cpp */; };
		1B482EA5165259250062037D /* UdpSocket.cpp in Sources */ = {isa = PBXBuildFile; fileRef = 1B482E85165259250062037D /* UdpSocket.cpp */; };
		1B482EA6165259250062037D /* NetworkingUtilsWin.cpp in Sources */ = {isa = PBXBuildFile; fileRef = 1B482E89165259250062037D /* NetworkingUtilsWin.cpp */; };
		1B482EA7165259250062037D /* UdpSocketWin.cpp in Sources */ = {isa = PBXBuildFile; fileRef = 1B482E8A165259250062037D /* UdpSocketWin.cpp */; };
		1B482EA8165259250062037D /* OscOutboundPacketStream.cpp in Sources */ = {isa = PBXBuildFile; fileRef = 1B482E8F165259250062037D /* OscOutboundPacketStream.cpp */; };
		1B482EA9165259250062037D /* OscPrintReceivedElements.cpp in Sources */ = {isa = PBXBuildFile; fileRef = 1B482E92165259250062037D /* OscPrintReceivedElements.cpp */; };
		1B482EAA165259250062037D /* OscReceivedElements.cpp in Sources */ = {isa = PBXBuildFile; fileRef = 1B482E94165259250062037D /* OscReceivedElements.cpp */; };
		1B482EAB165259250062037D /* OscTypes.cpp in Sources */ = {isa = PBXBuildFile; fileRef = 1B482E96165259250062037D /* OscTypes.cpp */; };
		1B482EAC165259250062037D /* ofxOscBundle.cpp in Sources */ = {isa = PBXBuildFile; fileRef = 1B482E9B165259250062037D /* ofxOscBundle.cpp */; };
		1B482EAD165259250062037D /* ofxOscMessage.cpp in Sources */ = {isa = PBXBuildFile; fileRef = 1B482E9D165259250062037D /* ofxOscMessage.cpp */; };
		1B482EAE165259250062037D /* ofxOscReceiver.cpp in Sources */ = {isa = PBXBuildFile; fileRef = 1B482E9F165259250062037D /* ofxOscReceiver.cpp */; };
		1B482EAF165259250062037D /* ofxOscSender.cpp in Sources */ = {isa = PBXBuildFile; fileRef = 1B482EA1165259250062037D /* ofxOscSender.cpp */; };
		1B88A14316549D87003BD962 /* guiBaseObject.cpp in Sources */ = {isa = PBXBuildFile; fileRef = 1B88A10816549D87003BD962 /* guiBaseObject.cpp */; };
		1B88A14416549D87003BD962 /* guiCallback.cpp in Sources */ = {isa = PBXBuildFile; fileRef = 1B88A10A16549D87003BD962 /* guiCallback.cpp */; };
		1B88A14516549D87003BD962 /* guiCallbackValue.cpp in Sources */ = {isa = PBXBuildFile; fileRef = 1B88A10C16549D87003BD962 /* guiCallbackValue.cpp */; };
		1B88A14616549D87003BD962 /* guiColor.cpp in Sources */ = {isa = PBXBuildFile; fileRef = 1B88A10E16549D87003BD962 /* guiColor.cpp */; };
		1B88A14716549D87003BD962 /* guiTextBase.cpp in Sources */ = {isa = PBXBuildFile; fileRef = 1B88A11216549D87003BD962 /* guiTextBase.cpp */; };
		1B88A14816549D87003BD962 /* guiType2DSlider.cpp in Sources */ = {isa = PBXBuildFile; fileRef = 1B88A11416549D87003BD962 /* guiType2DSlider.cpp */; };
		1B88A14916549D87003BD962 /* guiTypeButtonSlider.cpp in Sources */ = {isa = PBXBuildFile; fileRef = 1B88A11616549D87003BD962 /* guiTypeButtonSlider.cpp */; };
		1B88A14A16549D87003BD962 /* guiTypeChartPlotter.cpp in Sources */ = {isa = PBXBuildFile; fileRef = 1B88A11816549D87003BD962 /* guiTypeChartPlotter.cpp */; };
		1B88A14B16549D87003BD962 /* guiTypeCustom.cpp in Sources */ = {isa = PBXBuildFile; fileRef = 1B88A11A16549D87003BD962 /* guiTypeCustom.cpp */; };
		1B88A14C16549D87003BD962 /* guiTypeDrawable.cpp in Sources */ = {isa = PBXBuildFile; fileRef = 1B88A11C16549D87003BD962 /* guiTypeDrawable.cpp */; };
		1B88A14D16549D87003BD962 /* guiTypeFileLister.cpp in Sources */ = {isa = PBXBuildFile; fileRef = 1B88A11E16549D87003BD962 /* guiTypeFileLister.cpp */; };
		1B88A14E16549D87003BD962 /* guiTypeLabel.cpp in Sources */ = {isa = PBXBuildFile; fileRef = 1B88A12016549D87003BD962 /* guiTypeLabel.cpp */; };
		1B88A14F16549D87003BD962 /* guiTypeLogger.cpp in Sources */ = {isa = PBXBuildFile; fileRef = 1B88A12216549D87003BD962 /* guiTypeLogger.cpp */; };
		1B88A15016549D87003BD962 /* guiTypeMultiToggle.cpp in Sources */ = {isa = PBXBuildFile; fileRef = 1B88A12416549D87003BD962 /* guiTypeMultiToggle.cpp */; };
		1B88A15116549D87003BD962 /* guiTypePanel.cpp in Sources */ = {isa = PBXBuildFile; fileRef = 1B88A12616549D87003BD962 /* guiTypePanel.cpp */; };
		1B88A15216549D87003BD962 /* guiTypeSlider.cpp in Sources */ = {isa = PBXBuildFile; fileRef = 1B88A12816549D87003BD962 /* guiTypeSlider.cpp */; };
		1B88A15316549D87003BD962 /* guiTypeText.cpp in Sources */ = {isa = PBXBuildFile; fileRef = 1B88A12A16549D87003BD962 /* guiTypeText.cpp */; };
		1B88A15416549D87003BD962 /* guiTypeTextDropDown.cpp in Sources */ = {isa = PBXBuildFile; fileRef = 1B88A12C16549D87003BD962 /* guiTypeTextDropDown.cpp */; };
		1B88A15516549D87003BD962 /* guiTypeTextInput.cpp in Sources */ = {isa = PBXBuildFile; fileRef = 1B88A12E16549D87003BD962 /* guiTypeTextInput.cpp */; };
		1B88A15616549D87003BD962 /* guiTypeToggle.cpp in Sources */ = {isa = PBXBuildFile; fileRef = 1B88A13016549D87003BD962 /* guiTypeToggle.cpp */; };
		1B88A15716549D87003BD962 /* guiTypeVairableLister.cpp in Sources */ = {isa = PBXBuildFile; fileRef = 1B88A13216549D87003BD962 /* guiTypeVairableLister.cpp */; };
		1B88A15816549D87003BD962 /* guiTypeVideo.cpp in Sources */ = {isa = PBXBuildFile; fileRef = 1B88A13416549D87003BD962 /* guiTypeVideo.cpp */; };
		1B88A15916549D87003BD962 /* guiValue.cpp in Sources */ = {isa = PBXBuildFile; fileRef = 1B88A13616549D87003BD962 /* guiValue.cpp */; };
		1B88A15A16549D87003BD962 /* ofxControlPanel.cpp in Sources */ = {isa = PBXBuildFile; fileRef = 1B88A13B16549D87003BD962 /* ofxControlPanel.cpp */; };
		1B88A15B16549D87003BD962 /* simpleColor.cpp in Sources */ = {isa = PBXBuildFile; fileRef = 1B88A13D16549D87003BD962 /* simpleColor.cpp */; };
		1B88A15C16549D87003BD962 /* simpleFileLister.cpp in Sources */ = {isa = PBXBuildFile; fileRef = 1B88A13F16549D87003BD962 /* simpleFileLister.cpp */; };
		1B88A15D16549D87003BD962 /* simpleLogger.cpp in Sources */ = {isa = PBXBuildFile; fileRef = 1B88A14116549D87003BD962 /* simpleLogger.cpp */; };
		1B88A1781654A025003BD962 /* InputPanel.cpp in Sources */ = {isa = PBXBuildFile; fileRef = 1B88A1761654A025003BD962 /* InputPanel.cpp */; };
		1B88A17B1654A032003BD962 /* OutputPanel.cpp in Sources */ = {isa = PBXBuildFile; fileRef = 1B88A1791654A032003BD962 /* OutputPanel.cpp */; };
		1BCF431F16533938006B33AF /* ofTextureAdv.cpp in Sources */ = {isa = PBXBuildFile; fileRef = 1BCF431B16533938006B33AF /* ofTextureAdv.cpp */; };
		1BCF432016533938006B33AF /* ofxRenderManager.cpp in Sources */ = {isa = PBXBuildFile; fileRef = 1BCF431D16533938006B33AF /* ofxRenderManager.cpp */; };
		1BCF435316533F05006B33AF /* SyphonNameboundClient.m in Sources */ = {isa = PBXBuildFile; fileRef = 1BCF434016533F05006B33AF /* SyphonNameboundClient.m */; };
		1BCF435416533F05006B33AF /* ofxSyphonClient.mm in Sources */ = {isa = PBXBuildFile; fileRef = 1BCF434516533F05006B33AF /* ofxSyphonClient.mm */; };
		1BCF435516533F05006B33AF /* ofxSyphonServer.mm in Sources */ = {isa = PBXBuildFile; fileRef = 1BCF434716533F05006B33AF /* ofxSyphonServer.mm */; };
		1BCF435F16533FE5006B33AF /* QTKit.framework in Frameworks */ = {isa = PBXBuildFile; fileRef = 1BCF435E16533FE5006B33AF /* QTKit.framework */; };
		1BCF436116533FEB006B33AF /* CoreVideo.framework in Frameworks */ = {isa = PBXBuildFile; fileRef = 1BCF436016533FEB006B33AF /* CoreVideo.framework */; };
		1BCF436316533FEF006B33AF /* Accelerate.framework in Frameworks */ = {isa = PBXBuildFile; fileRef = 1BCF436216533FEF006B33AF /* Accelerate.framework */; };
		1BCF438A165344D6006B33AF /* ofxDuration.cpp in Sources */ = {isa = PBXBuildFile; fileRef = 1BCF4384165344D6006B33AF /* ofxDuration.cpp */; };
		1BCF439316534A7D006B33AF /* Syphon.framework in CopyFiles */ = {isa = PBXBuildFile; fileRef = 1BCF439216534A7D006B33AF /* Syphon.framework */; };
		1BCF439416534AA0006B33AF /* Syphon.framework in Frameworks */ = {isa = PBXBuildFile; fileRef = 1BCF439216534A7D006B33AF /* Syphon.framework */; };
		1BCF43B116534E30006B33AF /* ofxTextInputField.cpp in Sources */ = {isa = PBXBuildFile; fileRef = 1BCF43A816534E30006B33AF /* ofxTextInputField.cpp */; };
		51AE773F15CE7C2C00AFF27C /* tinyxml.cpp in Sources */ = {isa = PBXBuildFile; fileRef = 51AE773815CE7C2C00AFF27C /* tinyxml.cpp */; };
		51AE774015CE7C2C00AFF27C /* tinyxmlerror.cpp in Sources */ = {isa = PBXBuildFile; fileRef = 51AE773A15CE7C2C00AFF27C /* tinyxmlerror.cpp */; };
		51AE774115CE7C2C00AFF27C /* tinyxmlparser.cpp in Sources */ = {isa = PBXBuildFile; fileRef = 51AE773B15CE7C2C00AFF27C /* tinyxmlparser.cpp */; };
		51AE774215CE7C2C00AFF27C /* ofxXmlSettings.cpp in Sources */ = {isa = PBXBuildFile; fileRef = 51AE773D15CE7C2C00AFF27C /* ofxXmlSettings.cpp */; };
		BBAB23CB13894F3D00AA2426 /* GLUT.framework in CopyFiles */ = {isa = PBXBuildFile; fileRef = BBAB23BE13894E4700AA2426 /* GLUT.framework */; };
		E4328149138ABC9F0047C5CB /* openFrameworksDebug.a in Frameworks */ = {isa = PBXBuildFile; fileRef = E4328148138ABC890047C5CB /* openFrameworksDebug.a */; };
		E45BE97B0E8CC7DD009D7055 /* AGL.framework in Frameworks */ = {isa = PBXBuildFile; fileRef = E45BE9710E8CC7DD009D7055 /* AGL.framework */; };
		E45BE97C0E8CC7DD009D7055 /* ApplicationServices.framework in Frameworks */ = {isa = PBXBuildFile; fileRef = E45BE9720E8CC7DD009D7055 /* ApplicationServices.framework */; };
		E45BE97D0E8CC7DD009D7055 /* AudioToolbox.framework in Frameworks */ = {isa = PBXBuildFile; fileRef = E45BE9730E8CC7DD009D7055 /* AudioToolbox.framework */; };
		E45BE97E0E8CC7DD009D7055 /* Carbon.framework in Frameworks */ = {isa = PBXBuildFile; fileRef = E45BE9740E8CC7DD009D7055 /* Carbon.framework */; };
		E45BE97F0E8CC7DD009D7055 /* CoreAudio.framework in Frameworks */ = {isa = PBXBuildFile; fileRef = E45BE9750E8CC7DD009D7055 /* CoreAudio.framework */; };
		E45BE9800E8CC7DD009D7055 /* CoreFoundation.framework in Frameworks */ = {isa = PBXBuildFile; fileRef = E45BE9760E8CC7DD009D7055 /* CoreFoundation.framework */; };
		E45BE9810E8CC7DD009D7055 /* CoreServices.framework in Frameworks */ = {isa = PBXBuildFile; fileRef = E45BE9770E8CC7DD009D7055 /* CoreServices.framework */; };
		E45BE9830E8CC7DD009D7055 /* OpenGL.framework in Frameworks */ = {isa = PBXBuildFile; fileRef = E45BE9790E8CC7DD009D7055 /* OpenGL.framework */; };
		E45BE9840E8CC7DD009D7055 /* QuickTime.framework in Frameworks */ = {isa = PBXBuildFile; fileRef = E45BE97A0E8CC7DD009D7055 /* QuickTime.framework */; };
		E4B69E200A3A1BDC003C02F2 /* main.cpp in Sources */ = {isa = PBXBuildFile; fileRef = E4B69E1D0A3A1BDC003C02F2 /* main.cpp */; };
		E4B69E210A3A1BDC003C02F2 /* testApp.cpp in Sources */ = {isa = PBXBuildFile; fileRef = E4B69E1E0A3A1BDC003C02F2 /* testApp.cpp */; };
		E4C2424710CC5A17004149E2 /* AppKit.framework in Frameworks */ = {isa = PBXBuildFile; fileRef = E4C2424410CC5A17004149E2 /* AppKit.framework */; };
		E4C2424810CC5A17004149E2 /* Cocoa.framework in Frameworks */ = {isa = PBXBuildFile; fileRef = E4C2424510CC5A17004149E2 /* Cocoa.framework */; };
		E4C2424910CC5A17004149E2 /* IOKit.framework in Frameworks */ = {isa = PBXBuildFile; fileRef = E4C2424610CC5A17004149E2 /* IOKit.framework */; };
		E4EB6799138ADC1D00A09F29 /* GLUT.framework in Frameworks */ = {isa = PBXBuildFile; fileRef = BBAB23BE13894E4700AA2426 /* GLUT.framework */; };
/* End PBXBuildFile section */

/* Begin PBXContainerItemProxy section */
		E4328147138ABC890047C5CB /* PBXContainerItemProxy */ = {
			isa = PBXContainerItemProxy;
			containerPortal = E4328143138ABC890047C5CB /* openFrameworksLib.xcodeproj */;
			proxyType = 2;
			remoteGlobalIDString = E4B27C1510CBEB8E00536013;
			remoteInfo = openFrameworks;
		};
		E4EEB9AB138B136A00A80321 /* PBXContainerItemProxy */ = {
			isa = PBXContainerItemProxy;
			containerPortal = E4328143138ABC890047C5CB /* openFrameworksLib.xcodeproj */;
			proxyType = 1;
			remoteGlobalIDString = E4B27C1410CBEB8E00536013;
			remoteInfo = openFrameworks;
		};
/* End PBXContainerItemProxy section */

/* Begin PBXCopyFilesBuildPhase section */
		E4C2427710CC5ABF004149E2 /* CopyFiles */ = {
			isa = PBXCopyFilesBuildPhase;
			buildActionMask = 2147483647;
			dstPath = "";
			dstSubfolderSpec = 10;
			files = (
				1BCF439316534A7D006B33AF /* Syphon.framework in CopyFiles */,
				BBAB23CB13894F3D00AA2426 /* GLUT.framework in CopyFiles */,
			);
			runOnlyForDeploymentPostprocessing = 0;
		};
/* End PBXCopyFilesBuildPhase section */

/* Begin PBXFileReference section */
		1B1B0F461654CF8100CE3172 /* ofOscParameter.h */ = {isa = PBXFileReference; fileEncoding = 4; lastKnownFileType = sourcecode.c.h; path = ofOscParameter.h; sourceTree = "<group>"; };
		1B1B0F471654CF8100CE3172 /* ofParameter.h */ = {isa = PBXFileReference; fileEncoding = 4; lastKnownFileType = sourcecode.c.h; path = ofParameter.h; sourceTree = "<group>"; };
		1B1B0F481654CF8100CE3172 /* ofxBaseGui.cpp */ = {isa = PBXFileReference; fileEncoding = 4; lastKnownFileType = sourcecode.cpp.cpp; path = ofxBaseGui.cpp; sourceTree = "<group>"; };
		1B1B0F491654CF8100CE3172 /* ofxBaseGui.h */ = {isa = PBXFileReference; fileEncoding = 4; lastKnownFileType = sourcecode.c.h; path = ofxBaseGui.h; sourceTree = "<group>"; };
		1B1B0F4A1654CF8100CE3172 /* ofxButton.cpp */ = {isa = PBXFileReference; fileEncoding = 4; lastKnownFileType = sourcecode.cpp.cpp; path = ofxButton.cpp; sourceTree = "<group>"; };
		1B1B0F4B1654CF8100CE3172 /* ofxButton.h */ = {isa = PBXFileReference; fileEncoding = 4; lastKnownFileType = sourcecode.c.h; path = ofxButton.h; sourceTree = "<group>"; };
		1B1B0F4C1654CF8100CE3172 /* ofxGui.h */ = {isa = PBXFileReference; fileEncoding = 4; lastKnownFileType = sourcecode.c.h; path = ofxGui.h; sourceTree = "<group>"; };
		1B1B0F4D1654CF8100CE3172 /* ofxPanel.cpp */ = {isa = PBXFileReference; fileEncoding = 4; lastKnownFileType = sourcecode.cpp.cpp; path = ofxPanel.cpp; sourceTree = "<group>"; };
		1B1B0F4E1654CF8100CE3172 /* ofxPanel.h */ = {isa = PBXFileReference; fileEncoding = 4; lastKnownFileType = sourcecode.c.h; path = ofxPanel.h; sourceTree = "<group>"; };
		1B1B0F4F1654CF8100CE3172 /* ofxSlider.cpp */ = {isa = PBXFileReference; fileEncoding = 4; lastKnownFileType = sourcecode.cpp.cpp; path = ofxSlider.cpp; sourceTree = "<group>"; };
		1B1B0F501654CF8100CE3172 /* ofxSlider.h */ = {isa = PBXFileReference; fileEncoding = 4; lastKnownFileType = sourcecode.c.h; path = ofxSlider.h; sourceTree = "<group>"; };
		1B1B0F511654CF8100CE3172 /* ofxToggle.cpp */ = {isa = PBXFileReference; fileEncoding = 4; lastKnownFileType = sourcecode.cpp.cpp; path = ofxToggle.cpp; sourceTree = "<group>"; };
		1B1B0F521654CF8100CE3172 /* ofxToggle.h */ = {isa = PBXFileReference; fileEncoding = 4; lastKnownFileType = sourcecode.c.h; path = ofxToggle.h; sourceTree = "<group>"; };
		1B21EB9A15D11824005144C8 /* ofxNetwork.h */ = {isa = PBXFileReference; fileEncoding = 4; lastKnownFileType = sourcecode.c.h; path = ofxNetwork.h; sourceTree = "<group>"; };
		1B21EB9B15D11824005144C8 /* ofxNetworkUtils.h */ = {isa = PBXFileReference; fileEncoding = 4; lastKnownFileType = sourcecode.c.h; path = ofxNetworkUtils.h; sourceTree = "<group>"; };
		1B21EB9C15D11824005144C8 /* ofxTCPClient.cpp */ = {isa = PBXFileReference; fileEncoding = 4; lastKnownFileType = sourcecode.cpp.cpp; path = ofxTCPClient.cpp; sourceTree = "<group>"; };
		1B21EB9D15D11824005144C8 /* ofxTCPClient.h */ = {isa = PBXFileReference; fileEncoding = 4; lastKnownFileType = sourcecode.c.h; path = ofxTCPClient.h; sourceTree = "<group>"; };
		1B21EB9E15D11824005144C8 /* ofxTCPManager.cpp */ = {isa = PBXFileReference; fileEncoding = 4; lastKnownFileType = sourcecode.cpp.cpp; path = ofxTCPManager.cpp; sourceTree = "<group>"; };
		1B21EB9F15D11824005144C8 /* ofxTCPManager.h */ = {isa = PBXFileReference; fileEncoding = 4; lastKnownFileType = sourcecode.c.h; path = ofxTCPManager.h; sourceTree = "<group>"; };
		1B21EBA015D11824005144C8 /* ofxTCPServer.cpp */ = {isa = PBXFileReference; fileEncoding = 4; lastKnownFileType = sourcecode.cpp.cpp; path = ofxTCPServer.cpp; sourceTree = "<group>"; };
		1B21EBA115D11824005144C8 /* ofxTCPServer.h */ = {isa = PBXFileReference; fileEncoding = 4; lastKnownFileType = sourcecode.c.h; path = ofxTCPServer.h; sourceTree = "<group>"; };
		1B21EBA215D11824005144C8 /* ofxUDPManager.cpp */ = {isa = PBXFileReference; fileEncoding = 4; lastKnownFileType = sourcecode.cpp.cpp; path = ofxUDPManager.cpp; sourceTree = "<group>"; };
		1B21EBA315D11824005144C8 /* ofxUDPManager.h */ = {isa = PBXFileReference; fileEncoding = 4; lastKnownFileType = sourcecode.c.h; path = ofxUDPManager.h; sourceTree = "<group>"; };
		1B482E341652584C0062037D /* ofxMSAInteractiveObject.cpp */ = {isa = PBXFileReference; fileEncoding = 4; lastKnownFileType = sourcecode.cpp.cpp; path = ofxMSAInteractiveObject.cpp; sourceTree = "<group>"; };
		1B482E351652584C0062037D /* ofxMSAInteractiveObject.h */ = {isa = PBXFileReference; fileEncoding = 4; lastKnownFileType = sourcecode.c.h; path = ofxMSAInteractiveObject.h; sourceTree = "<group>"; };
		1B482E361652584C0062037D /* ofxMSAInteractiveObjectDelegate.h */ = {isa = PBXFileReference; fileEncoding = 4; lastKnownFileType = sourcecode.c.h; path = ofxMSAInteractiveObjectDelegate.h; sourceTree = "<group>"; };
		1B482E7A165259250062037D /* install.xml */ = {isa = PBXFileReference; fileEncoding = 4; lastKnownFileType = text.xml; path = install.xml; sourceTree = "<group>"; };
		1B482E7F165259250062037D /* IpEndpointName.cpp */ = {isa = PBXFileReference; fileEncoding = 4; lastKnownFileType = sourcecode.cpp.cpp; path = IpEndpointName.cpp; sourceTree = "<group>"; };
		1B482E80165259250062037D /* IpEndpointName.h */ = {isa = PBXFileReference; fileEncoding = 4; lastKnownFileType = sourcecode.c.h; path = IpEndpointName.h; sourceTree = "<group>"; };
		1B482E81165259250062037D /* NetworkingUtils.h */ = {isa = PBXFileReference; fileEncoding = 4; lastKnownFileType = sourcecode.c.h; path = NetworkingUtils.h; sourceTree = "<group>"; };
		1B482E82165259250062037D /* PacketListener.h */ = {isa = PBXFileReference; fileEncoding = 4; lastKnownFileType = sourcecode.c.h; path = PacketListener.h; sourceTree = "<group>"; };
		1B482E84165259250062037D /* NetworkingUtils.cpp */ = {isa = PBXFileReference; fileEncoding = 4; lastKnownFileType = sourcecode.cpp.cpp; path = NetworkingUtils.cpp; sourceTree = "<group>"; };
		1B482E85165259250062037D /* UdpSocket.cpp */ = {isa = PBXFileReference; fileEncoding = 4; lastKnownFileType = sourcecode.cpp.cpp; path = UdpSocket.cpp; sourceTree = "<group>"; };
		1B482E86165259250062037D /* TimerListener.h */ = {isa = PBXFileReference; fileEncoding = 4; lastKnownFileType = sourcecode.c.h; path = TimerListener.h; sourceTree = "<group>"; };
		1B482E87165259250062037D /* UdpSocket.h */ = {isa = PBXFileReference; fileEncoding = 4; lastKnownFileType = sourcecode.c.h; path = UdpSocket.h; sourceTree = "<group>"; };
		1B482E89165259250062037D /* NetworkingUtilsWin.cpp */ = {isa = PBXFileReference; fileEncoding = 4; lastKnownFileType = sourcecode.cpp.cpp; path = NetworkingUtilsWin.cpp; sourceTree = "<group>"; };
		1B482E8A165259250062037D /* UdpSocketWin.cpp */ = {isa = PBXFileReference; fileEncoding = 4; lastKnownFileType = sourcecode.cpp.cpp; path = UdpSocketWin.cpp; sourceTree = "<group>"; };
		1B482E8C165259250062037D /* MessageMappingOscPacketListener.h */ = {isa = PBXFileReference; fileEncoding = 4; lastKnownFileType = sourcecode.c.h; path = MessageMappingOscPacketListener.h; sourceTree = "<group>"; };
		1B482E8D165259250062037D /* OscException.h */ = {isa = PBXFileReference; fileEncoding = 4; lastKnownFileType = sourcecode.c.h; path = OscException.h; sourceTree = "<group>"; };
		1B482E8E165259250062037D /* OscHostEndianness.h */ = {isa = PBXFileReference; fileEncoding = 4; lastKnownFileType = sourcecode.c.h; path = OscHostEndianness.h; sourceTree = "<group>"; };
		1B482E8F165259250062037D /* OscOutboundPacketStream.cpp */ = {isa = PBXFileReference; fileEncoding = 4; lastKnownFileType = sourcecode.cpp.cpp; path = OscOutboundPacketStream.cpp; sourceTree = "<group>"; };
		1B482E90165259250062037D /* OscOutboundPacketStream.h */ = {isa = PBXFileReference; fileEncoding = 4; lastKnownFileType = sourcecode.c.h; path = OscOutboundPacketStream.h; sourceTree = "<group>"; };
		1B482E91165259250062037D /* OscPacketListener.h */ = {isa = PBXFileReference; fileEncoding = 4; lastKnownFileType = sourcecode.c.h; path = OscPacketListener.h; sourceTree = "<group>"; };
		1B482E92165259250062037D /* OscPrintReceivedElements.cpp */ = {isa = PBXFileReference; fileEncoding = 4; lastKnownFileType = sourcecode.cpp.cpp; path = OscPrintReceivedElements.cpp; sourceTree = "<group>"; };
		1B482E93165259250062037D /* OscPrintReceivedElements.h */ = {isa = PBXFileReference; fileEncoding = 4; lastKnownFileType = sourcecode.c.h; path = OscPrintReceivedElements.h; sourceTree = "<group>"; };
		1B482E94165259250062037D /* OscReceivedElements.cpp */ = {isa = PBXFileReference; fileEncoding = 4; lastKnownFileType = sourcecode.cpp.cpp; path = OscReceivedElements.cpp; sourceTree = "<group>"; };
		1B482E95165259250062037D /* OscReceivedElements.h */ = {isa = PBXFileReference; fileEncoding = 4; lastKnownFileType = sourcecode.c.h; path = OscReceivedElements.h; sourceTree = "<group>"; };
		1B482E96165259250062037D /* OscTypes.cpp */ = {isa = PBXFileReference; fileEncoding = 4; lastKnownFileType = sourcecode.cpp.cpp; path = OscTypes.cpp; sourceTree = "<group>"; };
		1B482E97165259250062037D /* OscTypes.h */ = {isa = PBXFileReference; fileEncoding = 4; lastKnownFileType = sourcecode.c.h; path = OscTypes.h; sourceTree = "<group>"; };
		1B482E99165259250062037D /* ofxOsc.h */ = {isa = PBXFileReference; fileEncoding = 4; lastKnownFileType = sourcecode.c.h; path = ofxOsc.h; sourceTree = "<group>"; };
		1B482E9A165259250062037D /* ofxOscArg.h */ = {isa = PBXFileReference; fileEncoding = 4; lastKnownFileType = sourcecode.c.h; path = ofxOscArg.h; sourceTree = "<group>"; };
		1B482E9B165259250062037D /* ofxOscBundle.cpp */ = {isa = PBXFileReference; fileEncoding = 4; lastKnownFileType = sourcecode.cpp.cpp; path = ofxOscBundle.cpp; sourceTree = "<group>"; };
		1B482E9C165259250062037D /* ofxOscBundle.h */ = {isa = PBXFileReference; fileEncoding = 4; lastKnownFileType = sourcecode.c.h; path = ofxOscBundle.h; sourceTree = "<group>"; };
		1B482E9D165259250062037D /* ofxOscMessage.cpp */ = {isa = PBXFileReference; fileEncoding = 4; lastKnownFileType = sourcecode.cpp.cpp; path = ofxOscMessage.cpp; sourceTree = "<group>"; };
		1B482E9E165259250062037D /* ofxOscMessage.h */ = {isa = PBXFileReference; fileEncoding = 4; lastKnownFileType = sourcecode.c.h; path = ofxOscMessage.h; sourceTree = "<group>"; };
		1B482E9F165259250062037D /* ofxOscReceiver.cpp */ = {isa = PBXFileReference; fileEncoding = 4; lastKnownFileType = sourcecode.cpp.cpp; path = ofxOscReceiver.cpp; sourceTree = "<group>"; };
		1B482EA0165259250062037D /* ofxOscReceiver.h */ = {isa = PBXFileReference; fileEncoding = 4; lastKnownFileType = sourcecode.c.h; path = ofxOscReceiver.h; sourceTree = "<group>"; };
		1B482EA1165259250062037D /* ofxOscSender.cpp */ = {isa = PBXFileReference; fileEncoding = 4; lastKnownFileType = sourcecode.cpp.cpp; path = ofxOscSender.cpp; sourceTree = "<group>"; };
		1B482EA2165259250062037D /* ofxOscSender.h */ = {isa = PBXFileReference; fileEncoding = 4; lastKnownFileType = sourcecode.c.h; path = ofxOscSender.h; sourceTree = "<group>"; };
		1B88A10516549D87003BD962 /* .gitignore */ = {isa = PBXFileReference; fileEncoding = 4; lastKnownFileType = text; path = .gitignore; sourceTree = "<group>"; };
		1B88A10616549D87003BD962 /* README.markdown */ = {isa = PBXFileReference; fileEncoding = 4; lastKnownFileType = text; path = README.markdown; sourceTree = "<group>"; };
		1B88A10816549D87003BD962 /* guiBaseObject.cpp */ = {isa = PBXFileReference; fileEncoding = 4; lastKnownFileType = sourcecode.cpp.cpp; path = guiBaseObject.cpp; sourceTree = "<group>"; };
		1B88A10916549D87003BD962 /* guiBaseObject.h */ = {isa = PBXFileReference; fileEncoding = 4; lastKnownFileType = sourcecode.c.h; path = guiBaseObject.h; sourceTree = "<group>"; };
		1B88A10A16549D87003BD962 /* guiCallback.cpp */ = {isa = PBXFileReference; fileEncoding = 4; lastKnownFileType = sourcecode.cpp.cpp; path = guiCallback.cpp; sourceTree = "<group>"; };
		1B88A10B16549D87003BD962 /* guiCallback.h */ = {isa = PBXFileReference; fileEncoding = 4; lastKnownFileType = sourcecode.c.h; path = guiCallback.h; sourceTree = "<group>"; };
		1B88A10C16549D87003BD962 /* guiCallbackValue.cpp */ = {isa = PBXFileReference; fileEncoding = 4; lastKnownFileType = sourcecode.cpp.cpp; path = guiCallbackValue.cpp; sourceTree = "<group>"; };
		1B88A10D16549D87003BD962 /* guiCallbackValue.h */ = {isa = PBXFileReference; fileEncoding = 4; lastKnownFileType = sourcecode.c.h; path = guiCallbackValue.h; sourceTree = "<group>"; };
		1B88A10E16549D87003BD962 /* guiColor.cpp */ = {isa = PBXFileReference; fileEncoding = 4; lastKnownFileType = sourcecode.cpp.cpp; path = guiColor.cpp; sourceTree = "<group>"; };
		1B88A10F16549D87003BD962 /* guiColor.h */ = {isa = PBXFileReference; fileEncoding = 4; lastKnownFileType = sourcecode.c.h; path = guiColor.h; sourceTree = "<group>"; };
		1B88A11016549D87003BD962 /* guiCustomImpl.h */ = {isa = PBXFileReference; fileEncoding = 4; lastKnownFileType = sourcecode.c.h; path = guiCustomImpl.h; sourceTree = "<group>"; };
		1B88A11116549D87003BD962 /* guiIncludes.h */ = {isa = PBXFileReference; fileEncoding = 4; lastKnownFileType = sourcecode.c.h; path = guiIncludes.h; sourceTree = "<group>"; };
		1B88A11216549D87003BD962 /* guiTextBase.cpp */ = {isa = PBXFileReference; fileEncoding = 4; lastKnownFileType = sourcecode.cpp.cpp; path = guiTextBase.cpp; sourceTree = "<group>"; };
		1B88A11316549D87003BD962 /* guiTextBase.h */ = {isa = PBXFileReference; fileEncoding = 4; lastKnownFileType = sourcecode.c.h; path = guiTextBase.h; sourceTree = "<group>"; };
		1B88A11416549D87003BD962 /* guiType2DSlider.cpp */ = {isa = PBXFileReference; fileEncoding = 4; lastKnownFileType = sourcecode.cpp.cpp; path = guiType2DSlider.cpp; sourceTree = "<group>"; };
		1B88A11516549D87003BD962 /* guiType2DSlider.h */ = {isa = PBXFileReference; fileEncoding = 4; lastKnownFileType = sourcecode.c.h; path = guiType2DSlider.h; sourceTree = "<group>"; };
		1B88A11616549D87003BD962 /* guiTypeButtonSlider.cpp */ = {isa = PBXFileReference; fileEncoding = 4; lastKnownFileType = sourcecode.cpp.cpp; path = guiTypeButtonSlider.cpp; sourceTree = "<group>"; };
		1B88A11716549D87003BD962 /* guiTypeButtonSlider.h */ = {isa = PBXFileReference; fileEncoding = 4; lastKnownFileType = sourcecode.c.h; path = guiTypeButtonSlider.h; sourceTree = "<group>"; };
		1B88A11816549D87003BD962 /* guiTypeChartPlotter.cpp */ = {isa = PBXFileReference; fileEncoding = 4; lastKnownFileType = sourcecode.cpp.cpp; path = guiTypeChartPlotter.cpp; sourceTree = "<group>"; };
		1B88A11916549D87003BD962 /* guiTypeChartPlotter.h */ = {isa = PBXFileReference; fileEncoding = 4; lastKnownFileType = sourcecode.c.h; path = guiTypeChartPlotter.h; sourceTree = "<group>"; };
		1B88A11A16549D87003BD962 /* guiTypeCustom.cpp */ = {isa = PBXFileReference; fileEncoding = 4; lastKnownFileType = sourcecode.cpp.cpp; path = guiTypeCustom.cpp; sourceTree = "<group>"; };
		1B88A11B16549D87003BD962 /* guiTypeCustom.h */ = {isa = PBXFileReference; fileEncoding = 4; lastKnownFileType = sourcecode.c.h; path = guiTypeCustom.h; sourceTree = "<group>"; };
		1B88A11C16549D87003BD962 /* guiTypeDrawable.cpp */ = {isa = PBXFileReference; fileEncoding = 4; lastKnownFileType = sourcecode.cpp.cpp; path = guiTypeDrawable.cpp; sourceTree = "<group>"; };
		1B88A11D16549D87003BD962 /* guiTypeDrawable.h */ = {isa = PBXFileReference; fileEncoding = 4; lastKnownFileType = sourcecode.c.h; path = guiTypeDrawable.h; sourceTree = "<group>"; };
		1B88A11E16549D87003BD962 /* guiTypeFileLister.cpp */ = {isa = PBXFileReference; fileEncoding = 4; lastKnownFileType = sourcecode.cpp.cpp; path = guiTypeFileLister.cpp; sourceTree = "<group>"; };
		1B88A11F16549D87003BD962 /* guiTypeFileLister.h */ = {isa = PBXFileReference; fileEncoding = 4; lastKnownFileType = sourcecode.c.h; path = guiTypeFileLister.h; sourceTree = "<group>"; };
		1B88A12016549D87003BD962 /* guiTypeLabel.cpp */ = {isa = PBXFileReference; fileEncoding = 4; lastKnownFileType = sourcecode.cpp.cpp; path = guiTypeLabel.cpp; sourceTree = "<group>"; };
		1B88A12116549D87003BD962 /* guiTypeLabel.h */ = {isa = PBXFileReference; fileEncoding = 4; lastKnownFileType = sourcecode.c.h; path = guiTypeLabel.h; sourceTree = "<group>"; };
		1B88A12216549D87003BD962 /* guiTypeLogger.cpp */ = {isa = PBXFileReference; fileEncoding = 4; lastKnownFileType = sourcecode.cpp.cpp; path = guiTypeLogger.cpp; sourceTree = "<group>"; };
		1B88A12316549D87003BD962 /* guiTypeLogger.h */ = {isa = PBXFileReference; fileEncoding = 4; lastKnownFileType = sourcecode.c.h; path = guiTypeLogger.h; sourceTree = "<group>"; };
		1B88A12416549D87003BD962 /* guiTypeMultiToggle.cpp */ = {isa = PBXFileReference; fileEncoding = 4; lastKnownFileType = sourcecode.cpp.cpp; path = guiTypeMultiToggle.cpp; sourceTree = "<group>"; };
		1B88A12516549D87003BD962 /* guiTypeMultiToggle.h */ = {isa = PBXFileReference; fileEncoding = 4; lastKnownFileType = sourcecode.c.h; path = guiTypeMultiToggle.h; sourceTree = "<group>"; };
		1B88A12616549D87003BD962 /* guiTypePanel.cpp */ = {isa = PBXFileReference; fileEncoding = 4; lastKnownFileType = sourcecode.cpp.cpp; path = guiTypePanel.cpp; sourceTree = "<group>"; };
		1B88A12716549D87003BD962 /* guiTypePanel.h */ = {isa = PBXFileReference; fileEncoding = 4; lastKnownFileType = sourcecode.c.h; path = guiTypePanel.h; sourceTree = "<group>"; };
		1B88A12816549D87003BD962 /* guiTypeSlider.cpp */ = {isa = PBXFileReference; fileEncoding = 4; lastKnownFileType = sourcecode.cpp.cpp; path = guiTypeSlider.cpp; sourceTree = "<group>"; };
		1B88A12916549D87003BD962 /* guiTypeSlider.h */ = {isa = PBXFileReference; fileEncoding = 4; lastKnownFileType = sourcecode.c.h; path = guiTypeSlider.h; sourceTree = "<group>"; };
		1B88A12A16549D87003BD962 /* guiTypeText.cpp */ = {isa = PBXFileReference; fileEncoding = 4; lastKnownFileType = sourcecode.cpp.cpp; path = guiTypeText.cpp; sourceTree = "<group>"; };
		1B88A12B16549D87003BD962 /* guiTypeText.h */ = {isa = PBXFileReference; fileEncoding = 4; lastKnownFileType = sourcecode.c.h; path = guiTypeText.h; sourceTree = "<group>"; };
		1B88A12C16549D87003BD962 /* guiTypeTextDropDown.cpp */ = {isa = PBXFileReference; fileEncoding = 4; lastKnownFileType = sourcecode.cpp.cpp; path = guiTypeTextDropDown.cpp; sourceTree = "<group>"; };
		1B88A12D16549D87003BD962 /* guiTypeTextDropDown.h */ = {isa = PBXFileReference; fileEncoding = 4; lastKnownFileType = sourcecode.c.h; path = guiTypeTextDropDown.h; sourceTree = "<group>"; };
		1B88A12E16549D87003BD962 /* guiTypeTextInput.cpp */ = {isa = PBXFileReference; fileEncoding = 4; lastKnownFileType = sourcecode.cpp.cpp; path = guiTypeTextInput.cpp; sourceTree = "<group>"; };
		1B88A12F16549D87003BD962 /* guiTypeTextInput.h */ = {isa = PBXFileReference; fileEncoding = 4; lastKnownFileType = sourcecode.c.h; path = guiTypeTextInput.h; sourceTree = "<group>"; };
		1B88A13016549D87003BD962 /* guiTypeToggle.cpp */ = {isa = PBXFileReference; fileEncoding = 4; lastKnownFileType = sourcecode.cpp.cpp; path = guiTypeToggle.cpp; sourceTree = "<group>"; };
		1B88A13116549D87003BD962 /* guiTypeToggle.h */ = {isa = PBXFileReference; fileEncoding = 4; lastKnownFileType = sourcecode.c.h; path = guiTypeToggle.h; sourceTree = "<group>"; };
		1B88A13216549D87003BD962 /* guiTypeVairableLister.cpp */ = {isa = PBXFileReference; fileEncoding = 4; lastKnownFileType = sourcecode.cpp.cpp; path = guiTypeVairableLister.cpp; sourceTree = "<group>"; };
		1B88A13316549D87003BD962 /* guiTypeVairableLister.h */ = {isa = PBXFileReference; fileEncoding = 4; lastKnownFileType = sourcecode.c.h; path = guiTypeVairableLister.h; sourceTree = "<group>"; };
		1B88A13416549D87003BD962 /* guiTypeVideo.cpp */ = {isa = PBXFileReference; fileEncoding = 4; lastKnownFileType = sourcecode.cpp.cpp; path = guiTypeVideo.cpp; sourceTree = "<group>"; };
		1B88A13516549D87003BD962 /* guiTypeVideo.h */ = {isa = PBXFileReference; fileEncoding = 4; lastKnownFileType = sourcecode.c.h; path = guiTypeVideo.h; sourceTree = "<group>"; };
		1B88A13616549D87003BD962 /* guiValue.cpp */ = {isa = PBXFileReference; fileEncoding = 4; lastKnownFileType = sourcecode.cpp.cpp; path = guiValue.cpp; sourceTree = "<group>"; };
		1B88A13716549D87003BD962 /* guiValue.h */ = {isa = PBXFileReference; fileEncoding = 4; lastKnownFileType = sourcecode.c.h; path = guiValue.h; sourceTree = "<group>"; };
		1B88A13816549D87003BD962 /* guiVariablePointer.h */ = {isa = PBXFileReference; fileEncoding = 4; lastKnownFileType = sourcecode.c.h; path = guiVariablePointer.h; sourceTree = "<group>"; };
		1B88A13916549D87003BD962 /* guiXmlValue.h */ = {isa = PBXFileReference; fileEncoding = 4; lastKnownFileType = sourcecode.c.h; path = guiXmlValue.h; sourceTree = "<group>"; };
		1B88A13A16549D87003BD962 /* ofxAutoControlPanel.h */ = {isa = PBXFileReference; fileEncoding = 4; lastKnownFileType = sourcecode.c.h; path = ofxAutoControlPanel.h; sourceTree = "<group>"; };
		1B88A13B16549D87003BD962 /* ofxControlPanel.cpp */ = {isa = PBXFileReference; fileEncoding = 4; lastKnownFileType = sourcecode.cpp.cpp; path = ofxControlPanel.cpp; sourceTree = "<group>"; };
		1B88A13C16549D87003BD962 /* ofxControlPanel.h */ = {isa = PBXFileReference; fileEncoding = 4; lastKnownFileType = sourcecode.c.h; path = ofxControlPanel.h; sourceTree = "<group>"; };
		1B88A13D16549D87003BD962 /* simpleColor.cpp */ = {isa = PBXFileReference; fileEncoding = 4; lastKnownFileType = sourcecode.cpp.cpp; path = simpleColor.cpp; sourceTree = "<group>"; };
		1B88A13E16549D87003BD962 /* simpleColor.h */ = {isa = PBXFileReference; fileEncoding = 4; lastKnownFileType = sourcecode.c.h; path = simpleColor.h; sourceTree = "<group>"; };
		1B88A13F16549D87003BD962 /* simpleFileLister.cpp */ = {isa = PBXFileReference; fileEncoding = 4; lastKnownFileType = sourcecode.cpp.cpp; path = simpleFileLister.cpp; sourceTree = "<group>"; };
		1B88A14016549D87003BD962 /* simpleFileLister.h */ = {isa = PBXFileReference; fileEncoding = 4; lastKnownFileType = sourcecode.c.h; path = simpleFileLister.h; sourceTree = "<group>"; };
		1B88A14116549D87003BD962 /* simpleLogger.cpp */ = {isa = PBXFileReference; fileEncoding = 4; lastKnownFileType = sourcecode.cpp.cpp; path = simpleLogger.cpp; sourceTree = "<group>"; };
		1B88A14216549D87003BD962 /* simpleLogger.h */ = {isa = PBXFileReference; fileEncoding = 4; lastKnownFileType = sourcecode.c.h; path = simpleLogger.h; sourceTree = "<group>"; };
		1B88A1761654A025003BD962 /* InputPanel.cpp */ = {isa = PBXFileReference; fileEncoding = 4; lastKnownFileType = sourcecode.cpp.cpp; name = InputPanel.cpp; path = Mapping/InputPanel.cpp; sourceTree = "<group>"; };
		1B88A1771654A025003BD962 /* InputPanel.h */ = {isa = PBXFileReference; fileEncoding = 4; lastKnownFileType = sourcecode.c.h; name = InputPanel.h; path = Mapping/InputPanel.h; sourceTree = "<group>"; };
		1B88A1791654A032003BD962 /* OutputPanel.cpp */ = {isa = PBXFileReference; fileEncoding = 4; lastKnownFileType = sourcecode.cpp.cpp; path = OutputPanel.cpp; sourceTree = "<group>"; };
		1B88A17A1654A032003BD962 /* OutputPanel.h */ = {isa = PBXFileReference; fileEncoding = 4; lastKnownFileType = sourcecode.c.h; path = OutputPanel.h; sourceTree = "<group>"; };
		1B91891B15E353460031EAA8 /* README.md */ = {isa = PBXFileReference; fileEncoding = 4; lastKnownFileType = text; path = README.md; sourceTree = "<group>"; };
		1BCF431B16533938006B33AF /* ofTextureAdv.cpp */ = {isa = PBXFileReference; fileEncoding = 4; lastKnownFileType = sourcecode.cpp.cpp; path = ofTextureAdv.cpp; sourceTree = "<group>"; };
		1BCF431C16533938006B33AF /* ofTextureAdv.h */ = {isa = PBXFileReference; fileEncoding = 4; lastKnownFileType = sourcecode.c.h; path = ofTextureAdv.h; sourceTree = "<group>"; };
		1BCF431D16533938006B33AF /* ofxRenderManager.cpp */ = {isa = PBXFileReference; fileEncoding = 4; lastKnownFileType = sourcecode.cpp.cpp; path = ofxRenderManager.cpp; sourceTree = "<group>"; };
		1BCF431E16533938006B33AF /* ofxRenderManager.h */ = {isa = PBXFileReference; fileEncoding = 4; lastKnownFileType = sourcecode.c.h; path = ofxRenderManager.h; sourceTree = "<group>"; };
		1BCF432316533A0A006B33AF /* .gitignore */ = {isa = PBXFileReference; fileEncoding = 4; lastKnownFileType = text; path = .gitignore; sourceTree = "<group>"; };
		1BCF432516533A0A006B33AF /* ofxDraggable.h */ = {isa = PBXFileReference; fileEncoding = 4; lastKnownFileType = sourcecode.c.h; path = ofxDraggable.h; sourceTree = "<group>"; };
		1BCF433F16533F05006B33AF /* SyphonNameboundClient.h */ = {isa = PBXFileReference; fileEncoding = 4; lastKnownFileType = sourcecode.c.h; path = SyphonNameboundClient.h; sourceTree = "<group>"; };
		1BCF434016533F05006B33AF /* SyphonNameboundClient.m */ = {isa = PBXFileReference; fileEncoding = 4; lastKnownFileType = sourcecode.c.objc; path = SyphonNameboundClient.m; sourceTree = "<group>"; };
		1BCF434316533F05006B33AF /* ofxSyphon.h */ = {isa = PBXFileReference; fileEncoding = 4; lastKnownFileType = sourcecode.c.h; path = ofxSyphon.h; sourceTree = "<group>"; };
		1BCF434416533F05006B33AF /* ofxSyphonClient.h */ = {isa = PBXFileReference; fileEncoding = 4; lastKnownFileType = sourcecode.c.h; path = ofxSyphonClient.h; sourceTree = "<group>"; };
		1BCF434516533F05006B33AF /* ofxSyphonClient.mm */ = {isa = PBXFileReference; fileEncoding = 4; lastKnownFileType = sourcecode.cpp.objcpp; path = ofxSyphonClient.mm; sourceTree = "<group>"; };
		1BCF434616533F05006B33AF /* ofxSyphonServer.h */ = {isa = PBXFileReference; fileEncoding = 4; lastKnownFileType = sourcecode.c.h; path = ofxSyphonServer.h; sourceTree = "<group>"; };
		1BCF434716533F05006B33AF /* ofxSyphonServer.mm */ = {isa = PBXFileReference; fileEncoding = 4; lastKnownFileType = sourcecode.cpp.objcpp; path = ofxSyphonServer.mm; sourceTree = "<group>"; };
		1BCF435E16533FE5006B33AF /* QTKit.framework */ = {isa = PBXFileReference; lastKnownFileType = wrapper.framework; name = QTKit.framework; path = ../../../../../../../System/Library/Frameworks/QTKit.framework; sourceTree = "<group>"; };
		1BCF436016533FEB006B33AF /* CoreVideo.framework */ = {isa = PBXFileReference; lastKnownFileType = wrapper.framework; name = CoreVideo.framework; path = ../../../../../../../System/Library/Frameworks/CoreVideo.framework; sourceTree = "<group>"; };
		1BCF436216533FEF006B33AF /* Accelerate.framework */ = {isa = PBXFileReference; lastKnownFileType = wrapper.framework; name = Accelerate.framework; path = ../../../../../../../System/Library/Frameworks/Accelerate.framework; sourceTree = "<group>"; };
		1BCF4384165344D6006B33AF /* ofxDuration.cpp */ = {isa = PBXFileReference; fileEncoding = 4; lastKnownFileType = sourcecode.cpp.cpp; path = ofxDuration.cpp; sourceTree = "<group>"; };
		1BCF4385165344D6006B33AF /* ofxDuration.h */ = {isa = PBXFileReference; fileEncoding = 4; lastKnownFileType = sourcecode.c.h; path = ofxDuration.h; sourceTree = "<group>"; };
		1BCF4386165344D6006B33AF /* ofxDurationEvents.h */ = {isa = PBXFileReference; fileEncoding = 4; lastKnownFileType = sourcecode.c.h; path = ofxDurationEvents.h; sourceTree = "<group>"; };
		1BCF4387165344D6006B33AF /* ofxDurationTrack.h */ = {isa = PBXFileReference; fileEncoding = 4; lastKnownFileType = sourcecode.c.h; path = ofxDurationTrack.h; sourceTree = "<group>"; };
		1BCF438F16534A43006B33AF /* .gitignore */ = {isa = PBXFileReference; fileEncoding = 4; lastKnownFileType = text; path = .gitignore; sourceTree = "<group>"; };
		1BCF439116534A43006B33AF /* ofRange.h */ = {isa = PBXFileReference; fileEncoding = 4; lastKnownFileType = sourcecode.c.h; path = ofRange.h; sourceTree = "<group>"; };
		1BCF439216534A7D006B33AF /* Syphon.framework */ = {isa = PBXFileReference; lastKnownFileType = wrapper.framework; path = Syphon.framework; sourceTree = "<group>"; };
		1BCF43A816534E30006B33AF /* ofxTextInputField.cpp */ = {isa = PBXFileReference; fileEncoding = 4; lastKnownFileType = sourcecode.cpp.cpp; path = ofxTextInputField.cpp; sourceTree = "<group>"; };
		1BCF43A916534E30006B33AF /* ofxTextInputField.h */ = {isa = PBXFileReference; fileEncoding = 4; lastKnownFileType = sourcecode.c.h; path = ofxTextInputField.h; sourceTree = "<group>"; };
		1BCF453216535DF3006B33AF /* ofxUI.h */ = {isa = PBXFileReference; fileEncoding = 4; lastKnownFileType = sourcecode.c.h; path = ofxUI.h; sourceTree = "<group>"; };
		1BCF453316535DF3006B33AF /* ofxUI2DPad.h */ = {isa = PBXFileReference; fileEncoding = 4; lastKnownFileType = sourcecode.c.h; path = ofxUI2DPad.h; sourceTree = "<group>"; };
		1BCF453416535DF3006B33AF /* ofxUIBiLabelSlider.h */ = {isa = PBXFileReference; fileEncoding = 4; lastKnownFileType = sourcecode.c.h; path = ofxUIBiLabelSlider.h; sourceTree = "<group>"; };
		1BCF453516535DF3006B33AF /* ofxUIButton.h */ = {isa = PBXFileReference; fileEncoding = 4; lastKnownFileType = sourcecode.c.h; path = ofxUIButton.h; sourceTree = "<group>"; };
		1BCF453616535DF3006B33AF /* ofxUICanvas.h */ = {isa = PBXFileReference; fileEncoding = 4; lastKnownFileType = sourcecode.c.h; path = ofxUICanvas.h; sourceTree = "<group>"; };
		1BCF453716535DF3006B33AF /* ofxUICircleSlider.h */ = {isa = PBXFileReference; fileEncoding = 4; lastKnownFileType = sourcecode.c.h; path = ofxUICircleSlider.h; sourceTree = "<group>"; };
		1BCF453816535DF3006B33AF /* ofxUICustomImageButton.h */ = {isa = PBXFileReference; fileEncoding = 4; lastKnownFileType = sourcecode.c.h; path = ofxUICustomImageButton.h; sourceTree = "<group>"; };
		1BCF453916535DF3006B33AF /* ofxUIDropDownList.h */ = {isa = PBXFileReference; fileEncoding = 4; lastKnownFileType = sourcecode.c.h; path = ofxUIDropDownList.h; sourceTree = "<group>"; };
		1BCF453A16535DF3006B33AF /* ofxUIEventArgs.h */ = {isa = PBXFileReference; fileEncoding = 4; lastKnownFileType = sourcecode.c.h; path = ofxUIEventArgs.h; sourceTree = "<group>"; };
		1BCF453B16535DF3006B33AF /* ofxUIFPS.h */ = {isa = PBXFileReference; fileEncoding = 4; lastKnownFileType = sourcecode.c.h; path = ofxUIFPS.h; sourceTree = "<group>"; };
		1BCF453C16535DF3006B33AF /* ofxUIFPSSlider.h */ = {isa = PBXFileReference; fileEncoding = 4; lastKnownFileType = sourcecode.c.h; path = ofxUIFPSSlider.h; sourceTree = "<group>"; };
		1BCF453D16535DF3006B33AF /* ofxUIImage.h */ = {isa = PBXFileReference; fileEncoding = 4; lastKnownFileType = sourcecode.c.h; path = ofxUIImage.h; sourceTree = "<group>"; };
		1BCF453E16535DF3006B33AF /* ofxUIImageButton.h */ = {isa = PBXFileReference; fileEncoding = 4; lastKnownFileType = sourcecode.c.h; path = ofxUIImageButton.h; sourceTree = "<group>"; };
		1BCF453F16535DF3006B33AF /* ofxUIImageSampler.h */ = {isa = PBXFileReference; fileEncoding = 4; lastKnownFileType = sourcecode.c.h; path = ofxUIImageSampler.h; sourceTree = "<group>"; };
		1BCF454016535DF3006B33AF /* ofxUIImageSlider.h */ = {isa = PBXFileReference; fileEncoding = 4; lastKnownFileType = sourcecode.c.h; path = ofxUIImageSlider.h; sourceTree = "<group>"; };
		1BCF454116535DF3006B33AF /* ofxUIImageToggle.h */ = {isa = PBXFileReference; fileEncoding = 4; lastKnownFileType = sourcecode.c.h; path = ofxUIImageToggle.h; sourceTree = "<group>"; };
		1BCF454216535DF3006B33AF /* ofxUILabel.h */ = {isa = PBXFileReference; fileEncoding = 4; lastKnownFileType = sourcecode.c.h; path = ofxUILabel.h; sourceTree = "<group>"; };
		1BCF454316535DF3006B33AF /* ofxUILabelButton.h */ = {isa = PBXFileReference; fileEncoding = 4; lastKnownFileType = sourcecode.c.h; path = ofxUILabelButton.h; sourceTree = "<group>"; };
		1BCF454416535DF3006B33AF /* ofxUILabelToggle.h */ = {isa = PBXFileReference; fileEncoding = 4; lastKnownFileType = sourcecode.c.h; path = ofxUILabelToggle.h; sourceTree = "<group>"; };
		1BCF454516535DF3006B33AF /* ofxUIMinimalSlider.h */ = {isa = PBXFileReference; fileEncoding = 4; lastKnownFileType = sourcecode.c.h; path = ofxUIMinimalSlider.h; sourceTree = "<group>"; };
		1BCF454616535DF3006B33AF /* ofxUIMovingGraph.h */ = {isa = PBXFileReference; fileEncoding = 4; lastKnownFileType = sourcecode.c.h; path = ofxUIMovingGraph.h; sourceTree = "<group>"; };
		1BCF454716535DF3006B33AF /* ofxUIMultiImageButton.h */ = {isa = PBXFileReference; fileEncoding = 4; lastKnownFileType = sourcecode.c.h; path = ofxUIMultiImageButton.h; sourceTree = "<group>"; };
		1BCF454816535DF3006B33AF /* ofxUIMultiImageSlider.h */ = {isa = PBXFileReference; fileEncoding = 4; lastKnownFileType = sourcecode.c.h; path = ofxUIMultiImageSlider.h; sourceTree = "<group>"; };
		1BCF454916535DF3006B33AF /* ofxUIMultiImageToggle.h */ = {isa = PBXFileReference; fileEncoding = 4; lastKnownFileType = sourcecode.c.h; path = ofxUIMultiImageToggle.h; sourceTree = "<group>"; };
		1BCF454A16535DF3006B33AF /* ofxUINumberDialer.h */ = {isa = PBXFileReference; fileEncoding = 4; lastKnownFileType = sourcecode.c.h; path = ofxUINumberDialer.h; sourceTree = "<group>"; };
		1BCF454B16535DF3006B33AF /* ofxUIRadio.h */ = {isa = PBXFileReference; fileEncoding = 4; lastKnownFileType = sourcecode.c.h; path = ofxUIRadio.h; sourceTree = "<group>"; };
		1BCF454C16535DF3006B33AF /* ofxUIRangeSlider.h */ = {isa = PBXFileReference; fileEncoding = 4; lastKnownFileType = sourcecode.c.h; path = ofxUIRangeSlider.h; sourceTree = "<group>"; };
		1BCF454D16535DF3006B33AF /* ofxUIRectangle.h */ = {isa = PBXFileReference; fileEncoding = 4; lastKnownFileType = sourcecode.c.h; path = ofxUIRectangle.h; sourceTree = "<group>"; };
		1BCF454E16535DF3006B33AF /* ofxUIRotarySlider.h */ = {isa = PBXFileReference; fileEncoding = 4; lastKnownFileType = sourcecode.c.h; path = ofxUIRotarySlider.h; sourceTree = "<group>"; };
		1BCF454F16535DF3006B33AF /* ofxUIScrollableCanvas.h */ = {isa = PBXFileReference; fileEncoding = 4; lastKnownFileType = sourcecode.c.h; path = ofxUIScrollableCanvas.h; sourceTree = "<group>"; };
		1BCF455016535DF3006B33AF /* ofxUISlider.h */ = {isa = PBXFileReference; fileEncoding = 4; lastKnownFileType = sourcecode.c.h; path = ofxUISlider.h; sourceTree = "<group>"; };
		1BCF455116535DF3006B33AF /* ofxUISpacer.h */ = {isa = PBXFileReference; fileEncoding = 4; lastKnownFileType = sourcecode.c.h; path = ofxUISpacer.h; sourceTree = "<group>"; };
		1BCF455216535DF3006B33AF /* ofxUISpectrum.h */ = {isa = PBXFileReference; fileEncoding = 4; lastKnownFileType = sourcecode.c.h; path = ofxUISpectrum.h; sourceTree = "<group>"; };
		1BCF455316535DF3006B33AF /* ofxUITextArea.h */ = {isa = PBXFileReference; fileEncoding = 4; lastKnownFileType = sourcecode.c.h; path = ofxUITextArea.h; sourceTree = "<group>"; };
		1BCF455416535DF3006B33AF /* ofxUITextInput.h */ = {isa = PBXFileReference; fileEncoding = 4; lastKnownFileType = sourcecode.c.h; path = ofxUITextInput.h; sourceTree = "<group>"; };
		1BCF455516535DF3006B33AF /* ofxUIToggle.h */ = {isa = PBXFileReference; fileEncoding = 4; lastKnownFileType = sourcecode.c.h; path = ofxUIToggle.h; sourceTree = "<group>"; };
		1BCF455616535DF3006B33AF /* ofxUIToggleMatrix.h */ = {isa = PBXFileReference; fileEncoding = 4; lastKnownFileType = sourcecode.c.h; path = ofxUIToggleMatrix.h; sourceTree = "<group>"; };
		1BCF455716535DF3006B33AF /* ofxUIWaveform.h */ = {isa = PBXFileReference; fileEncoding = 4; lastKnownFileType = sourcecode.c.h; path = ofxUIWaveform.h; sourceTree = "<group>"; };
		1BCF455816535DF3006B33AF /* ofxUIWidget.h */ = {isa = PBXFileReference; fileEncoding = 4; lastKnownFileType = sourcecode.c.h; path = ofxUIWidget.h; sourceTree = "<group>"; };
		1BCF455916535DF3006B33AF /* ofxUIWidgetWithLabel.h */ = {isa = PBXFileReference; fileEncoding = 4; lastKnownFileType = sourcecode.c.h; path = ofxUIWidgetWithLabel.h; sourceTree = "<group>"; };
		51AE773815CE7C2C00AFF27C /* tinyxml.cpp */ = {isa = PBXFileReference; fileEncoding = 4; lastKnownFileType = sourcecode.cpp.cpp; path = tinyxml.cpp; sourceTree = "<group>"; };
		51AE773915CE7C2C00AFF27C /* tinyxml.h */ = {isa = PBXFileReference; fileEncoding = 4; lastKnownFileType = sourcecode.c.h; path = tinyxml.h; sourceTree = "<group>"; };
		51AE773A15CE7C2C00AFF27C /* tinyxmlerror.cpp */ = {isa = PBXFileReference; fileEncoding = 4; lastKnownFileType = sourcecode.cpp.cpp; path = tinyxmlerror.cpp; sourceTree = "<group>"; };
		51AE773B15CE7C2C00AFF27C /* tinyxmlparser.cpp */ = {isa = PBXFileReference; fileEncoding = 4; lastKnownFileType = sourcecode.cpp.cpp; path = tinyxmlparser.cpp; sourceTree = "<group>"; };
		51AE773D15CE7C2C00AFF27C /* ofxXmlSettings.cpp */ = {isa = PBXFileReference; fileEncoding = 4; lastKnownFileType = sourcecode.cpp.cpp; path = ofxXmlSettings.cpp; sourceTree = "<group>"; };
		51AE773E15CE7C2C00AFF27C /* ofxXmlSettings.h */ = {isa = PBXFileReference; fileEncoding = 4; lastKnownFileType = sourcecode.c.h; path = ofxXmlSettings.h; sourceTree = "<group>"; };
		BBAB23BE13894E4700AA2426 /* GLUT.framework */ = {isa = PBXFileReference; lastKnownFileType = wrapper.framework; name = GLUT.framework; path = ../../../libs/glut/lib/osx/GLUT.framework; sourceTree = "<group>"; };
		E4328143138ABC890047C5CB /* openFrameworksLib.xcodeproj */ = {isa = PBXFileReference; lastKnownFileType = "wrapper.pb-project"; name = openFrameworksLib.xcodeproj; path = ../../../libs/openFrameworksCompiled/project/osx/openFrameworksLib.xcodeproj; sourceTree = SOURCE_ROOT; };
		E45BE9710E8CC7DD009D7055 /* AGL.framework */ = {isa = PBXFileReference; lastKnownFileType = wrapper.framework; name = AGL.framework; path = /System/Library/Frameworks/AGL.framework; sourceTree = "<absolute>"; };
		E45BE9720E8CC7DD009D7055 /* ApplicationServices.framework */ = {isa = PBXFileReference; lastKnownFileType = wrapper.framework; name = ApplicationServices.framework; path = /System/Library/Frameworks/ApplicationServices.framework; sourceTree = "<absolute>"; };
		E45BE9730E8CC7DD009D7055 /* AudioToolbox.framework */ = {isa = PBXFileReference; lastKnownFileType = wrapper.framework; name = AudioToolbox.framework; path = /System/Library/Frameworks/AudioToolbox.framework; sourceTree = "<absolute>"; };
		E45BE9740E8CC7DD009D7055 /* Carbon.framework */ = {isa = PBXFileReference; lastKnownFileType = wrapper.framework; name = Carbon.framework; path = /System/Library/Frameworks/Carbon.framework; sourceTree = "<absolute>"; };
		E45BE9750E8CC7DD009D7055 /* CoreAudio.framework */ = {isa = PBXFileReference; lastKnownFileType = wrapper.framework; name = CoreAudio.framework; path = /System/Library/Frameworks/CoreAudio.framework; sourceTree = "<absolute>"; };
		E45BE9760E8CC7DD009D7055 /* CoreFoundation.framework */ = {isa = PBXFileReference; lastKnownFileType = wrapper.framework; name = CoreFoundation.framework; path = /System/Library/Frameworks/CoreFoundation.framework; sourceTree = "<absolute>"; };
		E45BE9770E8CC7DD009D7055 /* CoreServices.framework */ = {isa = PBXFileReference; lastKnownFileType = wrapper.framework; name = CoreServices.framework; path = /System/Library/Frameworks/CoreServices.framework; sourceTree = "<absolute>"; };
		E45BE9790E8CC7DD009D7055 /* OpenGL.framework */ = {isa = PBXFileReference; lastKnownFileType = wrapper.framework; name = OpenGL.framework; path = /System/Library/Frameworks/OpenGL.framework; sourceTree = "<absolute>"; };
		E45BE97A0E8CC7DD009D7055 /* QuickTime.framework */ = {isa = PBXFileReference; lastKnownFileType = wrapper.framework; name = QuickTime.framework; path = /System/Library/Frameworks/QuickTime.framework; sourceTree = "<absolute>"; };
		E4B69B5B0A3A1756003C02F2 /* ProjectionWarpperDebug.app */ = {isa = PBXFileReference; explicitFileType = wrapper.application; includeInIndex = 0; path = ProjectionWarpperDebug.app; sourceTree = BUILT_PRODUCTS_DIR; };
		E4B69E1D0A3A1BDC003C02F2 /* main.cpp */ = {isa = PBXFileReference; fileEncoding = 30; lastKnownFileType = sourcecode.cpp.cpp; name = main.cpp; path = src/main.cpp; sourceTree = SOURCE_ROOT; };
		E4B69E1E0A3A1BDC003C02F2 /* testApp.cpp */ = {isa = PBXFileReference; explicitFileType = sourcecode.cpp.cpp; fileEncoding = 30; name = testApp.cpp; path = src/testApp.cpp; sourceTree = SOURCE_ROOT; };
		E4B69E1F0A3A1BDC003C02F2 /* testApp.h */ = {isa = PBXFileReference; fileEncoding = 30; lastKnownFileType = sourcecode.c.h; name = testApp.h; path = src/testApp.h; sourceTree = SOURCE_ROOT; };
		E4B6FCAD0C3E899E008CF71C /* openFrameworks-Info.plist */ = {isa = PBXFileReference; fileEncoding = 30; lastKnownFileType = text.plist.xml; path = "openFrameworks-Info.plist"; sourceTree = "<group>"; };
		E4C2424410CC5A17004149E2 /* AppKit.framework */ = {isa = PBXFileReference; lastKnownFileType = wrapper.framework; name = AppKit.framework; path = /System/Library/Frameworks/AppKit.framework; sourceTree = "<absolute>"; };
		E4C2424510CC5A17004149E2 /* Cocoa.framework */ = {isa = PBXFileReference; lastKnownFileType = wrapper.framework; name = Cocoa.framework; path = /System/Library/Frameworks/Cocoa.framework; sourceTree = "<absolute>"; };
		E4C2424610CC5A17004149E2 /* IOKit.framework */ = {isa = PBXFileReference; lastKnownFileType = wrapper.framework; name = IOKit.framework; path = /System/Library/Frameworks/IOKit.framework; sourceTree = "<absolute>"; };
		E4EB691F138AFCF100A09F29 /* CoreOF.xcconfig */ = {isa = PBXFileReference; fileEncoding = 4; lastKnownFileType = text.xcconfig; name = CoreOF.xcconfig; path = ../../../libs/openFrameworksCompiled/project/osx/CoreOF.xcconfig; sourceTree = SOURCE_ROOT; };
		E4EB6923138AFD0F00A09F29 /* Project.xcconfig */ = {isa = PBXFileReference; fileEncoding = 4; lastKnownFileType = text.xcconfig; path = Project.xcconfig; sourceTree = "<group>"; };
/* End PBXFileReference section */

/* Begin PBXFrameworksBuildPhase section */
		E4B69B590A3A1756003C02F2 /* Frameworks */ = {
			isa = PBXFrameworksBuildPhase;
			buildActionMask = 2147483647;
			files = (
				1BCF439416534AA0006B33AF /* Syphon.framework in Frameworks */,
				E4EB6799138ADC1D00A09F29 /* GLUT.framework in Frameworks */,
				E4328149138ABC9F0047C5CB /* openFrameworksDebug.a in Frameworks */,
				E45BE97B0E8CC7DD009D7055 /* AGL.framework in Frameworks */,
				E45BE97C0E8CC7DD009D7055 /* ApplicationServices.framework in Frameworks */,
				E45BE97D0E8CC7DD009D7055 /* AudioToolbox.framework in Frameworks */,
				E45BE97E0E8CC7DD009D7055 /* Carbon.framework in Frameworks */,
				E45BE97F0E8CC7DD009D7055 /* CoreAudio.framework in Frameworks */,
				E45BE9800E8CC7DD009D7055 /* CoreFoundation.framework in Frameworks */,
				E45BE9810E8CC7DD009D7055 /* CoreServices.framework in Frameworks */,
				E45BE9830E8CC7DD009D7055 /* OpenGL.framework in Frameworks */,
				E45BE9840E8CC7DD009D7055 /* QuickTime.framework in Frameworks */,
				E4C2424710CC5A17004149E2 /* AppKit.framework in Frameworks */,
				E4C2424810CC5A17004149E2 /* Cocoa.framework in Frameworks */,
				E4C2424910CC5A17004149E2 /* IOKit.framework in Frameworks */,
				1BCF435F16533FE5006B33AF /* QTKit.framework in Frameworks */,
				1BCF436116533FEB006B33AF /* CoreVideo.framework in Frameworks */,
				1BCF436316533FEF006B33AF /* Accelerate.framework in Frameworks */,
			);
			runOnlyForDeploymentPostprocessing = 0;
		};
/* End PBXFrameworksBuildPhase section */

/* Begin PBXGroup section */
		1B1B0F441654CF8100CE3172 /* ofxGui */ = {
			isa = PBXGroup;
			children = (
				1B1B0F451654CF8100CE3172 /* src */,
			);
			name = ofxGui;
			path = ../../../addons/ofxGui;
			sourceTree = "<group>";
		};
		1B1B0F451654CF8100CE3172 /* src */ = {
			isa = PBXGroup;
			children = (
				1B1B0F461654CF8100CE3172 /* ofOscParameter.h */,
				1B1B0F471654CF8100CE3172 /* ofParameter.h */,
				1B1B0F481654CF8100CE3172 /* ofxBaseGui.cpp */,
				1B1B0F491654CF8100CE3172 /* ofxBaseGui.h */,
				1B1B0F4A1654CF8100CE3172 /* ofxButton.cpp */,
				1B1B0F4B1654CF8100CE3172 /* ofxButton.h */,
				1B1B0F4C1654CF8100CE3172 /* ofxGui.h */,
				1B1B0F4D1654CF8100CE3172 /* ofxPanel.cpp */,
				1B1B0F4E1654CF8100CE3172 /* ofxPanel.h */,
				1B1B0F4F1654CF8100CE3172 /* ofxSlider.cpp */,
				1B1B0F501654CF8100CE3172 /* ofxSlider.h */,
				1B1B0F511654CF8100CE3172 /* ofxToggle.cpp */,
				1B1B0F521654CF8100CE3172 /* ofxToggle.h */,
			);
			path = src;
			sourceTree = "<group>";
		};
		1B21EB9515D11823005144C8 /* ofxNetwork */ = {
			isa = PBXGroup;
			children = (
				1B21EB9915D11824005144C8 /* src */,
			);
			name = ofxNetwork;
			path = ../../../addons/ofxNetwork;
			sourceTree = "<group>";
		};
		1B21EB9915D11824005144C8 /* src */ = {
			isa = PBXGroup;
			children = (
				1B21EB9A15D11824005144C8 /* ofxNetwork.h */,
				1B21EB9B15D11824005144C8 /* ofxNetworkUtils.h */,
				1B21EB9C15D11824005144C8 /* ofxTCPClient.cpp */,
				1B21EB9D15D11824005144C8 /* ofxTCPClient.h */,
				1B21EB9E15D11824005144C8 /* ofxTCPManager.cpp */,
				1B21EB9F15D11824005144C8 /* ofxTCPManager.h */,
				1B21EBA015D11824005144C8 /* ofxTCPServer.cpp */,
				1B21EBA115D11824005144C8 /* ofxTCPServer.h */,
				1B21EBA215D11824005144C8 /* ofxUDPManager.cpp */,
				1B21EBA315D11824005144C8 /* ofxUDPManager.h */,
			);
			path = src;
			sourceTree = "<group>";
		};
		1B482E2D1652584C0062037D /* ofxMSAInteractiveObject */ = {
			isa = PBXGroup;
			children = (
				1B482E331652584C0062037D /* src */,
			);
			name = ofxMSAInteractiveObject;
			path = ../../../addons/ofxMSAInteractiveObject;
			sourceTree = "<group>";
		};
		1B482E331652584C0062037D /* src */ = {
			isa = PBXGroup;
			children = (
				1B482E341652584C0062037D /* ofxMSAInteractiveObject.cpp */,
				1B482E351652584C0062037D /* ofxMSAInteractiveObject.h */,
				1B482E361652584C0062037D /* ofxMSAInteractiveObjectDelegate.h */,
			);
			path = src;
			sourceTree = "<group>";
		};
		1B482E79165259250062037D /* ofxOsc */ = {
			isa = PBXGroup;
			children = (
				1B482E7A165259250062037D /* install.xml */,
				1B482E7B165259250062037D /* libs */,
				1B482E98165259250062037D /* src */,
			);
			name = ofxOsc;
			path = ../../../addons/ofxOsc;
			sourceTree = "<group>";
		};
		1B482E7B165259250062037D /* libs */ = {
			isa = PBXGroup;
			children = (
				1B482E7C165259250062037D /* oscpack */,
			);
			path = libs;
			sourceTree = "<group>";
		};
		1B482E7C165259250062037D /* oscpack */ = {
			isa = PBXGroup;
			children = (
				1B482E7D165259250062037D /* src */,
			);
			path = oscpack;
			sourceTree = "<group>";
		};
		1B482E7D165259250062037D /* src */ = {
			isa = PBXGroup;
			children = (
				1B482E7E165259250062037D /* ip */,
				1B482E8B165259250062037D /* osc */,
			);
			path = src;
			sourceTree = "<group>";
		};
		1B482E7E165259250062037D /* ip */ = {
			isa = PBXGroup;
			children = (
				1B482E7F165259250062037D /* IpEndpointName.cpp */,
				1B482E80165259250062037D /* IpEndpointName.h */,
				1B482E81165259250062037D /* NetworkingUtils.h */,
				1B482E82165259250062037D /* PacketListener.h */,
				1B482E83165259250062037D /* posix */,
				1B482E86165259250062037D /* TimerListener.h */,
				1B482E87165259250062037D /* UdpSocket.h */,
				1B482E88165259250062037D /* win32 */,
			);
			path = ip;
			sourceTree = "<group>";
		};
		1B482E83165259250062037D /* posix */ = {
			isa = PBXGroup;
			children = (
				1B482E84165259250062037D /* NetworkingUtils.cpp */,
				1B482E85165259250062037D /* UdpSocket.cpp */,
			);
			path = posix;
			sourceTree = "<group>";
		};
		1B482E88165259250062037D /* win32 */ = {
			isa = PBXGroup;
			children = (
				1B482E89165259250062037D /* NetworkingUtilsWin.cpp */,
				1B482E8A165259250062037D /* UdpSocketWin.cpp */,
			);
			path = win32;
			sourceTree = "<group>";
		};
		1B482E8B165259250062037D /* osc */ = {
			isa = PBXGroup;
			children = (
				1B482E8C165259250062037D /* MessageMappingOscPacketListener.h */,
				1B482E8D165259250062037D /* OscException.h */,
				1B482E8E165259250062037D /* OscHostEndianness.h */,
				1B482E8F165259250062037D /* OscOutboundPacketStream.cpp */,
				1B482E90165259250062037D /* OscOutboundPacketStream.h */,
				1B482E91165259250062037D /* OscPacketListener.h */,
				1B482E92165259250062037D /* OscPrintReceivedElements.cpp */,
				1B482E93165259250062037D /* OscPrintReceivedElements.h */,
				1B482E94165259250062037D /* OscReceivedElements.cpp */,
				1B482E95165259250062037D /* OscReceivedElements.h */,
				1B482E96165259250062037D /* OscTypes.cpp */,
				1B482E97165259250062037D /* OscTypes.h */,
			);
			path = osc;
			sourceTree = "<group>";
		};
		1B482E98165259250062037D /* src */ = {
			isa = PBXGroup;
			children = (
				1B482E99165259250062037D /* ofxOsc.h */,
				1B482E9A165259250062037D /* ofxOscArg.h */,
				1B482E9B165259250062037D /* ofxOscBundle.cpp */,
				1B482E9C165259250062037D /* ofxOscBundle.h */,
				1B482E9D165259250062037D /* ofxOscMessage.cpp */,
				1B482E9E165259250062037D /* ofxOscMessage.h */,
				1B482E9F165259250062037D /* ofxOscReceiver.cpp */,
				1B482EA0165259250062037D /* ofxOscReceiver.h */,
				1B482EA1165259250062037D /* ofxOscSender.cpp */,
				1B482EA2165259250062037D /* ofxOscSender.h */,
			);
			path = src;
			sourceTree = "<group>";
		};
		1B88A10416549D87003BD962 /* ofxControlPanel */ = {
			isa = PBXGroup;
			children = (
				1B88A10516549D87003BD962 /* .gitignore */,
				1B88A10616549D87003BD962 /* README.markdown */,
				1B88A10716549D87003BD962 /* src */,
			);
			name = ofxControlPanel;
			path = ../../../addons/ofxControlPanel;
			sourceTree = "<group>";
		};
		1B88A10716549D87003BD962 /* src */ = {
			isa = PBXGroup;
			children = (
				1B88A10816549D87003BD962 /* guiBaseObject.cpp */,
				1B88A10916549D87003BD962 /* guiBaseObject.h */,
				1B88A10A16549D87003BD962 /* guiCallback.cpp */,
				1B88A10B16549D87003BD962 /* guiCallback.h */,
				1B88A10C16549D87003BD962 /* guiCallbackValue.cpp */,
				1B88A10D16549D87003BD962 /* guiCallbackValue.h */,
				1B88A10E16549D87003BD962 /* guiColor.cpp */,
				1B88A10F16549D87003BD962 /* guiColor.h */,
				1B88A11016549D87003BD962 /* guiCustomImpl.h */,
				1B88A11116549D87003BD962 /* guiIncludes.h */,
				1B88A11216549D87003BD962 /* guiTextBase.cpp */,
				1B88A11316549D87003BD962 /* guiTextBase.h */,
				1B88A11416549D87003BD962 /* guiType2DSlider.cpp */,
				1B88A11516549D87003BD962 /* guiType2DSlider.h */,
				1B88A11616549D87003BD962 /* guiTypeButtonSlider.cpp */,
				1B88A11716549D87003BD962 /* guiTypeButtonSlider.h */,
				1B88A11816549D87003BD962 /* guiTypeChartPlotter.cpp */,
				1B88A11916549D87003BD962 /* guiTypeChartPlotter.h */,
				1B88A11A16549D87003BD962 /* guiTypeCustom.cpp */,
				1B88A11B16549D87003BD962 /* guiTypeCustom.h */,
				1B88A11C16549D87003BD962 /* guiTypeDrawable.cpp */,
				1B88A11D16549D87003BD962 /* guiTypeDrawable.h */,
				1B88A11E16549D87003BD962 /* guiTypeFileLister.cpp */,
				1B88A11F16549D87003BD962 /* guiTypeFileLister.h */,
				1B88A12016549D87003BD962 /* guiTypeLabel.cpp */,
				1B88A12116549D87003BD962 /* guiTypeLabel.h */,
				1B88A12216549D87003BD962 /* guiTypeLogger.cpp */,
				1B88A12316549D87003BD962 /* guiTypeLogger.h */,
				1B88A12416549D87003BD962 /* guiTypeMultiToggle.cpp */,
				1B88A12516549D87003BD962 /* guiTypeMultiToggle.h */,
				1B88A12616549D87003BD962 /* guiTypePanel.cpp */,
				1B88A12716549D87003BD962 /* guiTypePanel.h */,
				1B88A12816549D87003BD962 /* guiTypeSlider.cpp */,
				1B88A12916549D87003BD962 /* guiTypeSlider.h */,
				1B88A12A16549D87003BD962 /* guiTypeText.cpp */,
				1B88A12B16549D87003BD962 /* guiTypeText.h */,
				1B88A12C16549D87003BD962 /* guiTypeTextDropDown.cpp */,
				1B88A12D16549D87003BD962 /* guiTypeTextDropDown.h */,
				1B88A12E16549D87003BD962 /* guiTypeTextInput.cpp */,
				1B88A12F16549D87003BD962 /* guiTypeTextInput.h */,
				1B88A13016549D87003BD962 /* guiTypeToggle.cpp */,
				1B88A13116549D87003BD962 /* guiTypeToggle.h */,
				1B88A13216549D87003BD962 /* guiTypeVairableLister.cpp */,
				1B88A13316549D87003BD962 /* guiTypeVairableLister.h */,
				1B88A13416549D87003BD962 /* guiTypeVideo.cpp */,
				1B88A13516549D87003BD962 /* guiTypeVideo.h */,
				1B88A13616549D87003BD962 /* guiValue.cpp */,
				1B88A13716549D87003BD962 /* guiValue.h */,
				1B88A13816549D87003BD962 /* guiVariablePointer.h */,
				1B88A13916549D87003BD962 /* guiXmlValue.h */,
				1B88A13A16549D87003BD962 /* ofxAutoControlPanel.h */,
				1B88A13B16549D87003BD962 /* ofxControlPanel.cpp */,
				1B88A13C16549D87003BD962 /* ofxControlPanel.h */,
				1B88A13D16549D87003BD962 /* simpleColor.cpp */,
				1B88A13E16549D87003BD962 /* simpleColor.h */,
				1B88A13F16549D87003BD962 /* simpleFileLister.cpp */,
				1B88A14016549D87003BD962 /* simpleFileLister.h */,
				1B88A14116549D87003BD962 /* simpleLogger.cpp */,
				1B88A14216549D87003BD962 /* simpleLogger.h */,
			);
			path = src;
			sourceTree = "<group>";
		};
		1BCF431916533938006B33AF /* ofxRenderManager */ = {
			isa = PBXGroup;
			children = (
				1BCF431A16533938006B33AF /* src */,
			);
			name = ofxRenderManager;
			path = ../../../addons/ofxRenderManager;
			sourceTree = "<group>";
		};
		1BCF431A16533938006B33AF /* src */ = {
			isa = PBXGroup;
			children = (
				1BCF431B16533938006B33AF /* ofTextureAdv.cpp */,
				1BCF431C16533938006B33AF /* ofTextureAdv.h */,
				1BCF431D16533938006B33AF /* ofxRenderManager.cpp */,
				1BCF431E16533938006B33AF /* ofxRenderManager.h */,
			);
			path = src;
			sourceTree = "<group>";
		};
		1BCF432216533A0A006B33AF /* ofxDraggable */ = {
			isa = PBXGroup;
			children = (
				1BCF432316533A0A006B33AF /* .gitignore */,
				1BCF432416533A0A006B33AF /* src */,
			);
			name = ofxDraggable;
			path = ../../../addons/ofxDraggable;
			sourceTree = "<group>";
		};
		1BCF432416533A0A006B33AF /* src */ = {
			isa = PBXGroup;
			children = (
				1BCF432516533A0A006B33AF /* ofxDraggable.h */,
			);
			path = src;
			sourceTree = "<group>";
		};
		1BCF432616533F05006B33AF /* ofxSyphon */ = {
			isa = PBXGroup;
			children = (
				1BCF433916533F05006B33AF /* libs */,
				1BCF434216533F05006B33AF /* src */,
			);
			name = ofxSyphon;
			path = ../../../addons/ofxSyphon;
			sourceTree = "<group>";
		};
		1BCF433916533F05006B33AF /* libs */ = {
			isa = PBXGroup;
			children = (
				1BCF433A16533F05006B33AF /* Syphon */,
			);
			path = libs;
			sourceTree = "<group>";
		};
		1BCF433A16533F05006B33AF /* Syphon */ = {
			isa = PBXGroup;
			children = (
				1BCF433B16533F05006B33AF /* lib */,
				1BCF433E16533F05006B33AF /* src */,
			);
			path = Syphon;
			sourceTree = "<group>";
		};
		1BCF433B16533F05006B33AF /* lib */ = {
			isa = PBXGroup;
			children = (
				1BCF433C16533F05006B33AF /* osx */,
			);
			path = lib;
			sourceTree = "<group>";
		};
		1BCF433C16533F05006B33AF /* osx */ = {
			isa = PBXGroup;
			children = (
				1BCF439216534A7D006B33AF /* Syphon.framework */,
			);
			path = osx;
			sourceTree = "<group>";
		};
		1BCF433E16533F05006B33AF /* src */ = {
			isa = PBXGroup;
			children = (
				1BCF433F16533F05006B33AF /* SyphonNameboundClient.h */,
				1BCF434016533F05006B33AF /* SyphonNameboundClient.m */,
			);
			path = src;
			sourceTree = "<group>";
		};
		1BCF434216533F05006B33AF /* src */ = {
			isa = PBXGroup;
			children = (
				1BCF434316533F05006B33AF /* ofxSyphon.h */,
				1BCF434416533F05006B33AF /* ofxSyphonClient.h */,
				1BCF434516533F05006B33AF /* ofxSyphonClient.mm */,
				1BCF434616533F05006B33AF /* ofxSyphonServer.h */,
				1BCF434716533F05006B33AF /* ofxSyphonServer.mm */,
			);
			path = src;
			sourceTree = "<group>";
		};
		1BCF436B165344D6006B33AF /* ofxDuration */ = {
			isa = PBXGroup;
			children = (
				1BCF4383165344D6006B33AF /* src */,
			);
			name = ofxDuration;
			path = ../../../addons/ofxDuration;
			sourceTree = "<group>";
		};
		1BCF4383165344D6006B33AF /* src */ = {
			isa = PBXGroup;
			children = (
				1BCF4384165344D6006B33AF /* ofxDuration.cpp */,
				1BCF4385165344D6006B33AF /* ofxDuration.h */,
				1BCF4386165344D6006B33AF /* ofxDurationEvents.h */,
				1BCF4387165344D6006B33AF /* ofxDurationTrack.h */,
			);
			path = src;
			sourceTree = "<group>";
		};
		1BCF438E16534A43006B33AF /* ofxRange */ = {
			isa = PBXGroup;
			children = (
				1BCF438F16534A43006B33AF /* .gitignore */,
				1BCF439016534A43006B33AF /* src */,
			);
			name = ofxRange;
			path = ../../../addons/ofxRange;
			sourceTree = "<group>";
		};
		1BCF439016534A43006B33AF /* src */ = {
			isa = PBXGroup;
			children = (
				1BCF439116534A43006B33AF /* ofRange.h */,
			);
			path = src;
			sourceTree = "<group>";
		};
		1BCF439A16534E30006B33AF /* ofxTextInputField */ = {
			isa = PBXGroup;
			children = (
				1BCF43A716534E30006B33AF /* src */,
			);
			name = ofxTextInputField;
			path = ../../../addons/ofxTextInputField;
			sourceTree = "<group>";
		};
		1BCF43A716534E30006B33AF /* src */ = {
			isa = PBXGroup;
			children = (
				1BCF43A816534E30006B33AF /* ofxTextInputField.cpp */,
				1BCF43A916534E30006B33AF /* ofxTextInputField.h */,
			);
			path = src;
			sourceTree = "<group>";
		};
		1BCF43BA16535DF2006B33AF /* ofxUI */ = {
			isa = PBXGroup;
			children = (
				1BCF453116535DF3006B33AF /* src */,
			);
			name = ofxUI;
			path = ../../../addons/ofxUI;
			sourceTree = "<group>";
		};
		1BCF453116535DF3006B33AF /* src */ = {
			isa = PBXGroup;
			children = (
				1BCF453216535DF3006B33AF /* ofxUI.h */,
				1BCF453316535DF3006B33AF /* ofxUI2DPad.h */,
				1BCF453416535DF3006B33AF /* ofxUIBiLabelSlider.h */,
				1BCF453516535DF3006B33AF /* ofxUIButton.h */,
				1BCF453616535DF3006B33AF /* ofxUICanvas.h */,
				1BCF453716535DF3006B33AF /* ofxUICircleSlider.h */,
				1BCF453816535DF3006B33AF /* ofxUICustomImageButton.h */,
				1BCF453916535DF3006B33AF /* ofxUIDropDownList.h */,
				1BCF453A16535DF3006B33AF /* ofxUIEventArgs.h */,
				1BCF453B16535DF3006B33AF /* ofxUIFPS.h */,
				1BCF453C16535DF3006B33AF /* ofxUIFPSSlider.h */,
				1BCF453D16535DF3006B33AF /* ofxUIImage.h */,
				1BCF453E16535DF3006B33AF /* ofxUIImageButton.h */,
				1BCF453F16535DF3006B33AF /* ofxUIImageSampler.h */,
				1BCF454016535DF3006B33AF /* ofxUIImageSlider.h */,
				1BCF454116535DF3006B33AF /* ofxUIImageToggle.h */,
				1BCF454216535DF3006B33AF /* ofxUILabel.h */,
				1BCF454316535DF3006B33AF /* ofxUILabelButton.h */,
				1BCF454416535DF3006B33AF /* ofxUILabelToggle.h */,
				1BCF454516535DF3006B33AF /* ofxUIMinimalSlider.h */,
				1BCF454616535DF3006B33AF /* ofxUIMovingGraph.h */,
				1BCF454716535DF3006B33AF /* ofxUIMultiImageButton.h */,
				1BCF454816535DF3006B33AF /* ofxUIMultiImageSlider.h */,
				1BCF454916535DF3006B33AF /* ofxUIMultiImageToggle.h */,
				1BCF454A16535DF3006B33AF /* ofxUINumberDialer.h */,
				1BCF454B16535DF3006B33AF /* ofxUIRadio.h */,
				1BCF454C16535DF3006B33AF /* ofxUIRangeSlider.h */,
				1BCF454D16535DF3006B33AF /* ofxUIRectangle.h */,
				1BCF454E16535DF3006B33AF /* ofxUIRotarySlider.h */,
				1BCF454F16535DF3006B33AF /* ofxUIScrollableCanvas.h */,
				1BCF455016535DF3006B33AF /* ofxUISlider.h */,
				1BCF455116535DF3006B33AF /* ofxUISpacer.h */,
				1BCF455216535DF3006B33AF /* ofxUISpectrum.h */,
				1BCF455316535DF3006B33AF /* ofxUITextArea.h */,
				1BCF455416535DF3006B33AF /* ofxUITextInput.h */,
				1BCF455516535DF3006B33AF /* ofxUIToggle.h */,
				1BCF455616535DF3006B33AF /* ofxUIToggleMatrix.h */,
				1BCF455716535DF3006B33AF /* ofxUIWaveform.h */,
				1BCF455816535DF3006B33AF /* ofxUIWidget.h */,
				1BCF455916535DF3006B33AF /* ofxUIWidgetWithLabel.h */,
			);
			path = src;
			sourceTree = "<group>";
		};
		51AE773615CE7C2C00AFF27C /* ofxXmlSettings */ = {
			isa = PBXGroup;
			children = (
				51AE773715CE7C2C00AFF27C /* libs */,
				51AE773C15CE7C2C00AFF27C /* src */,
			);
			name = ofxXmlSettings;
			path = ../../../addons/ofxXmlSettings;
			sourceTree = "<group>";
		};
		51AE773715CE7C2C00AFF27C /* libs */ = {
			isa = PBXGroup;
			children = (
				51AE773815CE7C2C00AFF27C /* tinyxml.cpp */,
				51AE773915CE7C2C00AFF27C /* tinyxml.h */,
				51AE773A15CE7C2C00AFF27C /* tinyxmlerror.cpp */,
				51AE773B15CE7C2C00AFF27C /* tinyxmlparser.cpp */,
			);
			path = libs;
			sourceTree = "<group>";
		};
		51AE773C15CE7C2C00AFF27C /* src */ = {
			isa = PBXGroup;
			children = (
				51AE773D15CE7C2C00AFF27C /* ofxXmlSettings.cpp */,
				51AE773E15CE7C2C00AFF27C /* ofxXmlSettings.h */,
			);
			path = src;
			sourceTree = "<group>";
		};
		BB4B014C10F69532006C3DED /* addons */ = {
			isa = PBXGroup;
			children = (
				1B1B0F441654CF8100CE3172 /* ofxGui */,
				1B88A10416549D87003BD962 /* ofxControlPanel */,
				1BCF43BA16535DF2006B33AF /* ofxUI */,
				1BCF439A16534E30006B33AF /* ofxTextInputField */,
				1BCF438E16534A43006B33AF /* ofxRange */,
				1BCF436B165344D6006B33AF /* ofxDuration */,
				1BCF432616533F05006B33AF /* ofxSyphon */,
				1BCF432216533A0A006B33AF /* ofxDraggable */,
				1BCF431916533938006B33AF /* ofxRenderManager */,
				1B482E79165259250062037D /* ofxOsc */,
				1B482E2D1652584C0062037D /* ofxMSAInteractiveObject */,
				1B21EB9515D11823005144C8 /* ofxNetwork */,
				51AE773615CE7C2C00AFF27C /* ofxXmlSettings */,
			);
			name = addons;
			sourceTree = "<group>";
		};
		BBAB23C913894ECA00AA2426 /* system frameworks */ = {
			isa = PBXGroup;
			children = (
				1BCF436216533FEF006B33AF /* Accelerate.framework */,
				1BCF436016533FEB006B33AF /* CoreVideo.framework */,
				1BCF435E16533FE5006B33AF /* QTKit.framework */,
				E4C2424410CC5A17004149E2 /* AppKit.framework */,
				E4C2424510CC5A17004149E2 /* Cocoa.framework */,
				E4C2424610CC5A17004149E2 /* IOKit.framework */,
				E45BE9710E8CC7DD009D7055 /* AGL.framework */,
				E45BE9720E8CC7DD009D7055 /* ApplicationServices.framework */,
				E45BE9730E8CC7DD009D7055 /* AudioToolbox.framework */,
				E45BE9740E8CC7DD009D7055 /* Carbon.framework */,
				E45BE9750E8CC7DD009D7055 /* CoreAudio.framework */,
				E45BE9760E8CC7DD009D7055 /* CoreFoundation.framework */,
				E45BE9770E8CC7DD009D7055 /* CoreServices.framework */,
				E45BE9790E8CC7DD009D7055 /* OpenGL.framework */,
				E45BE97A0E8CC7DD009D7055 /* QuickTime.framework */,
			);
			name = "system frameworks";
			sourceTree = "<group>";
		};
		BBAB23CA13894EDB00AA2426 /* 3rd party frameworks */ = {
			isa = PBXGroup;
			children = (
				BBAB23BE13894E4700AA2426 /* GLUT.framework */,
			);
			name = "3rd party frameworks";
			sourceTree = "<group>";
		};
		E4328144138ABC890047C5CB /* Products */ = {
			isa = PBXGroup;
			children = (
				E4328148138ABC890047C5CB /* openFrameworksDebug.a */,
			);
			name = Products;
			sourceTree = "<group>";
		};
		E45BE5980E8CC70C009D7055 /* frameworks */ = {
			isa = PBXGroup;
			children = (
				BBAB23CA13894EDB00AA2426 /* 3rd party frameworks */,
				BBAB23C913894ECA00AA2426 /* system frameworks */,
			);
			name = frameworks;
			sourceTree = "<group>";
		};
		E4B69B4A0A3A1720003C02F2 = {
			isa = PBXGroup;
			children = (
				1B91891B15E353460031EAA8 /* README.md */,
				E4B69E1C0A3A1BDC003C02F2 /* src */,
				E4B6FCAD0C3E899E008CF71C /* openFrameworks-Info.plist */,
				E4EB6923138AFD0F00A09F29 /* Project.xcconfig */,
				E4EEC9E9138DF44700A80321 /* openFrameworks */,
				BB4B014C10F69532006C3DED /* addons */,
				E45BE5980E8CC70C009D7055 /* frameworks */,
				E4B69B5B0A3A1756003C02F2 /* ProjectionWarpperDebug.app */,
			);
			sourceTree = "<group>";
		};
		E4B69E1C0A3A1BDC003C02F2 /* src */ = {
			isa = PBXGroup;
			children = (
				E4B69E1D0A3A1BDC003C02F2 /* main.cpp */,
				E4B69E1E0A3A1BDC003C02F2 /* testApp.cpp */,
				E4B69E1F0A3A1BDC003C02F2 /* testApp.h */,
				1B88A1761654A025003BD962 /* InputPanel.cpp */,
				1B88A1771654A025003BD962 /* InputPanel.h */,
				1B88A1791654A032003BD962 /* OutputPanel.cpp */,
				1B88A17A1654A032003BD962 /* OutputPanel.h */,
			);
			path = src;
			sourceTree = SOURCE_ROOT;
		};
		E4EEC9E9138DF44700A80321 /* openFrameworks */ = {
			isa = PBXGroup;
			children = (
				E4EB691F138AFCF100A09F29 /* CoreOF.xcconfig */,
				E4328143138ABC890047C5CB /* openFrameworksLib.xcodeproj */,
			);
			name = openFrameworks;
			sourceTree = "<group>";
		};
/* End PBXGroup section */

/* Begin PBXNativeTarget section */
		E4B69B5A0A3A1756003C02F2 /* ProjectionWarpper */ = {
			isa = PBXNativeTarget;
			buildConfigurationList = E4B69B5F0A3A1757003C02F2 /* Build configuration list for PBXNativeTarget "ProjectionWarpper" */;
			buildPhases = (
				E4B69B580A3A1756003C02F2 /* Sources */,
				E4B69B590A3A1756003C02F2 /* Frameworks */,
				E4B6FFFD0C3F9AB9008CF71C /* ShellScript */,
				E4C2427710CC5ABF004149E2 /* CopyFiles */,
			);
			buildRules = (
			);
			dependencies = (
				E4EEB9AC138B136A00A80321 /* PBXTargetDependency */,
			);
			name = ProjectionWarpper;
			productName = myOFApp;
			productReference = E4B69B5B0A3A1756003C02F2 /* ProjectionWarpperDebug.app */;
			productType = "com.apple.product-type.application";
		};
/* End PBXNativeTarget section */

/* Begin PBXProject section */
		E4B69B4C0A3A1720003C02F2 /* Project object */ = {
			isa = PBXProject;
			buildConfigurationList = E4B69B4D0A3A1720003C02F2 /* Build configuration list for PBXProject "ProjectionWarpper" */;
			compatibilityVersion = "Xcode 2.4";
			developmentRegion = English;
			hasScannedForEncodings = 0;
			knownRegions = (
				English,
				Japanese,
				French,
				German,
			);
			mainGroup = E4B69B4A0A3A1720003C02F2;
			productRefGroup = E4B69B4A0A3A1720003C02F2;
			projectDirPath = "";
			projectReferences = (
				{
					ProductGroup = E4328144138ABC890047C5CB /* Products */;
					ProjectRef = E4328143138ABC890047C5CB /* openFrameworksLib.xcodeproj */;
				},
			);
			projectRoot = "";
			targets = (
				E4B69B5A0A3A1756003C02F2 /* ProjectionWarpper */,
			);
		};
/* End PBXProject section */

/* Begin PBXReferenceProxy section */
		E4328148138ABC890047C5CB /* openFrameworksDebug.a */ = {
			isa = PBXReferenceProxy;
			fileType = archive.ar;
			path = openFrameworksDebug.a;
			remoteRef = E4328147138ABC890047C5CB /* PBXContainerItemProxy */;
			sourceTree = BUILT_PRODUCTS_DIR;
		};
/* End PBXReferenceProxy section */

/* Begin PBXShellScriptBuildPhase section */
		E4B6FFFD0C3F9AB9008CF71C /* ShellScript */ = {
			isa = PBXShellScriptBuildPhase;
			buildActionMask = 2147483647;
			files = (
			);
			inputPaths = (
			);
			outputPaths = (
			);
			runOnlyForDeploymentPostprocessing = 0;
			shellPath = /bin/sh;
			shellScript = "cp -f ../../../libs/fmodex/lib/osx/libfmodex.dylib \"$TARGET_BUILD_DIR/$PRODUCT_NAME.app/Contents/MacOS/libfmodex.dylib\"; install_name_tool -change ./libfmodex.dylib @executable_path/libfmodex.dylib \"$TARGET_BUILD_DIR/$PRODUCT_NAME.app/Contents/MacOS/$PRODUCT_NAME\";";
		};
/* End PBXShellScriptBuildPhase section */

/* Begin PBXSourcesBuildPhase section */
		E4B69B580A3A1756003C02F2 /* Sources */ = {
			isa = PBXSourcesBuildPhase;
			buildActionMask = 2147483647;
			files = (
				E4B69E200A3A1BDC003C02F2 /* main.cpp in Sources */,
				E4B69E210A3A1BDC003C02F2 /* testApp.cpp in Sources */,
				51AE773F15CE7C2C00AFF27C /* tinyxml.cpp in Sources */,
				51AE774015CE7C2C00AFF27C /* tinyxmlerror.cpp in Sources */,
				51AE774115CE7C2C00AFF27C /* tinyxmlparser.cpp in Sources */,
				51AE774215CE7C2C00AFF27C /* ofxXmlSettings.cpp in Sources */,
				1B21EBA415D11824005144C8 /* ofxTCPClient.cpp in Sources */,
				1B21EBA515D11824005144C8 /* ofxTCPManager.cpp in Sources */,
				1B21EBA615D11824005144C8 /* ofxTCPServer.cpp in Sources */,
				1B21EBA715D11824005144C8 /* ofxUDPManager.cpp in Sources */,
				1B482E671652584C0062037D /* ofxMSAInteractiveObject.cpp in Sources */,
				1B482EA3165259250062037D /* IpEndpointName.cpp in Sources */,
				1B482EA4165259250062037D /* NetworkingUtils.cpp in Sources */,
				1B482EA5165259250062037D /* UdpSocket.cpp in Sources */,
				1B482EA6165259250062037D /* NetworkingUtilsWin.cpp in Sources */,
				1B482EA7165259250062037D /* UdpSocketWin.cpp in Sources */,
				1B482EA8165259250062037D /* OscOutboundPacketStream.cpp in Sources */,
				1B482EA9165259250062037D /* OscPrintReceivedElements.cpp in Sources */,
				1B482EAA165259250062037D /* OscReceivedElements.cpp in Sources */,
				1B482EAB165259250062037D /* OscTypes.cpp in Sources */,
				1B482EAC165259250062037D /* ofxOscBundle.cpp in Sources */,
				1B482EAD165259250062037D /* ofxOscMessage.cpp in Sources */,
				1B482EAE165259250062037D /* ofxOscReceiver.cpp in Sources */,
				1B482EAF165259250062037D /* ofxOscSender.cpp in Sources */,
				1BCF431F16533938006B33AF /* ofTextureAdv.cpp in Sources */,
				1BCF432016533938006B33AF /* ofxRenderManager.cpp in Sources */,
				1BCF435316533F05006B33AF /* SyphonNameboundClient.m in Sources */,
				1BCF435416533F05006B33AF /* ofxSyphonClient.mm in Sources */,
				1BCF435516533F05006B33AF /* ofxSyphonServer.mm in Sources */,
				1BCF438A165344D6006B33AF /* ofxDuration.cpp in Sources */,
				1BCF43B116534E30006B33AF /* ofxTextInputField.cpp in Sources */,
				1B88A14316549D87003BD962 /* guiBaseObject.cpp in Sources */,
				1B88A14416549D87003BD962 /* guiCallback.cpp in Sources */,
				1B88A14516549D87003BD962 /* guiCallbackValue.cpp in Sources */,
				1B88A14616549D87003BD962 /* guiColor.cpp in Sources */,
				1B88A14716549D87003BD962 /* guiTextBase.cpp in Sources */,
				1B88A14816549D87003BD962 /* guiType2DSlider.cpp in Sources */,
				1B88A14916549D87003BD962 /* guiTypeButtonSlider.cpp in Sources */,
				1B88A14A16549D87003BD962 /* guiTypeChartPlotter.cpp in Sources */,
				1B88A14B16549D87003BD962 /* guiTypeCustom.cpp in Sources */,
				1B88A14C16549D87003BD962 /* guiTypeDrawable.cpp in Sources */,
				1B88A14D16549D87003BD962 /* guiTypeFileLister.cpp in Sources */,
				1B88A14E16549D87003BD962 /* guiTypeLabel.cpp in Sources */,
				1B88A14F16549D87003BD962 /* guiTypeLogger.cpp in Sources */,
				1B88A15016549D87003BD962 /* guiTypeMultiToggle.cpp in Sources */,
				1B88A15116549D87003BD962 /* guiTypePanel.cpp in Sources */,
				1B88A15216549D87003BD962 /* guiTypeSlider.cpp in Sources */,
				1B88A15316549D87003BD962 /* guiTypeText.cpp in Sources */,
				1B88A15416549D87003BD962 /* guiTypeTextDropDown.cpp in Sources */,
				1B88A15516549D87003BD962 /* guiTypeTextInput.cpp in Sources */,
				1B88A15616549D87003BD962 /* guiTypeToggle.cpp in Sources */,
				1B88A15716549D87003BD962 /* guiTypeVairableLister.cpp in Sources */,
				1B88A15816549D87003BD962 /* guiTypeVideo.cpp in Sources */,
				1B88A15916549D87003BD962 /* guiValue.cpp in Sources */,
				1B88A15A16549D87003BD962 /* ofxControlPanel.cpp in Sources */,
				1B88A15B16549D87003BD962 /* simpleColor.cpp in Sources */,
				1B88A15C16549D87003BD962 /* simpleFileLister.cpp in Sources */,
				1B88A15D16549D87003BD962 /* simpleLogger.cpp in Sources */,
				1B88A1781654A025003BD962 /* InputPanel.cpp in Sources */,
				1B88A17B1654A032003BD962 /* OutputPanel.cpp in Sources */,
				1B1B0F531654CF8100CE3172 /* ofxBaseGui.cpp in Sources */,
				1B1B0F541654CF8100CE3172 /* ofxButton.cpp in Sources */,
				1B1B0F551654CF8100CE3172 /* ofxPanel.cpp in Sources */,
				1B1B0F561654CF8100CE3172 /* ofxSlider.cpp in Sources */,
				1B1B0F571654CF8100CE3172 /* ofxToggle.cpp in Sources */,
			);
			runOnlyForDeploymentPostprocessing = 0;
		};
/* End PBXSourcesBuildPhase section */

/* Begin PBXTargetDependency section */
		E4EEB9AC138B136A00A80321 /* PBXTargetDependency */ = {
			isa = PBXTargetDependency;
			name = openFrameworks;
			targetProxy = E4EEB9AB138B136A00A80321 /* PBXContainerItemProxy */;
		};
/* End PBXTargetDependency section */

/* Begin XCBuildConfiguration section */
		E4B69B4E0A3A1720003C02F2 /* Debug */ = {
			isa = XCBuildConfiguration;
			baseConfigurationReference = E4EB6923138AFD0F00A09F29 /* Project.xcconfig */;
			buildSettings = {
				ARCHS = "$(NATIVE_ARCH)";
				CONFIGURATION_BUILD_DIR = "$(SRCROOT)/bin/";
				COPY_PHASE_STRIP = NO;
				DEAD_CODE_STRIPPING = YES;
				GCC_AUTO_VECTORIZATION = YES;
				GCC_ENABLE_SSE3_EXTENSIONS = YES;
				GCC_ENABLE_SUPPLEMENTAL_SSE3_INSTRUCTIONS = YES;
				GCC_INLINES_ARE_PRIVATE_EXTERN = NO;
				GCC_OPTIMIZATION_LEVEL = 0;
				GCC_SYMBOLS_PRIVATE_EXTERN = NO;
				GCC_WARN_ABOUT_DEPRECATED_FUNCTIONS = NO;
				GCC_WARN_ABOUT_INVALID_OFFSETOF_MACRO = NO;
				GCC_WARN_ALLOW_INCOMPLETE_PROTOCOL = NO;
				GCC_WARN_UNINITIALIZED_AUTOS = NO;
				GCC_WARN_UNUSED_VALUE = NO;
				GCC_WARN_UNUSED_VARIABLE = NO;
				HEADER_SEARCH_PATHS = (
					"$(OF_CORE_HEADERS)",
					src,
					"$(OF_PATH)/addons/ofxOsc/libs/oscpack/src",
				);
				OTHER_CPLUSPLUSFLAGS = (
					"-D__MACOSX_CORE__",
					"-lpthread",
					"-mtune=native",
				);
				USER_HEADER_SEARCH_PATHS = "$(OF_CORE_HEADERS) src \"$(OF_PATH)/addons/ofxOpenCv/libs/opencv/include\"";
			};
			name = Debug;
		};
		E4B69B4F0A3A1720003C02F2 /* Release */ = {
			isa = XCBuildConfiguration;
			baseConfigurationReference = E4EB6923138AFD0F00A09F29 /* Project.xcconfig */;
			buildSettings = {
				ARCHS = "$(NATIVE_ARCH)";
				CONFIGURATION_BUILD_DIR = "$(SRCROOT)/bin/";
				COPY_PHASE_STRIP = YES;
				DEAD_CODE_STRIPPING = YES;
				GCC_AUTO_VECTORIZATION = YES;
				GCC_ENABLE_SSE3_EXTENSIONS = YES;
				GCC_ENABLE_SUPPLEMENTAL_SSE3_INSTRUCTIONS = YES;
				GCC_INLINES_ARE_PRIVATE_EXTERN = NO;
				GCC_OPTIMIZATION_LEVEL = 3;
				GCC_SYMBOLS_PRIVATE_EXTERN = NO;
				GCC_UNROLL_LOOPS = YES;
				GCC_WARN_ABOUT_DEPRECATED_FUNCTIONS = NO;
				GCC_WARN_ABOUT_INVALID_OFFSETOF_MACRO = NO;
				GCC_WARN_ALLOW_INCOMPLETE_PROTOCOL = NO;
				GCC_WARN_UNINITIALIZED_AUTOS = NO;
				GCC_WARN_UNUSED_VALUE = NO;
				GCC_WARN_UNUSED_VARIABLE = NO;
				HEADER_SEARCH_PATHS = (
					"$(OF_CORE_HEADERS)",
					src,
					"$(OF_PATH)/addons/ofxOsc/libs/oscpack/src",
				);
				OTHER_CPLUSPLUSFLAGS = (
					"-D__MACOSX_CORE__",
					"-lpthread",
					"-mtune=native",
				);
				USER_HEADER_SEARCH_PATHS = "$(OF_CORE_HEADERS) src \"$(OF_PATH)/addons/ofxOpenCv/libs/opencv/include\"";
			};
			name = Release;
		};
		E4B69B600A3A1757003C02F2 /* Debug */ = {
			isa = XCBuildConfiguration;
			buildSettings = {
				COPY_PHASE_STRIP = NO;
				FRAMEWORK_SEARCH_PATHS = (
					"$(inherited)",
					"$(FRAMEWORK_SEARCH_PATHS_QUOTED_FOR_TARGET_1)",
					"$(FRAMEWORK_SEARCH_PATHS_QUOTED_FOR_TARGET_2)",
					"$(FRAMEWORK_SEARCH_PATHS_QUOTED_FOR_TARGET_2)",
				);
				FRAMEWORK_SEARCH_PATHS_QUOTED_FOR_TARGET_1 = "\"$(SRCROOT)/../../../libs/glut/lib/osx\"";
				FRAMEWORK_SEARCH_PATHS_QUOTED_FOR_TARGET_2 = "\"$(SRCROOT)/../../../addons/ofxSyphon/libs/Syphon/lib/osx\"";
				GCC_DYNAMIC_NO_PIC = NO;
				GCC_ENABLE_FIX_AND_CONTINUE = YES;
				GCC_GENERATE_DEBUGGING_SYMBOLS = YES;
				GCC_MODEL_TUNING = NONE;
				GCC_PRECOMPILE_PREFIX_HEADER = YES;
				GCC_PREFIX_HEADER = "$(SYSTEM_LIBRARY_DIR)/Frameworks/Carbon.framework/Headers/Carbon.h";
				INFOPLIST_FILE = "openFrameworks-Info.plist";
				INSTALL_PATH = "$(HOME)/Applications";
				LIBRARY_SEARCH_PATHS = (
					"$(inherited)",
					"$(LIBRARY_SEARCH_PATHS_QUOTED_FOR_TARGET_1)",
					"$(LIBRARY_SEARCH_PATHS_QUOTED_FOR_TARGET_2)",
					"$(LIBRARY_SEARCH_PATHS_QUOTED_FOR_TARGET_3)",
					"$(LIBRARY_SEARCH_PATHS_QUOTED_FOR_TARGET_4)",
					"$(LIBRARY_SEARCH_PATHS_QUOTED_FOR_TARGET_5)",
					"$(LIBRARY_SEARCH_PATHS_QUOTED_FOR_TARGET_6)",
					"$(LIBRARY_SEARCH_PATHS_QUOTED_FOR_TARGET_7)",
					"$(LIBRARY_SEARCH_PATHS_QUOTED_FOR_TARGET_8)",
					"$(LIBRARY_SEARCH_PATHS_QUOTED_FOR_TARGET_9)",
					"$(LIBRARY_SEARCH_PATHS_QUOTED_FOR_TARGET_10)",
					"$(LIBRARY_SEARCH_PATHS_QUOTED_FOR_TARGET_11)",
					"$(LIBRARY_SEARCH_PATHS_QUOTED_FOR_TARGET_12)",
					"$(LIBRARY_SEARCH_PATHS_QUOTED_FOR_TARGET_13)",
					"$(LIBRARY_SEARCH_PATHS_QUOTED_FOR_TARGET_14)",
					"$(LIBRARY_SEARCH_PATHS_QUOTED_FOR_TARGET_15)",
					"$(LIBRARY_SEARCH_PATHS_QUOTED_FOR_TARGET_2)",
					"$(LIBRARY_SEARCH_PATHS_QUOTED_FOR_TARGET_3)",
					"$(LIBRARY_SEARCH_PATHS_QUOTED_FOR_TARGET_7)",
					"$(LIBRARY_SEARCH_PATHS_QUOTED_FOR_TARGET_8)",
					"$(LIBRARY_SEARCH_PATHS_QUOTED_FOR_TARGET_9)",
					"$(LIBRARY_SEARCH_PATHS_QUOTED_FOR_TARGET_10)",
					"$(LIBRARY_SEARCH_PATHS_QUOTED_FOR_TARGET_11)",
					"$(LIBRARY_SEARCH_PATHS_QUOTED_FOR_TARGET_12)",
					"$(LIBRARY_SEARCH_PATHS_QUOTED_FOR_TARGET_13)",
					"$(LIBRARY_SEARCH_PATHS_QUOTED_FOR_TARGET_16)",
					"$(LIBRARY_SEARCH_PATHS_QUOTED_FOR_TARGET_17)",
					"$(LIBRARY_SEARCH_PATHS_QUOTED_FOR_TARGET_18)",
					"$(LIBRARY_SEARCH_PATHS_QUOTED_FOR_TARGET_19)",
					"$(LIBRARY_SEARCH_PATHS_QUOTED_FOR_TARGET_20)",
					"$(LIBRARY_SEARCH_PATHS_QUOTED_FOR_TARGET_21)",
					"$(LIBRARY_SEARCH_PATHS_QUOTED_FOR_TARGET_22)",
					"$(LIBRARY_SEARCH_PATHS_QUOTED_FOR_TARGET_23)",
					"$(LIBRARY_SEARCH_PATHS_QUOTED_FOR_TARGET_24)",
					"$(LIBRARY_SEARCH_PATHS_QUOTED_FOR_TARGET_25)",
					"$(LIBRARY_SEARCH_PATHS_QUOTED_FOR_TARGET_26)",
					"$(LIBRARY_SEARCH_PATHS_QUOTED_FOR_TARGET_27)",
					"$(LIBRARY_SEARCH_PATHS_QUOTED_FOR_TARGET_28)",
					"$(LIBRARY_SEARCH_PATHS_QUOTED_FOR_TARGET_29)",
					"$(LIBRARY_SEARCH_PATHS_QUOTED_FOR_TARGET_30)",
					"$(LIBRARY_SEARCH_PATHS_QUOTED_FOR_TARGET_31)",
					"$(LIBRARY_SEARCH_PATHS_QUOTED_FOR_TARGET_32)",
					"$(LIBRARY_SEARCH_PATHS_QUOTED_FOR_TARGET_33)",
					"$(LIBRARY_SEARCH_PATHS_QUOTED_FOR_TARGET_34)",
					"$(LIBRARY_SEARCH_PATHS_QUOTED_FOR_TARGET_35)",
					"$(LIBRARY_SEARCH_PATHS_QUOTED_FOR_TARGET_36)",
					"$(LIBRARY_SEARCH_PATHS_QUOTED_FOR_TARGET_37)",
					"$(LIBRARY_SEARCH_PATHS_QUOTED_FOR_TARGET_38)",
					"$(LIBRARY_SEARCH_PATHS_QUOTED_FOR_TARGET_39)",
					"$(LIBRARY_SEARCH_PATHS_QUOTED_FOR_TARGET_40)",
					"$(LIBRARY_SEARCH_PATHS_QUOTED_FOR_TARGET_41)",
					"$(LIBRARY_SEARCH_PATHS_QUOTED_FOR_TARGET_42)",
					"$(LIBRARY_SEARCH_PATHS_QUOTED_FOR_TARGET_43)",
					"$(LIBRARY_SEARCH_PATHS_QUOTED_FOR_TARGET_44)",
					"$(LIBRARY_SEARCH_PATHS_QUOTED_FOR_TARGET_45)",
					"$(LIBRARY_SEARCH_PATHS_QUOTED_FOR_TARGET_46)",
					"$(LIBRARY_SEARCH_PATHS_QUOTED_FOR_TARGET_47)",
					"$(LIBRARY_SEARCH_PATHS_QUOTED_FOR_TARGET_48)",
					"$(LIBRARY_SEARCH_PATHS_QUOTED_FOR_TARGET_49)",
					"$(LIBRARY_SEARCH_PATHS_QUOTED_FOR_TARGET_50)",
					"$(LIBRARY_SEARCH_PATHS_QUOTED_FOR_TARGET_51)",
					"$(LIBRARY_SEARCH_PATHS_QUOTED_FOR_TARGET_52)",
					"$(LIBRARY_SEARCH_PATHS_QUOTED_FOR_TARGET_1)",
					"$(LIBRARY_SEARCH_PATHS_QUOTED_FOR_TARGET_2)",
					"$(LIBRARY_SEARCH_PATHS_QUOTED_FOR_TARGET_3)",
					"$(LIBRARY_SEARCH_PATHS_QUOTED_FOR_TARGET_1)",
				);
				LIBRARY_SEARCH_PATHS_QUOTED_FOR_TARGET_1 = "\"$(SRCROOT)/../../../addons/ofxAssimpModelLoader/libs/assimp/lib/osx\"";
				LIBRARY_SEARCH_PATHS_QUOTED_FOR_TARGET_3 = "\"$(SRCROOT)/../../../addons/ofxOpenCv/libs/opencv/lib/osx\"";
				PREBINDING = NO;
				PRODUCT_NAME = ProjectionWarpperDebug;
				WRAPPER_EXTENSION = app;
			};
			name = Debug;
		};
		E4B69B610A3A1757003C02F2 /* Release */ = {
			isa = XCBuildConfiguration;
			buildSettings = {
				COPY_PHASE_STRIP = YES;
				FRAMEWORK_SEARCH_PATHS = (
					"$(inherited)",
					"$(FRAMEWORK_SEARCH_PATHS_QUOTED_FOR_TARGET_1)",
					"$(FRAMEWORK_SEARCH_PATHS_QUOTED_FOR_TARGET_2)",
					"$(FRAMEWORK_SEARCH_PATHS_QUOTED_FOR_TARGET_2)",
				);
				FRAMEWORK_SEARCH_PATHS_QUOTED_FOR_TARGET_1 = "\"$(SRCROOT)/../../../libs/glut/lib/osx\"";
				FRAMEWORK_SEARCH_PATHS_QUOTED_FOR_TARGET_2 = "\"$(SRCROOT)/../../../addons/ofxSyphon/libs/Syphon/lib/osx\"";
				GCC_ENABLE_FIX_AND_CONTINUE = NO;
				GCC_GENERATE_DEBUGGING_SYMBOLS = YES;
				GCC_MODEL_TUNING = NONE;
				GCC_PRECOMPILE_PREFIX_HEADER = YES;
				GCC_PREFIX_HEADER = "$(SYSTEM_LIBRARY_DIR)/Frameworks/Carbon.framework/Headers/Carbon.h";
				INFOPLIST_FILE = "openFrameworks-Info.plist";
				INSTALL_PATH = "$(HOME)/Applications";
				LIBRARY_SEARCH_PATHS = (
					"$(inherited)",
					"$(LIBRARY_SEARCH_PATHS_QUOTED_FOR_TARGET_1)",
					"$(LIBRARY_SEARCH_PATHS_QUOTED_FOR_TARGET_2)",
					"$(LIBRARY_SEARCH_PATHS_QUOTED_FOR_TARGET_3)",
					"$(LIBRARY_SEARCH_PATHS_QUOTED_FOR_TARGET_4)",
					"$(LIBRARY_SEARCH_PATHS_QUOTED_FOR_TARGET_5)",
					"$(LIBRARY_SEARCH_PATHS_QUOTED_FOR_TARGET_6)",
					"$(LIBRARY_SEARCH_PATHS_QUOTED_FOR_TARGET_7)",
					"$(LIBRARY_SEARCH_PATHS_QUOTED_FOR_TARGET_8)",
					"$(LIBRARY_SEARCH_PATHS_QUOTED_FOR_TARGET_9)",
					"$(LIBRARY_SEARCH_PATHS_QUOTED_FOR_TARGET_10)",
					"$(LIBRARY_SEARCH_PATHS_QUOTED_FOR_TARGET_11)",
					"$(LIBRARY_SEARCH_PATHS_QUOTED_FOR_TARGET_12)",
					"$(LIBRARY_SEARCH_PATHS_QUOTED_FOR_TARGET_13)",
					"$(LIBRARY_SEARCH_PATHS_QUOTED_FOR_TARGET_14)",
					"$(LIBRARY_SEARCH_PATHS_QUOTED_FOR_TARGET_15)",
					"$(LIBRARY_SEARCH_PATHS_QUOTED_FOR_TARGET_2)",
					"$(LIBRARY_SEARCH_PATHS_QUOTED_1)",
					"$(LIBRARY_SEARCH_PATHS_QUOTED_FOR_TARGET_3)",
					"$(LIBRARY_SEARCH_PATHS_QUOTED_FOR_TARGET_7)",
					"$(LIBRARY_SEARCH_PATHS_QUOTED_FOR_TARGET_8)",
					"$(LIBRARY_SEARCH_PATHS_QUOTED_FOR_TARGET_9)",
					"$(LIBRARY_SEARCH_PATHS_QUOTED_FOR_TARGET_10)",
					"$(LIBRARY_SEARCH_PATHS_QUOTED_FOR_TARGET_11)",
					"$(LIBRARY_SEARCH_PATHS_QUOTED_FOR_TARGET_12)",
					"$(LIBRARY_SEARCH_PATHS_QUOTED_FOR_TARGET_13)",
					"$(LIBRARY_SEARCH_PATHS_QUOTED_FOR_TARGET_16)",
					"$(LIBRARY_SEARCH_PATHS_QUOTED_FOR_TARGET_17)",
					"$(LIBRARY_SEARCH_PATHS_QUOTED_FOR_TARGET_18)",
					"$(LIBRARY_SEARCH_PATHS_QUOTED_FOR_TARGET_19)",
					"$(LIBRARY_SEARCH_PATHS_QUOTED_FOR_TARGET_20)",
					"$(LIBRARY_SEARCH_PATHS_QUOTED_FOR_TARGET_21)",
					"$(LIBRARY_SEARCH_PATHS_QUOTED_FOR_TARGET_22)",
					"$(LIBRARY_SEARCH_PATHS_QUOTED_FOR_TARGET_23)",
					"$(LIBRARY_SEARCH_PATHS_QUOTED_FOR_TARGET_24)",
					"$(LIBRARY_SEARCH_PATHS_QUOTED_FOR_TARGET_25)",
					"$(LIBRARY_SEARCH_PATHS_QUOTED_FOR_TARGET_26)",
					"$(LIBRARY_SEARCH_PATHS_QUOTED_FOR_TARGET_27)",
					"$(LIBRARY_SEARCH_PATHS_QUOTED_FOR_TARGET_28)",
					"$(LIBRARY_SEARCH_PATHS_QUOTED_FOR_TARGET_29)",
					"$(LIBRARY_SEARCH_PATHS_QUOTED_FOR_TARGET_30)",
					"$(LIBRARY_SEARCH_PATHS_QUOTED_FOR_TARGET_31)",
					"$(LIBRARY_SEARCH_PATHS_QUOTED_FOR_TARGET_32)",
					"$(LIBRARY_SEARCH_PATHS_QUOTED_FOR_TARGET_33)",
					"$(LIBRARY_SEARCH_PATHS_QUOTED_FOR_TARGET_34)",
					"$(LIBRARY_SEARCH_PATHS_QUOTED_FOR_TARGET_35)",
					"$(LIBRARY_SEARCH_PATHS_QUOTED_FOR_TARGET_36)",
					"$(LIBRARY_SEARCH_PATHS_QUOTED_FOR_TARGET_37)",
					"$(LIBRARY_SEARCH_PATHS_QUOTED_FOR_TARGET_38)",
					"$(LIBRARY_SEARCH_PATHS_QUOTED_FOR_TARGET_39)",
					"$(LIBRARY_SEARCH_PATHS_QUOTED_FOR_TARGET_40)",
					"$(LIBRARY_SEARCH_PATHS_QUOTED_FOR_TARGET_41)",
					"$(LIBRARY_SEARCH_PATHS_QUOTED_FOR_TARGET_42)",
					"$(LIBRARY_SEARCH_PATHS_QUOTED_FOR_TARGET_43)",
					"$(LIBRARY_SEARCH_PATHS_QUOTED_FOR_TARGET_44)",
					"$(LIBRARY_SEARCH_PATHS_QUOTED_FOR_TARGET_45)",
					"$(LIBRARY_SEARCH_PATHS_QUOTED_FOR_TARGET_46)",
					"$(LIBRARY_SEARCH_PATHS_QUOTED_FOR_TARGET_47)",
					"$(LIBRARY_SEARCH_PATHS_QUOTED_FOR_TARGET_48)",
					"$(LIBRARY_SEARCH_PATHS_QUOTED_FOR_TARGET_49)",
					"$(LIBRARY_SEARCH_PATHS_QUOTED_FOR_TARGET_50)",
					"$(LIBRARY_SEARCH_PATHS_QUOTED_FOR_TARGET_51)",
					"$(LIBRARY_SEARCH_PATHS_QUOTED_FOR_TARGET_1)",
					"$(LIBRARY_SEARCH_PATHS_QUOTED_FOR_TARGET_2)",
					"$(LIBRARY_SEARCH_PATHS_QUOTED_FOR_TARGET_3)",
					"$(LIBRARY_SEARCH_PATHS_QUOTED_FOR_TARGET_1)",
				);
				LIBRARY_SEARCH_PATHS_QUOTED_FOR_TARGET_1 = "\"$(SRCROOT)/../../../addons/ofxAssimpModelLoader/libs/assimp/lib/osx\"";
				LIBRARY_SEARCH_PATHS_QUOTED_FOR_TARGET_3 = "\"$(SRCROOT)/../../../addons/ofxOpenCv/libs/opencv/lib/osx\"";
				PREBINDING = NO;
				PRODUCT_NAME = ProjectionWarpper;
				WRAPPER_EXTENSION = app;
			};
			name = Release;
		};
/* End XCBuildConfiguration section */

/* Begin XCConfigurationList section */
		E4B69B4D0A3A1720003C02F2 /* Build configuration list for PBXProject "ProjectionWarpper" */ = {
			isa = XCConfigurationList;
			buildConfigurations = (
				E4B69B4E0A3A1720003C02F2 /* Debug */,
				E4B69B4F0A3A1720003C02F2 /* Release */,
			);
			defaultConfigurationIsVisible = 0;
			defaultConfigurationName = Release;
		};
		E4B69B5F0A3A1757003C02F2 /* Build configuration list for PBXNativeTarget "ProjectionWarpper" */ = {
			isa = XCConfigurationList;
			buildConfigurations = (
				E4B69B600A3A1757003C02F2 /* Debug */,
				E4B69B610A3A1757003C02F2 /* Release */,
			);
			defaultConfigurationIsVisible = 0;
			defaultConfigurationName = Release;
		};
/* End XCConfigurationList section */
	};
	rootObject = E4B69B4C0A3A1720003C02F2 /* Project object */;
}
