// !$*UTF8*$!
{
	archiveVersion = 1;
	classes = {
	};
	objectVersion = 42;
	objects = {

/* Begin PBXBuildFile section */
		1B21590215D89FBB00BE1804 /* CoreVideo.framework in Frameworks */ = {isa = PBXBuildFile; fileRef = 1B21590015D89FBB00BE1804 /* CoreVideo.framework */; };
		1B21590315D89FBB00BE1804 /* QTKit.framework in Frameworks */ = {isa = PBXBuildFile; fileRef = 1B21590115D89FBB00BE1804 /* QTKit.framework */; };
		1B21EBA415D11824005144C8 /* ofxTCPClient.cpp in Sources */ = {isa = PBXBuildFile; fileRef = 1B21EB9C15D11824005144C8 /* ofxTCPClient.cpp */; };
		1B21EBA515D11824005144C8 /* ofxTCPManager.cpp in Sources */ = {isa = PBXBuildFile; fileRef = 1B21EB9E15D11824005144C8 /* ofxTCPManager.cpp */; };
		1B21EBA615D11824005144C8 /* ofxTCPServer.cpp in Sources */ = {isa = PBXBuildFile; fileRef = 1B21EBA015D11824005144C8 /* ofxTCPServer.cpp */; };
		1B21EBA715D11824005144C8 /* ofxUDPManager.cpp in Sources */ = {isa = PBXBuildFile; fileRef = 1B21EBA215D11824005144C8 /* ofxUDPManager.cpp */; };
		1B482E671652584C0062037D /* ofxMSAInteractiveObject.cpp in Sources */ = {isa = PBXBuildFile; fileRef = 1B482E341652584C0062037D /* ofxMSAInteractiveObject.cpp */; };
		1B482E6A1652584C0062037D /* ofxSimpleGuiButton.cpp in Sources */ = {isa = PBXBuildFile; fileRef = 1B482E451652584C0062037D /* ofxSimpleGuiButton.cpp */; };
		1B482E6B1652584C0062037D /* ofxSimpleGuiColorPicker.cpp in Sources */ = {isa = PBXBuildFile; fileRef = 1B482E471652584C0062037D /* ofxSimpleGuiColorPicker.cpp */; };
		1B482E6C1652584C0062037D /* ofxSimpleGuiComboBox.cpp in Sources */ = {isa = PBXBuildFile; fileRef = 1B482E491652584C0062037D /* ofxSimpleGuiComboBox.cpp */; };
		1B482E6D1652584C0062037D /* ofxSimpleGuiContent.cpp in Sources */ = {isa = PBXBuildFile; fileRef = 1B482E4B1652584C0062037D /* ofxSimpleGuiContent.cpp */; };
		1B482E6E1652584C0062037D /* ofxSimpleGuiFPSCounter.cpp in Sources */ = {isa = PBXBuildFile; fileRef = 1B482E4D1652584C0062037D /* ofxSimpleGuiFPSCounter.cpp */; };
		1B482E6F1652584C0062037D /* ofxSimpleGuiMovieSlider.cpp in Sources */ = {isa = PBXBuildFile; fileRef = 1B482E4F1652584C0062037D /* ofxSimpleGuiMovieSlider.cpp */; };
		1B482E701652584C0062037D /* ofxSimpleGuiQuadWarp.cpp in Sources */ = {isa = PBXBuildFile; fileRef = 1B482E511652584C0062037D /* ofxSimpleGuiQuadWarp.cpp */; };
		1B482E711652584C0062037D /* ofxSimpleGuiSlider2d.cpp in Sources */ = {isa = PBXBuildFile; fileRef = 1B482E531652584C0062037D /* ofxSimpleGuiSlider2d.cpp */; };
		1B482E721652584C0062037D /* ofxSimpleGuiTitle.cpp in Sources */ = {isa = PBXBuildFile; fileRef = 1B482E581652584C0062037D /* ofxSimpleGuiTitle.cpp */; };
		1B482E731652584C0062037D /* ofxSimpleGuiToggle.cpp in Sources */ = {isa = PBXBuildFile; fileRef = 1B482E5A1652584C0062037D /* ofxSimpleGuiToggle.cpp */; };
		1B482E741652584C0062037D /* ofxSimpleGuiConfig.cpp in Sources */ = {isa = PBXBuildFile; fileRef = 1B482E5C1652584C0062037D /* ofxSimpleGuiConfig.cpp */; };
		1B482E751652584C0062037D /* ofxSimpleGuiControl.cpp in Sources */ = {isa = PBXBuildFile; fileRef = 1B482E5E1652584C0062037D /* ofxSimpleGuiControl.cpp */; };
		1B482E761652584C0062037D /* ofxSimpleGuiPage.cpp in Sources */ = {isa = PBXBuildFile; fileRef = 1B482E611652584C0062037D /* ofxSimpleGuiPage.cpp */; };
		1B482E771652584C0062037D /* ofxSimpleGuiToo.cpp in Sources */ = {isa = PBXBuildFile; fileRef = 1B482E631652584C0062037D /* ofxSimpleGuiToo.cpp */; };
		1B482E781652584C0062037D /* ofxSimpleGuiValueControl.cpp in Sources */ = {isa = PBXBuildFile; fileRef = 1B482E651652584C0062037D /* ofxSimpleGuiValueControl.cpp */; };
		1B482EA3165259250062037D /* IpEndpointName.cpp in Sources */ = {isa = PBXBuildFile; fileRef = 1B482E7F165259250062037D /* IpEndpointName.cpp */; };
		1B482EA4165259250062037D /* NetworkingUtils.cpp in Sources */ = {isa = PBXBuildFile; fileRef = 1B482E84165259250062037D /* NetworkingUtils.cpp */; };
		1B482EA5165259250062037D /* UdpSocket.cpp in Sources */ = {isa = PBXBuildFile; fileRef = 1B482E85165259250062037D /* UdpSocket.cpp */; };
		1B482EA6165259250062037D /* NetworkingUtilsWin.cpp in Sources */ = {isa = PBXBuildFile; fileRef = 1B482E89165259250062037D /* NetworkingUtilsWin.cpp */; };
		1B482EA7165259250062037D /* UdpSocketWin.cpp in Sources */ = {isa = PBXBuildFile; fileRef = 1B482E8A165259250062037D /* UdpSocketWin.cpp */; };
		1B482EA8165259250062037D /* OscOutboundPacketStream.cpp in Sources */ = {isa = PBXBuildFile; fileRef = 1B482E8F165259250062037D /* OscOutboundPacketStream.cpp */; };
		1B482EA9165259250062037D /* OscPrintReceivedElements.cpp in Sources */ = {isa = PBXBuildFile; fileRef = 1B482E92165259250062037D /* OscPrintReceivedElements.cpp */; };
		1B482EAA165259250062037D /* OscReceivedElements.cpp in Sources */ = {isa = PBXBuildFile; fileRef = 1B482E94165259250062037D /* OscReceivedElements.cpp */; };
		1B482EAB165259250062037D /* OscTypes.cpp in Sources */ = {isa = PBXBuildFile; fileRef = 1B482E96165259250062037D /* OscTypes.cpp */; };
		1B482EAC165259250062037D /* ofxOscBundle.cpp in Sources */ = {isa = PBXBuildFile; fileRef = 1B482E9B165259250062037D /* ofxOscBundle.cpp */; };
		1B482EAD165259250062037D /* ofxOscMessage.cpp in Sources */ = {isa = PBXBuildFile; fileRef = 1B482E9D165259250062037D /* ofxOscMessage.cpp */; };
		1B482EAE165259250062037D /* ofxOscReceiver.cpp in Sources */ = {isa = PBXBuildFile; fileRef = 1B482E9F165259250062037D /* ofxOscReceiver.cpp */; };
		1B482EAF165259250062037D /* ofxOscSender.cpp in Sources */ = {isa = PBXBuildFile; fileRef = 1B482EA1165259250062037D /* ofxOscSender.cpp */; };
		1B482EE716525E7C0062037D /* assimp.a in Frameworks */ = {isa = PBXBuildFile; fileRef = 1B482EE116525E7C0062037D /* assimp.a */; };
		1B482EE816525E7C0062037D /* ofxAssimpModelLoader.cpp in Sources */ = {isa = PBXBuildFile; fileRef = 1B482EE516525E7C0062037D /* ofxAssimpModelLoader.cpp */; };
		1BCF431F16533938006B33AF /* ofTextureAdv.cpp in Sources */ = {isa = PBXBuildFile; fileRef = 1BCF431B16533938006B33AF /* ofTextureAdv.cpp */; };
		1BCF432016533938006B33AF /* renderManager.cpp in Sources */ = {isa = PBXBuildFile; fileRef = 1BCF431D16533938006B33AF /* renderManager.cpp */; };
		51AE771B15CE786700AFF27C /* ofxBezierWarp.cpp in Sources */ = {isa = PBXBuildFile; fileRef = 51AE764D15CE784A00AFF27C /* ofxBezierWarp.cpp */; };
		51AE773F15CE7C2C00AFF27C /* tinyxml.cpp in Sources */ = {isa = PBXBuildFile; fileRef = 51AE773815CE7C2C00AFF27C /* tinyxml.cpp */; };
		51AE774015CE7C2C00AFF27C /* tinyxmlerror.cpp in Sources */ = {isa = PBXBuildFile; fileRef = 51AE773A15CE7C2C00AFF27C /* tinyxmlerror.cpp */; };
		51AE774115CE7C2C00AFF27C /* tinyxmlparser.cpp in Sources */ = {isa = PBXBuildFile; fileRef = 51AE773B15CE7C2C00AFF27C /* tinyxmlparser.cpp */; };
		51AE774215CE7C2C00AFF27C /* ofxXmlSettings.cpp in Sources */ = {isa = PBXBuildFile; fileRef = 51AE773D15CE7C2C00AFF27C /* ofxXmlSettings.cpp */; };
		BBAB23CB13894F3D00AA2426 /* GLUT.framework in CopyFiles */ = {isa = PBXBuildFile; fileRef = BBAB23BE13894E4700AA2426 /* GLUT.framework */; };
		E4328149138ABC9F0047C5CB /* openFrameworksDebug.a in Frameworks */ = {isa = PBXBuildFile; fileRef = E4328148138ABC890047C5CB /* openFrameworksDebug.a */; };
		E45BE97B0E8CC7DD009D7055 /* AGL.framework in Frameworks */ = {isa = PBXBuildFile; fileRef = E45BE9710E8CC7DD009D7055 /* AGL.framework */; };
		E45BE97C0E8CC7DD009D7055 /* ApplicationServices.framework in Frameworks */ = {isa = PBXBuildFile; fileRef = E45BE9720E8CC7DD009D7055 /* ApplicationServices.framework */; };
		E45BE97D0E8CC7DD009D7055 /* AudioToolbox.framework in Frameworks */ = {isa = PBXBuildFile; fileRef = E45BE9730E8CC7DD009D7055 /* AudioToolbox.framework */; };
		E45BE97E0E8CC7DD009D7055 /* Carbon.framework in Frameworks */ = {isa = PBXBuildFile; fileRef = E45BE9740E8CC7DD009D7055 /* Carbon.framework */; };
		E45BE97F0E8CC7DD009D7055 /* CoreAudio.framework in Frameworks */ = {isa = PBXBuildFile; fileRef = E45BE9750E8CC7DD009D7055 /* CoreAudio.framework */; };
		E45BE9800E8CC7DD009D7055 /* CoreFoundation.framework in Frameworks */ = {isa = PBXBuildFile; fileRef = E45BE9760E8CC7DD009D7055 /* CoreFoundation.framework */; };
		E45BE9810E8CC7DD009D7055 /* CoreServices.framework in Frameworks */ = {isa = PBXBuildFile; fileRef = E45BE9770E8CC7DD009D7055 /* CoreServices.framework */; };
		E45BE9830E8CC7DD009D7055 /* OpenGL.framework in Frameworks */ = {isa = PBXBuildFile; fileRef = E45BE9790E8CC7DD009D7055 /* OpenGL.framework */; };
		E45BE9840E8CC7DD009D7055 /* QuickTime.framework in Frameworks */ = {isa = PBXBuildFile; fileRef = E45BE97A0E8CC7DD009D7055 /* QuickTime.framework */; };
		E4B69E200A3A1BDC003C02F2 /* main.cpp in Sources */ = {isa = PBXBuildFile; fileRef = E4B69E1D0A3A1BDC003C02F2 /* main.cpp */; };
		E4B69E210A3A1BDC003C02F2 /* testApp.cpp in Sources */ = {isa = PBXBuildFile; fileRef = E4B69E1E0A3A1BDC003C02F2 /* testApp.cpp */; };
		E4C2424710CC5A17004149E2 /* AppKit.framework in Frameworks */ = {isa = PBXBuildFile; fileRef = E4C2424410CC5A17004149E2 /* AppKit.framework */; };
		E4C2424810CC5A17004149E2 /* Cocoa.framework in Frameworks */ = {isa = PBXBuildFile; fileRef = E4C2424510CC5A17004149E2 /* Cocoa.framework */; };
		E4C2424910CC5A17004149E2 /* IOKit.framework in Frameworks */ = {isa = PBXBuildFile; fileRef = E4C2424610CC5A17004149E2 /* IOKit.framework */; };
		E4EB6799138ADC1D00A09F29 /* GLUT.framework in Frameworks */ = {isa = PBXBuildFile; fileRef = BBAB23BE13894E4700AA2426 /* GLUT.framework */; };
/* End PBXBuildFile section */

/* Begin PBXContainerItemProxy section */
		E4328147138ABC890047C5CB /* PBXContainerItemProxy */ = {
			isa = PBXContainerItemProxy;
			containerPortal = E4328143138ABC890047C5CB /* openFrameworksLib.xcodeproj */;
			proxyType = 2;
			remoteGlobalIDString = E4B27C1510CBEB8E00536013;
			remoteInfo = openFrameworks;
		};
		E4EEB9AB138B136A00A80321 /* PBXContainerItemProxy */ = {
			isa = PBXContainerItemProxy;
			containerPortal = E4328143138ABC890047C5CB /* openFrameworksLib.xcodeproj */;
			proxyType = 1;
			remoteGlobalIDString = E4B27C1410CBEB8E00536013;
			remoteInfo = openFrameworks;
		};
/* End PBXContainerItemProxy section */

/* Begin PBXCopyFilesBuildPhase section */
		E4C2427710CC5ABF004149E2 /* CopyFiles */ = {
			isa = PBXCopyFilesBuildPhase;
			buildActionMask = 2147483647;
			dstPath = "";
			dstSubfolderSpec = 10;
			files = (
				BBAB23CB13894F3D00AA2426 /* GLUT.framework in CopyFiles */,
			);
			runOnlyForDeploymentPostprocessing = 0;
		};
/* End PBXCopyFilesBuildPhase section */

/* Begin PBXFileReference section */
		1B1B058915E3390F00172CC7 /* configs.xml */ = {isa = PBXFileReference; lastKnownFileType = text.xml; name = configs.xml; path = bin/data/configs.xml; sourceTree = "<group>"; };
		1B21590015D89FBB00BE1804 /* CoreVideo.framework */ = {isa = PBXFileReference; lastKnownFileType = wrapper.framework; name = CoreVideo.framework; path = ../../../../../../System/Library/Frameworks/CoreVideo.framework; sourceTree = "<group>"; };
		1B21590115D89FBB00BE1804 /* QTKit.framework */ = {isa = PBXFileReference; lastKnownFileType = wrapper.framework; name = QTKit.framework; path = ../../../../../../System/Library/Frameworks/QTKit.framework; sourceTree = "<group>"; };
		1B21590A15D8A98E00BE1804 /* MyBizierWarp.h */ = {isa = PBXFileReference; fileEncoding = 4; lastKnownFileType = sourcecode.c.h; name = MyBizierWarp.h; path = Mapping/MyBizierWarp.h; sourceTree = "<group>"; };
		1B21590B15D8AA7B00BE1804 /* WarpGlobal.h */ = {isa = PBXFileReference; fileEncoding = 4; lastKnownFileType = sourcecode.c.h; name = WarpGlobal.h; path = Mapping/WarpGlobal.h; sourceTree = "<group>"; };
		1B21EB9A15D11824005144C8 /* ofxNetwork.h */ = {isa = PBXFileReference; fileEncoding = 4; lastKnownFileType = sourcecode.c.h; path = ofxNetwork.h; sourceTree = "<group>"; };
		1B21EB9B15D11824005144C8 /* ofxNetworkUtils.h */ = {isa = PBXFileReference; fileEncoding = 4; lastKnownFileType = sourcecode.c.h; path = ofxNetworkUtils.h; sourceTree = "<group>"; };
		1B21EB9C15D11824005144C8 /* ofxTCPClient.cpp */ = {isa = PBXFileReference; fileEncoding = 4; lastKnownFileType = sourcecode.cpp.cpp; path = ofxTCPClient.cpp; sourceTree = "<group>"; };
		1B21EB9D15D11824005144C8 /* ofxTCPClient.h */ = {isa = PBXFileReference; fileEncoding = 4; lastKnownFileType = sourcecode.c.h; path = ofxTCPClient.h; sourceTree = "<group>"; };
		1B21EB9E15D11824005144C8 /* ofxTCPManager.cpp */ = {isa = PBXFileReference; fileEncoding = 4; lastKnownFileType = sourcecode.cpp.cpp; path = ofxTCPManager.cpp; sourceTree = "<group>"; };
		1B21EB9F15D11824005144C8 /* ofxTCPManager.h */ = {isa = PBXFileReference; fileEncoding = 4; lastKnownFileType = sourcecode.c.h; path = ofxTCPManager.h; sourceTree = "<group>"; };
		1B21EBA015D11824005144C8 /* ofxTCPServer.cpp */ = {isa = PBXFileReference; fileEncoding = 4; lastKnownFileType = sourcecode.cpp.cpp; path = ofxTCPServer.cpp; sourceTree = "<group>"; };
		1B21EBA115D11824005144C8 /* ofxTCPServer.h */ = {isa = PBXFileReference; fileEncoding = 4; lastKnownFileType = sourcecode.c.h; path = ofxTCPServer.h; sourceTree = "<group>"; };
		1B21EBA215D11824005144C8 /* ofxUDPManager.cpp */ = {isa = PBXFileReference; fileEncoding = 4; lastKnownFileType = sourcecode.cpp.cpp; path = ofxUDPManager.cpp; sourceTree = "<group>"; };
		1B21EBA315D11824005144C8 /* ofxUDPManager.h */ = {isa = PBXFileReference; fileEncoding = 4; lastKnownFileType = sourcecode.c.h; path = ofxUDPManager.h; sourceTree = "<group>"; };
		1B482E341652584C0062037D /* ofxMSAInteractiveObject.cpp */ = {isa = PBXFileReference; fileEncoding = 4; lastKnownFileType = sourcecode.cpp.cpp; path = ofxMSAInteractiveObject.cpp; sourceTree = "<group>"; };
		1B482E351652584C0062037D /* ofxMSAInteractiveObject.h */ = {isa = PBXFileReference; fileEncoding = 4; lastKnownFileType = sourcecode.c.h; path = ofxMSAInteractiveObject.h; sourceTree = "<group>"; };
		1B482E361652584C0062037D /* ofxMSAInteractiveObjectDelegate.h */ = {isa = PBXFileReference; fileEncoding = 4; lastKnownFileType = sourcecode.c.h; path = ofxMSAInteractiveObjectDelegate.h; sourceTree = "<group>"; };
		1B482E451652584C0062037D /* ofxSimpleGuiButton.cpp */ = {isa = PBXFileReference; fileEncoding = 4; lastKnownFileType = sourcecode.cpp.cpp; path = ofxSimpleGuiButton.cpp; sourceTree = "<group>"; };
		1B482E461652584C0062037D /* ofxSimpleGuiButton.h */ = {isa = PBXFileReference; fileEncoding = 4; lastKnownFileType = sourcecode.c.h; path = ofxSimpleGuiButton.h; sourceTree = "<group>"; };
		1B482E471652584C0062037D /* ofxSimpleGuiColorPicker.cpp */ = {isa = PBXFileReference; fileEncoding = 4; lastKnownFileType = sourcecode.cpp.cpp; path = ofxSimpleGuiColorPicker.cpp; sourceTree = "<group>"; };
		1B482E481652584C0062037D /* ofxSimpleGuiColorPicker.h */ = {isa = PBXFileReference; fileEncoding = 4; lastKnownFileType = sourcecode.c.h; path = ofxSimpleGuiColorPicker.h; sourceTree = "<group>"; };
		1B482E491652584C0062037D /* ofxSimpleGuiComboBox.cpp */ = {isa = PBXFileReference; fileEncoding = 4; lastKnownFileType = sourcecode.cpp.cpp; path = ofxSimpleGuiComboBox.cpp; sourceTree = "<group>"; };
		1B482E4A1652584C0062037D /* ofxSimpleGuiComboBox.h */ = {isa = PBXFileReference; fileEncoding = 4; lastKnownFileType = sourcecode.c.h; path = ofxSimpleGuiComboBox.h; sourceTree = "<group>"; };
		1B482E4B1652584C0062037D /* ofxSimpleGuiContent.cpp */ = {isa = PBXFileReference; fileEncoding = 4; lastKnownFileType = sourcecode.cpp.cpp; path = ofxSimpleGuiContent.cpp; sourceTree = "<group>"; };
		1B482E4C1652584C0062037D /* ofxSimpleGuiContent.h */ = {isa = PBXFileReference; fileEncoding = 4; lastKnownFileType = sourcecode.c.h; path = ofxSimpleGuiContent.h; sourceTree = "<group>"; };
		1B482E4D1652584C0062037D /* ofxSimpleGuiFPSCounter.cpp */ = {isa = PBXFileReference; fileEncoding = 4; lastKnownFileType = sourcecode.cpp.cpp; path = ofxSimpleGuiFPSCounter.cpp; sourceTree = "<group>"; };
		1B482E4E1652584C0062037D /* ofxSimpleGuiFPSCounter.h */ = {isa = PBXFileReference; fileEncoding = 4; lastKnownFileType = sourcecode.c.h; path = ofxSimpleGuiFPSCounter.h; sourceTree = "<group>"; };
		1B482E4F1652584C0062037D /* ofxSimpleGuiMovieSlider.cpp */ = {isa = PBXFileReference; fileEncoding = 4; lastKnownFileType = sourcecode.cpp.cpp; path = ofxSimpleGuiMovieSlider.cpp; sourceTree = "<group>"; };
		1B482E501652584C0062037D /* ofxSimpleGuiMovieSlider.h */ = {isa = PBXFileReference; fileEncoding = 4; lastKnownFileType = sourcecode.c.h; path = ofxSimpleGuiMovieSlider.h; sourceTree = "<group>"; };
		1B482E511652584C0062037D /* ofxSimpleGuiQuadWarp.cpp */ = {isa = PBXFileReference; fileEncoding = 4; lastKnownFileType = sourcecode.cpp.cpp; path = ofxSimpleGuiQuadWarp.cpp; sourceTree = "<group>"; };
		1B482E521652584C0062037D /* ofxSimpleGuiQuadWarp.h */ = {isa = PBXFileReference; fileEncoding = 4; lastKnownFileType = sourcecode.c.h; path = ofxSimpleGuiQuadWarp.h; sourceTree = "<group>"; };
		1B482E531652584C0062037D /* ofxSimpleGuiSlider2d.cpp */ = {isa = PBXFileReference; fileEncoding = 4; lastKnownFileType = sourcecode.cpp.cpp; path = ofxSimpleGuiSlider2d.cpp; sourceTree = "<group>"; };
		1B482E541652584C0062037D /* ofxSimpleGuiSlider2d.h */ = {isa = PBXFileReference; fileEncoding = 4; lastKnownFileType = sourcecode.c.h; path = ofxSimpleGuiSlider2d.h; sourceTree = "<group>"; };
		1B482E551652584C0062037D /* ofxSimpleGuiSliderBase.h */ = {isa = PBXFileReference; fileEncoding = 4; lastKnownFileType = sourcecode.c.h; path = ofxSimpleGuiSliderBase.h; sourceTree = "<group>"; };
		1B482E561652584C0062037D /* ofxSimpleGuiSliderFloat.h */ = {isa = PBXFileReference; fileEncoding = 4; lastKnownFileType = sourcecode.c.h; path = ofxSimpleGuiSliderFloat.h; sourceTree = "<group>"; };
		1B482E571652584C0062037D /* ofxSimpleGuiSliderInt.h */ = {isa = PBXFileReference; fileEncoding = 4; lastKnownFileType = sourcecode.c.h; path = ofxSimpleGuiSliderInt.h; sourceTree = "<group>"; };
		1B482E581652584C0062037D /* ofxSimpleGuiTitle.cpp */ = {isa = PBXFileReference; fileEncoding = 4; lastKnownFileType = sourcecode.cpp.cpp; path = ofxSimpleGuiTitle.cpp; sourceTree = "<group>"; };
		1B482E591652584C0062037D /* ofxSimpleGuiTitle.h */ = {isa = PBXFileReference; fileEncoding = 4; lastKnownFileType = sourcecode.c.h; path = ofxSimpleGuiTitle.h; sourceTree = "<group>"; };
		1B482E5A1652584C0062037D /* ofxSimpleGuiToggle.cpp */ = {isa = PBXFileReference; fileEncoding = 4; lastKnownFileType = sourcecode.cpp.cpp; path = ofxSimpleGuiToggle.cpp; sourceTree = "<group>"; };
		1B482E5B1652584C0062037D /* ofxSimpleGuiToggle.h */ = {isa = PBXFileReference; fileEncoding = 4; lastKnownFileType = sourcecode.c.h; path = ofxSimpleGuiToggle.h; sourceTree = "<group>"; };
		1B482E5C1652584C0062037D /* ofxSimpleGuiConfig.cpp */ = {isa = PBXFileReference; fileEncoding = 4; lastKnownFileType = sourcecode.cpp.cpp; path = ofxSimpleGuiConfig.cpp; sourceTree = "<group>"; };
		1B482E5D1652584C0062037D /* ofxSimpleGuiConfig.h */ = {isa = PBXFileReference; fileEncoding = 4; lastKnownFileType = sourcecode.c.h; path = ofxSimpleGuiConfig.h; sourceTree = "<group>"; };
		1B482E5E1652584C0062037D /* ofxSimpleGuiControl.cpp */ = {isa = PBXFileReference; fileEncoding = 4; lastKnownFileType = sourcecode.cpp.cpp; path = ofxSimpleGuiControl.cpp; sourceTree = "<group>"; };
		1B482E5F1652584C0062037D /* ofxSimpleGuiControl.h */ = {isa = PBXFileReference; fileEncoding = 4; lastKnownFileType = sourcecode.c.h; path = ofxSimpleGuiControl.h; sourceTree = "<group>"; };
		1B482E601652584C0062037D /* ofxSimpleGuiIncludes.h */ = {isa = PBXFileReference; fileEncoding = 4; lastKnownFileType = sourcecode.c.h; path = ofxSimpleGuiIncludes.h; sourceTree = "<group>"; };
		1B482E611652584C0062037D /* ofxSimpleGuiPage.cpp */ = {isa = PBXFileReference; fileEncoding = 4; lastKnownFileType = sourcecode.cpp.cpp; path = ofxSimpleGuiPage.cpp; sourceTree = "<group>"; };
		1B482E621652584C0062037D /* ofxSimpleGuiPage.h */ = {isa = PBXFileReference; fileEncoding = 4; lastKnownFileType = sourcecode.c.h; path = ofxSimpleGuiPage.h; sourceTree = "<group>"; };
		1B482E631652584C0062037D /* ofxSimpleGuiToo.cpp */ = {isa = PBXFileReference; fileEncoding = 4; lastKnownFileType = sourcecode.cpp.cpp; path = ofxSimpleGuiToo.cpp; sourceTree = "<group>"; };
		1B482E641652584C0062037D /* ofxSimpleGuiToo.h */ = {isa = PBXFileReference; fileEncoding = 4; lastKnownFileType = sourcecode.c.h; path = ofxSimpleGuiToo.h; sourceTree = "<group>"; };
		1B482E651652584C0062037D /* ofxSimpleGuiValueControl.cpp */ = {isa = PBXFileReference; fileEncoding = 4; lastKnownFileType = sourcecode.cpp.cpp; path = ofxSimpleGuiValueControl.cpp; sourceTree = "<group>"; };
		1B482E661652584C0062037D /* ofxSimpleGuiValueControl.h */ = {isa = PBXFileReference; fileEncoding = 4; lastKnownFileType = sourcecode.c.h; path = ofxSimpleGuiValueControl.h; sourceTree = "<group>"; };
		1B482E7A165259250062037D /* install.xml */ = {isa = PBXFileReference; fileEncoding = 4; lastKnownFileType = text.xml; path = install.xml; sourceTree = "<group>"; };
		1B482E7F165259250062037D /* IpEndpointName.cpp */ = {isa = PBXFileReference; fileEncoding = 4; lastKnownFileType = sourcecode.cpp.cpp; path = IpEndpointName.cpp; sourceTree = "<group>"; };
		1B482E80165259250062037D /* IpEndpointName.h */ = {isa = PBXFileReference; fileEncoding = 4; lastKnownFileType = sourcecode.c.h; path = IpEndpointName.h; sourceTree = "<group>"; };
		1B482E81165259250062037D /* NetworkingUtils.h */ = {isa = PBXFileReference; fileEncoding = 4; lastKnownFileType = sourcecode.c.h; path = NetworkingUtils.h; sourceTree = "<group>"; };
		1B482E82165259250062037D /* PacketListener.h */ = {isa = PBXFileReference; fileEncoding = 4; lastKnownFileType = sourcecode.c.h; path = PacketListener.h; sourceTree = "<group>"; };
		1B482E84165259250062037D /* NetworkingUtils.cpp */ = {isa = PBXFileReference; fileEncoding = 4; lastKnownFileType = sourcecode.cpp.cpp; path = NetworkingUtils.cpp; sourceTree = "<group>"; };
		1B482E85165259250062037D /* UdpSocket.cpp */ = {isa = PBXFileReference; fileEncoding = 4; lastKnownFileType = sourcecode.cpp.cpp; path = UdpSocket.cpp; sourceTree = "<group>"; };
		1B482E86165259250062037D /* TimerListener.h */ = {isa = PBXFileReference; fileEncoding = 4; lastKnownFileType = sourcecode.c.h; path = TimerListener.h; sourceTree = "<group>"; };
		1B482E87165259250062037D /* UdpSocket.h */ = {isa = PBXFileReference; fileEncoding = 4; lastKnownFileType = sourcecode.c.h; path = UdpSocket.h; sourceTree = "<group>"; };
		1B482E89165259250062037D /* NetworkingUtilsWin.cpp */ = {isa = PBXFileReference; fileEncoding = 4; lastKnownFileType = sourcecode.cpp.cpp; path = NetworkingUtilsWin.cpp; sourceTree = "<group>"; };
		1B482E8A165259250062037D /* UdpSocketWin.cpp */ = {isa = PBXFileReference; fileEncoding = 4; lastKnownFileType = sourcecode.cpp.cpp; path = UdpSocketWin.cpp; sourceTree = "<group>"; };
		1B482E8C165259250062037D /* MessageMappingOscPacketListener.h */ = {isa = PBXFileReference; fileEncoding = 4; lastKnownFileType = sourcecode.c.h; path = MessageMappingOscPacketListener.h; sourceTree = "<group>"; };
		1B482E8D165259250062037D /* OscException.h */ = {isa = PBXFileReference; fileEncoding = 4; lastKnownFileType = sourcecode.c.h; path = OscException.h; sourceTree = "<group>"; };
		1B482E8E165259250062037D /* OscHostEndianness.h */ = {isa = PBXFileReference; fileEncoding = 4; lastKnownFileType = sourcecode.c.h; path = OscHostEndianness.h; sourceTree = "<group>"; };
		1B482E8F165259250062037D /* OscOutboundPacketStream.cpp */ = {isa = PBXFileReference; fileEncoding = 4; lastKnownFileType = sourcecode.cpp.cpp; path = OscOutboundPacketStream.cpp; sourceTree = "<group>"; };
		1B482E90165259250062037D /* OscOutboundPacketStream.h */ = {isa = PBXFileReference; fileEncoding = 4; lastKnownFileType = sourcecode.c.h; path = OscOutboundPacketStream.h; sourceTree = "<group>"; };
		1B482E91165259250062037D /* OscPacketListener.h */ = {isa = PBXFileReference; fileEncoding = 4; lastKnownFileType = sourcecode.c.h; path = OscPacketListener.h; sourceTree = "<group>"; };
		1B482E92165259250062037D /* OscPrintReceivedElements.cpp */ = {isa = PBXFileReference; fileEncoding = 4; lastKnownFileType = sourcecode.cpp.cpp; path = OscPrintReceivedElements.cpp; sourceTree = "<group>"; };
		1B482E93165259250062037D /* OscPrintReceivedElements.h */ = {isa = PBXFileReference; fileEncoding = 4; lastKnownFileType = sourcecode.c.h; path = OscPrintReceivedElements.h; sourceTree = "<group>"; };
		1B482E94165259250062037D /* OscReceivedElements.cpp */ = {isa = PBXFileReference; fileEncoding = 4; lastKnownFileType = sourcecode.cpp.cpp; path = OscReceivedElements.cpp; sourceTree = "<group>"; };
		1B482E95165259250062037D /* OscReceivedElements.h */ = {isa = PBXFileReference; fileEncoding = 4; lastKnownFileType = sourcecode.c.h; path = OscReceivedElements.h; sourceTree = "<group>"; };
		1B482E96165259250062037D /* OscTypes.cpp */ = {isa = PBXFileReference; fileEncoding = 4; lastKnownFileType = sourcecode.cpp.cpp; path = OscTypes.cpp; sourceTree = "<group>"; };
		1B482E97165259250062037D /* OscTypes.h */ = {isa = PBXFileReference; fileEncoding = 4; lastKnownFileType = sourcecode.c.h; path = OscTypes.h; sourceTree = "<group>"; };
		1B482E99165259250062037D /* ofxOsc.h */ = {isa = PBXFileReference; fileEncoding = 4; lastKnownFileType = sourcecode.c.h; path = ofxOsc.h; sourceTree = "<group>"; };
		1B482E9A165259250062037D /* ofxOscArg.h */ = {isa = PBXFileReference; fileEncoding = 4; lastKnownFileType = sourcecode.c.h; path = ofxOscArg.h; sourceTree = "<group>"; };
		1B482E9B165259250062037D /* ofxOscBundle.cpp */ = {isa = PBXFileReference; fileEncoding = 4; lastKnownFileType = sourcecode.cpp.cpp; path = ofxOscBundle.cpp; sourceTree = "<group>"; };
		1B482E9C165259250062037D /* ofxOscBundle.h */ = {isa = PBXFileReference; fileEncoding = 4; lastKnownFileType = sourcecode.c.h; path = ofxOscBundle.h; sourceTree = "<group>"; };
		1B482E9D165259250062037D /* ofxOscMessage.cpp */ = {isa = PBXFileReference; fileEncoding = 4; lastKnownFileType = sourcecode.cpp.cpp; path = ofxOscMessage.cpp; sourceTree = "<group>"; };
		1B482E9E165259250062037D /* ofxOscMessage.h */ = {isa = PBXFileReference; fileEncoding = 4; lastKnownFileType = sourcecode.c.h; path = ofxOscMessage.h; sourceTree = "<group>"; };
		1B482E9F165259250062037D /* ofxOscReceiver.cpp */ = {isa = PBXFileReference; fileEncoding = 4; lastKnownFileType = sourcecode.cpp.cpp; path = ofxOscReceiver.cpp; sourceTree = "<group>"; };
		1B482EA0165259250062037D /* ofxOscReceiver.h */ = {isa = PBXFileReference; fileEncoding = 4; lastKnownFileType = sourcecode.c.h; path = ofxOscReceiver.h; sourceTree = "<group>"; };
		1B482EA1165259250062037D /* ofxOscSender.cpp */ = {isa = PBXFileReference; fileEncoding = 4; lastKnownFileType = sourcecode.cpp.cpp; path = ofxOscSender.cpp; sourceTree = "<group>"; };
		1B482EA2165259250062037D /* ofxOscSender.h */ = {isa = PBXFileReference; fileEncoding = 4; lastKnownFileType = sourcecode.c.h; path = ofxOscSender.h; sourceTree = "<group>"; };
		1B482EB616525E7C0062037D /* install.xml */ = {isa = PBXFileReference; fileEncoding = 4; lastKnownFileType = text.xml; path = install.xml; sourceTree = "<group>"; };
		1B482EBA16525E7C0062037D /* aiAnim.h */ = {isa = PBXFileReference; fileEncoding = 4; lastKnownFileType = sourcecode.c.h; path = aiAnim.h; sourceTree = "<group>"; };
		1B482EBB16525E7C0062037D /* aiAssert.h */ = {isa = PBXFileReference; fileEncoding = 4; lastKnownFileType = sourcecode.c.h; path = aiAssert.h; sourceTree = "<group>"; };
		1B482EBC16525E7C0062037D /* aiCamera.h */ = {isa = PBXFileReference; fileEncoding = 4; lastKnownFileType = sourcecode.c.h; path = aiCamera.h; sourceTree = "<group>"; };
		1B482EBD16525E7C0062037D /* aiColor4D.h */ = {isa = PBXFileReference; fileEncoding = 4; lastKnownFileType = sourcecode.c.h; path = aiColor4D.h; sourceTree = "<group>"; };
		1B482EBE16525E7C0062037D /* aiColor4D.inl */ = {isa = PBXFileReference; fileEncoding = 4; lastKnownFileType = text; path = aiColor4D.inl; sourceTree = "<group>"; };
		1B482EBF16525E7C0062037D /* aiConfig.h */ = {isa = PBXFileReference; fileEncoding = 4; lastKnownFileType = sourcecode.c.h; path = aiConfig.h; sourceTree = "<group>"; };
		1B482EC016525E7C0062037D /* aiDefines.h */ = {isa = PBXFileReference; fileEncoding = 4; lastKnownFileType = sourcecode.c.h; path = aiDefines.h; sourceTree = "<group>"; };
		1B482EC116525E7C0062037D /* aiFileIO.h */ = {isa = PBXFileReference; fileEncoding = 4; lastKnownFileType = sourcecode.c.h; path = aiFileIO.h; sourceTree = "<group>"; };
		1B482EC216525E7C0062037D /* aiLight.h */ = {isa = PBXFileReference; fileEncoding = 4; lastKnownFileType = sourcecode.c.h; path = aiLight.h; sourceTree = "<group>"; };
		1B482EC316525E7C0062037D /* aiMaterial.h */ = {isa = PBXFileReference; fileEncoding = 4; lastKnownFileType = sourcecode.c.h; path = aiMaterial.h; sourceTree = "<group>"; };
		1B482EC416525E7C0062037D /* aiMaterial.inl */ = {isa = PBXFileReference; fileEncoding = 4; lastKnownFileType = text; path = aiMaterial.inl; sourceTree = "<group>"; };
		1B482EC516525E7C0062037D /* aiMatrix3x3.h */ = {isa = PBXFileReference; fileEncoding = 4; lastKnownFileType = sourcecode.c.h; path = aiMatrix3x3.h; sourceTree = "<group>"; };
		1B482EC616525E7C0062037D /* aiMatrix3x3.inl */ = {isa = PBXFileReference; fileEncoding = 4; lastKnownFileType = text; path = aiMatrix3x3.inl; sourceTree = "<group>"; };
		1B482EC716525E7C0062037D /* aiMatrix4x4.h */ = {isa = PBXFileReference; fileEncoding = 4; lastKnownFileType = sourcecode.c.h; path = aiMatrix4x4.h; sourceTree = "<group>"; };
		1B482EC816525E7C0062037D /* aiMatrix4x4.inl */ = {isa = PBXFileReference; fileEncoding = 4; lastKnownFileType = text; path = aiMatrix4x4.inl; sourceTree = "<group>"; };
		1B482EC916525E7C0062037D /* aiMesh.h */ = {isa = PBXFileReference; fileEncoding = 4; lastKnownFileType = sourcecode.c.h; path = aiMesh.h; sourceTree = "<group>"; };
		1B482ECA16525E7C0062037D /* aiPostProcess.h */ = {isa = PBXFileReference; fileEncoding = 4; lastKnownFileType = sourcecode.c.h; path = aiPostProcess.h; sourceTree = "<group>"; };
		1B482ECB16525E7C0062037D /* aiQuaternion.h */ = {isa = PBXFileReference; fileEncoding = 4; lastKnownFileType = sourcecode.c.h; path = aiQuaternion.h; sourceTree = "<group>"; };
		1B482ECC16525E7C0062037D /* aiScene.h */ = {isa = PBXFileReference; fileEncoding = 4; lastKnownFileType = sourcecode.c.h; path = aiScene.h; sourceTree = "<group>"; };
		1B482ECD16525E7C0062037D /* aiTexture.h */ = {isa = PBXFileReference; fileEncoding = 4; lastKnownFileType = sourcecode.c.h; path = aiTexture.h; sourceTree = "<group>"; };
		1B482ECE16525E7C0062037D /* aiTypes.h */ = {isa = PBXFileReference; fileEncoding = 4; lastKnownFileType = sourcecode.c.h; path = aiTypes.h; sourceTree = "<group>"; };
		1B482ECF16525E7C0062037D /* aiVector2D.h */ = {isa = PBXFileReference; fileEncoding = 4; lastKnownFileType = sourcecode.c.h; path = aiVector2D.h; sourceTree = "<group>"; };
		1B482ED016525E7C0062037D /* aiVector3D.h */ = {isa = PBXFileReference; fileEncoding = 4; lastKnownFileType = sourcecode.c.h; path = aiVector3D.h; sourceTree = "<group>"; };
		1B482ED116525E7C0062037D /* aiVector3D.inl */ = {isa = PBXFileReference; fileEncoding = 4; lastKnownFileType = text; path = aiVector3D.inl; sourceTree = "<group>"; };
		1B482ED216525E7C0062037D /* aiVersion.h */ = {isa = PBXFileReference; fileEncoding = 4; lastKnownFileType = sourcecode.c.h; path = aiVersion.h; sourceTree = "<group>"; };
		1B482ED316525E7C0062037D /* assimp.h */ = {isa = PBXFileReference; fileEncoding = 4; lastKnownFileType = sourcecode.c.h; path = assimp.h; sourceTree = "<group>"; };
		1B482ED416525E7C0062037D /* assimp.hpp */ = {isa = PBXFileReference; fileEncoding = 4; lastKnownFileType = sourcecode.cpp.h; path = assimp.hpp; sourceTree = "<group>"; };
		1B482ED616525E7C0062037D /* poppack1.h */ = {isa = PBXFileReference; fileEncoding = 4; lastKnownFileType = sourcecode.c.h; path = poppack1.h; sourceTree = "<group>"; };
		1B482ED716525E7C0062037D /* pushpack1.h */ = {isa = PBXFileReference; fileEncoding = 4; lastKnownFileType = sourcecode.c.h; path = pushpack1.h; sourceTree = "<group>"; };
		1B482ED816525E7C0062037D /* DefaultLogger.h */ = {isa = PBXFileReference; fileEncoding = 4; lastKnownFileType = sourcecode.c.h; path = DefaultLogger.h; sourceTree = "<group>"; };
		1B482ED916525E7C0062037D /* IOStream.h */ = {isa = PBXFileReference; fileEncoding = 4; lastKnownFileType = sourcecode.c.h; path = IOStream.h; sourceTree = "<group>"; };
		1B482EDA16525E7C0062037D /* IOSystem.h */ = {isa = PBXFileReference; fileEncoding = 4; lastKnownFileType = sourcecode.c.h; path = IOSystem.h; sourceTree = "<group>"; };
		1B482EDB16525E7C0062037D /* Logger.h */ = {isa = PBXFileReference; fileEncoding = 4; lastKnownFileType = sourcecode.c.h; path = Logger.h; sourceTree = "<group>"; };
		1B482EDC16525E7C0062037D /* LogStream.h */ = {isa = PBXFileReference; fileEncoding = 4; lastKnownFileType = sourcecode.c.h; path = LogStream.h; sourceTree = "<group>"; };
		1B482EDD16525E7C0062037D /* NullLogger.h */ = {isa = PBXFileReference; fileEncoding = 4; lastKnownFileType = sourcecode.c.h; path = NullLogger.h; sourceTree = "<group>"; };
		1B482EDE16525E7C0062037D /* ProgressHandler.h */ = {isa = PBXFileReference; fileEncoding = 4; lastKnownFileType = sourcecode.c.h; path = ProgressHandler.h; sourceTree = "<group>"; };
		1B482EE116525E7C0062037D /* assimp.a */ = {isa = PBXFileReference; lastKnownFileType = archive.ar; path = assimp.a; sourceTree = "<group>"; };
		1B482EE316525E7C0062037D /* ofx3DBaseLoader.h */ = {isa = PBXFileReference; fileEncoding = 4; lastKnownFileType = sourcecode.c.h; path = ofx3DBaseLoader.h; sourceTree = "<group>"; };
		1B482EE416525E7C0062037D /* ofxAssimpMeshHelper.h */ = {isa = PBXFileReference; fileEncoding = 4; lastKnownFileType = sourcecode.c.h; path = ofxAssimpMeshHelper.h; sourceTree = "<group>"; };
		1B482EE516525E7C0062037D /* ofxAssimpModelLoader.cpp */ = {isa = PBXFileReference; fileEncoding = 4; lastKnownFileType = sourcecode.cpp.cpp; path = ofxAssimpModelLoader.cpp; sourceTree = "<group>"; };
		1B482EE616525E7C0062037D /* ofxAssimpModelLoader.h */ = {isa = PBXFileReference; fileEncoding = 4; lastKnownFileType = sourcecode.c.h; path = ofxAssimpModelLoader.h; sourceTree = "<group>"; };
		1B91891B15E353460031EAA8 /* README.md */ = {isa = PBXFileReference; fileEncoding = 4; lastKnownFileType = text; path = README.md; sourceTree = "<group>"; };
		1BCF431B16533938006B33AF /* ofTextureAdv.cpp */ = {isa = PBXFileReference; fileEncoding = 4; lastKnownFileType = sourcecode.cpp.cpp; path = ofTextureAdv.cpp; sourceTree = "<group>"; };
		1BCF431C16533938006B33AF /* ofTextureAdv.h */ = {isa = PBXFileReference; fileEncoding = 4; lastKnownFileType = sourcecode.c.h; path = ofTextureAdv.h; sourceTree = "<group>"; };
		1BCF431D16533938006B33AF /* renderManager.cpp */ = {isa = PBXFileReference; fileEncoding = 4; lastKnownFileType = sourcecode.cpp.cpp; path = renderManager.cpp; sourceTree = "<group>"; };
		1BCF431E16533938006B33AF /* renderManager.h */ = {isa = PBXFileReference; fileEncoding = 4; lastKnownFileType = sourcecode.c.h; path = renderManager.h; sourceTree = "<group>"; };
		1BCF432316533A0A006B33AF /* .gitignore */ = {isa = PBXFileReference; fileEncoding = 4; lastKnownFileType = text; path = .gitignore; sourceTree = "<group>"; };
		1BCF432516533A0A006B33AF /* ofxDraggable.h */ = {isa = PBXFileReference; fileEncoding = 4; lastKnownFileType = sourcecode.c.h; path = ofxDraggable.h; sourceTree = "<group>"; };
		51AE764D15CE784A00AFF27C /* ofxBezierWarp.cpp */ = {isa = PBXFileReference; fileEncoding = 4; lastKnownFileType = sourcecode.cpp.cpp; path = ofxBezierWarp.cpp; sourceTree = "<group>"; };
		51AE764E15CE784A00AFF27C /* ofxBezierWarp.h */ = {isa = PBXFileReference; fileEncoding = 4; lastKnownFileType = sourcecode.c.h; path = ofxBezierWarp.h; sourceTree = "<group>"; };
		51AE773815CE7C2C00AFF27C /* tinyxml.cpp */ = {isa = PBXFileReference; fileEncoding = 4; lastKnownFileType = sourcecode.cpp.cpp; path = tinyxml.cpp; sourceTree = "<group>"; };
		51AE773915CE7C2C00AFF27C /* tinyxml.h */ = {isa = PBXFileReference; fileEncoding = 4; lastKnownFileType = sourcecode.c.h; path = tinyxml.h; sourceTree = "<group>"; };
		51AE773A15CE7C2C00AFF27C /* tinyxmlerror.cpp */ = {isa = PBXFileReference; fileEncoding = 4; lastKnownFileType = sourcecode.cpp.cpp; path = tinyxmlerror.cpp; sourceTree = "<group>"; };
		51AE773B15CE7C2C00AFF27C /* tinyxmlparser.cpp */ = {isa = PBXFileReference; fileEncoding = 4; lastKnownFileType = sourcecode.cpp.cpp; path = tinyxmlparser.cpp; sourceTree = "<group>"; };
		51AE773D15CE7C2C00AFF27C /* ofxXmlSettings.cpp */ = {isa = PBXFileReference; fileEncoding = 4; lastKnownFileType = sourcecode.cpp.cpp; path = ofxXmlSettings.cpp; sourceTree = "<group>"; };
		51AE773E15CE7C2C00AFF27C /* ofxXmlSettings.h */ = {isa = PBXFileReference; fileEncoding = 4; lastKnownFileType = sourcecode.c.h; path = ofxXmlSettings.h; sourceTree = "<group>"; };
		BBAB23BE13894E4700AA2426 /* GLUT.framework */ = {isa = PBXFileReference; lastKnownFileType = wrapper.framework; name = GLUT.framework; path = ../../../libs/glut/lib/osx/GLUT.framework; sourceTree = "<group>"; };
		E4328143138ABC890047C5CB /* openFrameworksLib.xcodeproj */ = {isa = PBXFileReference; lastKnownFileType = "wrapper.pb-project"; name = openFrameworksLib.xcodeproj; path = ../../../libs/openFrameworksCompiled/project/osx/openFrameworksLib.xcodeproj; sourceTree = SOURCE_ROOT; };
		E45BE9710E8CC7DD009D7055 /* AGL.framework */ = {isa = PBXFileReference; lastKnownFileType = wrapper.framework; name = AGL.framework; path = /System/Library/Frameworks/AGL.framework; sourceTree = "<absolute>"; };
		E45BE9720E8CC7DD009D7055 /* ApplicationServices.framework */ = {isa = PBXFileReference; lastKnownFileType = wrapper.framework; name = ApplicationServices.framework; path = /System/Library/Frameworks/ApplicationServices.framework; sourceTree = "<absolute>"; };
		E45BE9730E8CC7DD009D7055 /* AudioToolbox.framework */ = {isa = PBXFileReference; lastKnownFileType = wrapper.framework; name = AudioToolbox.framework; path = /System/Library/Frameworks/AudioToolbox.framework; sourceTree = "<absolute>"; };
		E45BE9740E8CC7DD009D7055 /* Carbon.framework */ = {isa = PBXFileReference; lastKnownFileType = wrapper.framework; name = Carbon.framework; path = /System/Library/Frameworks/Carbon.framework; sourceTree = "<absolute>"; };
		E45BE9750E8CC7DD009D7055 /* CoreAudio.framework */ = {isa = PBXFileReference; lastKnownFileType = wrapper.framework; name = CoreAudio.framework; path = /System/Library/Frameworks/CoreAudio.framework; sourceTree = "<absolute>"; };
		E45BE9760E8CC7DD009D7055 /* CoreFoundation.framework */ = {isa = PBXFileReference; lastKnownFileType = wrapper.framework; name = CoreFoundation.framework; path = /System/Library/Frameworks/CoreFoundation.framework; sourceTree = "<absolute>"; };
		E45BE9770E8CC7DD009D7055 /* CoreServices.framework */ = {isa = PBXFileReference; lastKnownFileType = wrapper.framework; name = CoreServices.framework; path = /System/Library/Frameworks/CoreServices.framework; sourceTree = "<absolute>"; };
		E45BE9790E8CC7DD009D7055 /* OpenGL.framework */ = {isa = PBXFileReference; lastKnownFileType = wrapper.framework; name = OpenGL.framework; path = /System/Library/Frameworks/OpenGL.framework; sourceTree = "<absolute>"; };
		E45BE97A0E8CC7DD009D7055 /* QuickTime.framework */ = {isa = PBXFileReference; lastKnownFileType = wrapper.framework; name = QuickTime.framework; path = /System/Library/Frameworks/QuickTime.framework; sourceTree = "<absolute>"; };
		E4B69B5B0A3A1756003C02F2 /* ProjectionWarpperDebug.app */ = {isa = PBXFileReference; explicitFileType = wrapper.application; includeInIndex = 0; path = ProjectionWarpperDebug.app; sourceTree = BUILT_PRODUCTS_DIR; };
		E4B69E1D0A3A1BDC003C02F2 /* main.cpp */ = {isa = PBXFileReference; fileEncoding = 30; lastKnownFileType = sourcecode.cpp.cpp; name = main.cpp; path = src/main.cpp; sourceTree = SOURCE_ROOT; };
		E4B69E1E0A3A1BDC003C02F2 /* testApp.cpp */ = {isa = PBXFileReference; explicitFileType = sourcecode.cpp.cpp; fileEncoding = 30; name = testApp.cpp; path = src/testApp.cpp; sourceTree = SOURCE_ROOT; };
		E4B69E1F0A3A1BDC003C02F2 /* testApp.h */ = {isa = PBXFileReference; fileEncoding = 30; lastKnownFileType = sourcecode.c.h; name = testApp.h; path = src/testApp.h; sourceTree = SOURCE_ROOT; };
		E4B6FCAD0C3E899E008CF71C /* openFrameworks-Info.plist */ = {isa = PBXFileReference; fileEncoding = 30; lastKnownFileType = text.plist.xml; path = "openFrameworks-Info.plist"; sourceTree = "<group>"; };
		E4C2424410CC5A17004149E2 /* AppKit.framework */ = {isa = PBXFileReference; lastKnownFileType = wrapper.framework; name = AppKit.framework; path = /System/Library/Frameworks/AppKit.framework; sourceTree = "<absolute>"; };
		E4C2424510CC5A17004149E2 /* Cocoa.framework */ = {isa = PBXFileReference; lastKnownFileType = wrapper.framework; name = Cocoa.framework; path = /System/Library/Frameworks/Cocoa.framework; sourceTree = "<absolute>"; };
		E4C2424610CC5A17004149E2 /* IOKit.framework */ = {isa = PBXFileReference; lastKnownFileType = wrapper.framework; name = IOKit.framework; path = /System/Library/Frameworks/IOKit.framework; sourceTree = "<absolute>"; };
		E4EB691F138AFCF100A09F29 /* CoreOF.xcconfig */ = {isa = PBXFileReference; fileEncoding = 4; lastKnownFileType = text.xcconfig; name = CoreOF.xcconfig; path = ../../../libs/openFrameworksCompiled/project/osx/CoreOF.xcconfig; sourceTree = SOURCE_ROOT; };
		E4EB6923138AFD0F00A09F29 /* Project.xcconfig */ = {isa = PBXFileReference; fileEncoding = 4; lastKnownFileType = text.xcconfig; path = Project.xcconfig; sourceTree = "<group>"; };
/* End PBXFileReference section */

/* Begin PBXFrameworksBuildPhase section */
		E4B69B590A3A1756003C02F2 /* Frameworks */ = {
			isa = PBXFrameworksBuildPhase;
			buildActionMask = 2147483647;
			files = (
				E4EB6799138ADC1D00A09F29 /* GLUT.framework in Frameworks */,
				E4328149138ABC9F0047C5CB /* openFrameworksDebug.a in Frameworks */,
				E45BE97B0E8CC7DD009D7055 /* AGL.framework in Frameworks */,
				E45BE97C0E8CC7DD009D7055 /* ApplicationServices.framework in Frameworks */,
				E45BE97D0E8CC7DD009D7055 /* AudioToolbox.framework in Frameworks */,
				E45BE97E0E8CC7DD009D7055 /* Carbon.framework in Frameworks */,
				E45BE97F0E8CC7DD009D7055 /* CoreAudio.framework in Frameworks */,
				E45BE9800E8CC7DD009D7055 /* CoreFoundation.framework in Frameworks */,
				E45BE9810E8CC7DD009D7055 /* CoreServices.framework in Frameworks */,
				E45BE9830E8CC7DD009D7055 /* OpenGL.framework in Frameworks */,
				E45BE9840E8CC7DD009D7055 /* QuickTime.framework in Frameworks */,
				E4C2424710CC5A17004149E2 /* AppKit.framework in Frameworks */,
				E4C2424810CC5A17004149E2 /* Cocoa.framework in Frameworks */,
				E4C2424910CC5A17004149E2 /* IOKit.framework in Frameworks */,
				1B21590215D89FBB00BE1804 /* CoreVideo.framework in Frameworks */,
				1B21590315D89FBB00BE1804 /* QTKit.framework in Frameworks */,
				1B482EE716525E7C0062037D /* assimp.a in Frameworks */,
			);
			runOnlyForDeploymentPostprocessing = 0;
		};
/* End PBXFrameworksBuildPhase section */

/* Begin PBXGroup section */
		1B21590915D8A95200BE1804 /* Mapping */ = {
			isa = PBXGroup;
			children = (
				1B21590B15D8AA7B00BE1804 /* WarpGlobal.h */,
				1B21590A15D8A98E00BE1804 /* MyBizierWarp.h */,
			);
			name = Mapping;
			sourceTree = "<group>";
		};
		1B21EB9515D11823005144C8 /* ofxNetwork */ = {
			isa = PBXGroup;
			children = (
				1B21EB9915D11824005144C8 /* src */,
			);
			name = ofxNetwork;
			path = ../../../addons/ofxNetwork;
			sourceTree = "<group>";
		};
		1B21EB9915D11824005144C8 /* src */ = {
			isa = PBXGroup;
			children = (
				1B21EB9A15D11824005144C8 /* ofxNetwork.h */,
				1B21EB9B15D11824005144C8 /* ofxNetworkUtils.h */,
				1B21EB9C15D11824005144C8 /* ofxTCPClient.cpp */,
				1B21EB9D15D11824005144C8 /* ofxTCPClient.h */,
				1B21EB9E15D11824005144C8 /* ofxTCPManager.cpp */,
				1B21EB9F15D11824005144C8 /* ofxTCPManager.h */,
				1B21EBA015D11824005144C8 /* ofxTCPServer.cpp */,
				1B21EBA115D11824005144C8 /* ofxTCPServer.h */,
				1B21EBA215D11824005144C8 /* ofxUDPManager.cpp */,
				1B21EBA315D11824005144C8 /* ofxUDPManager.h */,
			);
			path = src;
			sourceTree = "<group>";
		};
		1B482E2D1652584C0062037D /* ofxMSAInteractiveObject */ = {
			isa = PBXGroup;
			children = (
				1B482E331652584C0062037D /* src */,
			);
			name = ofxMSAInteractiveObject;
			path = ../../../addons/ofxMSAInteractiveObject;
			sourceTree = "<group>";
		};
		1B482E331652584C0062037D /* src */ = {
			isa = PBXGroup;
			children = (
				1B482E341652584C0062037D /* ofxMSAInteractiveObject.cpp */,
				1B482E351652584C0062037D /* ofxMSAInteractiveObject.h */,
				1B482E361652584C0062037D /* ofxMSAInteractiveObjectDelegate.h */,
			);
			path = src;
			sourceTree = "<group>";
		};
		1B482E371652584C0062037D /* ofxSimpleGuiToo */ = {
			isa = PBXGroup;
			children = (
				1B482E431652584C0062037D /* src */,
			);
			name = ofxSimpleGuiToo;
			path = ../../../addons/ofxSimpleGuiToo;
			sourceTree = "<group>";
		};
		1B482E431652584C0062037D /* src */ = {
			isa = PBXGroup;
			children = (
				1B482E441652584C0062037D /* Controls */,
				1B482E5C1652584C0062037D /* ofxSimpleGuiConfig.cpp */,
				1B482E5D1652584C0062037D /* ofxSimpleGuiConfig.h */,
				1B482E5E1652584C0062037D /* ofxSimpleGuiControl.cpp */,
				1B482E5F1652584C0062037D /* ofxSimpleGuiControl.h */,
				1B482E601652584C0062037D /* ofxSimpleGuiIncludes.h */,
				1B482E611652584C0062037D /* ofxSimpleGuiPage.cpp */,
				1B482E621652584C0062037D /* ofxSimpleGuiPage.h */,
				1B482E631652584C0062037D /* ofxSimpleGuiToo.cpp */,
				1B482E641652584C0062037D /* ofxSimpleGuiToo.h */,
				1B482E651652584C0062037D /* ofxSimpleGuiValueControl.cpp */,
				1B482E661652584C0062037D /* ofxSimpleGuiValueControl.h */,
			);
			path = src;
			sourceTree = "<group>";
		};
		1B482E441652584C0062037D /* Controls */ = {
			isa = PBXGroup;
			children = (
				1B482E451652584C0062037D /* ofxSimpleGuiButton.cpp */,
				1B482E461652584C0062037D /* ofxSimpleGuiButton.h */,
				1B482E471652584C0062037D /* ofxSimpleGuiColorPicker.cpp */,
				1B482E481652584C0062037D /* ofxSimpleGuiColorPicker.h */,
				1B482E491652584C0062037D /* ofxSimpleGuiComboBox.cpp */,
				1B482E4A1652584C0062037D /* ofxSimpleGuiComboBox.h */,
				1B482E4B1652584C0062037D /* ofxSimpleGuiContent.cpp */,
				1B482E4C1652584C0062037D /* ofxSimpleGuiContent.h */,
				1B482E4D1652584C0062037D /* ofxSimpleGuiFPSCounter.cpp */,
				1B482E4E1652584C0062037D /* ofxSimpleGuiFPSCounter.h */,
				1B482E4F1652584C0062037D /* ofxSimpleGuiMovieSlider.cpp */,
				1B482E501652584C0062037D /* ofxSimpleGuiMovieSlider.h */,
				1B482E511652584C0062037D /* ofxSimpleGuiQuadWarp.cpp */,
				1B482E521652584C0062037D /* ofxSimpleGuiQuadWarp.h */,
				1B482E531652584C0062037D /* ofxSimpleGuiSlider2d.cpp */,
				1B482E541652584C0062037D /* ofxSimpleGuiSlider2d.h */,
				1B482E551652584C0062037D /* ofxSimpleGuiSliderBase.h */,
				1B482E561652584C0062037D /* ofxSimpleGuiSliderFloat.h */,
				1B482E571652584C0062037D /* ofxSimpleGuiSliderInt.h */,
				1B482E581652584C0062037D /* ofxSimpleGuiTitle.cpp */,
				1B482E591652584C0062037D /* ofxSimpleGuiTitle.h */,
				1B482E5A1652584C0062037D /* ofxSimpleGuiToggle.cpp */,
				1B482E5B1652584C0062037D /* ofxSimpleGuiToggle.h */,
			);
			path = Controls;
			sourceTree = "<group>";
		};
		1B482E79165259250062037D /* ofxOsc */ = {
			isa = PBXGroup;
			children = (
				1B482E7A165259250062037D /* install.xml */,
				1B482E7B165259250062037D /* libs */,
				1B482E98165259250062037D /* src */,
			);
			name = ofxOsc;
			path = ../../../addons/ofxOsc;
			sourceTree = "<group>";
		};
		1B482E7B165259250062037D /* libs */ = {
			isa = PBXGroup;
			children = (
				1B482E7C165259250062037D /* oscpack */,
			);
			path = libs;
			sourceTree = "<group>";
		};
		1B482E7C165259250062037D /* oscpack */ = {
			isa = PBXGroup;
			children = (
				1B482E7D165259250062037D /* src */,
			);
			path = oscpack;
			sourceTree = "<group>";
		};
		1B482E7D165259250062037D /* src */ = {
			isa = PBXGroup;
			children = (
				1B482E7E165259250062037D /* ip */,
				1B482E8B165259250062037D /* osc */,
			);
			path = src;
			sourceTree = "<group>";
		};
		1B482E7E165259250062037D /* ip */ = {
			isa = PBXGroup;
			children = (
				1B482E7F165259250062037D /* IpEndpointName.cpp */,
				1B482E80165259250062037D /* IpEndpointName.h */,
				1B482E81165259250062037D /* NetworkingUtils.h */,
				1B482E82165259250062037D /* PacketListener.h */,
				1B482E83165259250062037D /* posix */,
				1B482E86165259250062037D /* TimerListener.h */,
				1B482E87165259250062037D /* UdpSocket.h */,
				1B482E88165259250062037D /* win32 */,
			);
			path = ip;
			sourceTree = "<group>";
		};
		1B482E83165259250062037D /* posix */ = {
			isa = PBXGroup;
			children = (
				1B482E84165259250062037D /* NetworkingUtils.cpp */,
				1B482E85165259250062037D /* UdpSocket.cpp */,
			);
			path = posix;
			sourceTree = "<group>";
		};
		1B482E88165259250062037D /* win32 */ = {
			isa = PBXGroup;
			children = (
				1B482E89165259250062037D /* NetworkingUtilsWin.cpp */,
				1B482E8A165259250062037D /* UdpSocketWin.cpp */,
			);
			path = win32;
			sourceTree = "<group>";
		};
		1B482E8B165259250062037D /* osc */ = {
			isa = PBXGroup;
			children = (
				1B482E8C165259250062037D /* MessageMappingOscPacketListener.h */,
				1B482E8D165259250062037D /* OscException.h */,
				1B482E8E165259250062037D /* OscHostEndianness.h */,
				1B482E8F165259250062037D /* OscOutboundPacketStream.cpp */,
				1B482E90165259250062037D /* OscOutboundPacketStream.h */,
				1B482E91165259250062037D /* OscPacketListener.h */,
				1B482E92165259250062037D /* OscPrintReceivedElements.cpp */,
				1B482E93165259250062037D /* OscPrintReceivedElements.h */,
				1B482E94165259250062037D /* OscReceivedElements.cpp */,
				1B482E95165259250062037D /* OscReceivedElements.h */,
				1B482E96165259250062037D /* OscTypes.cpp */,
				1B482E97165259250062037D /* OscTypes.h */,
			);
			path = osc;
			sourceTree = "<group>";
		};
		1B482E98165259250062037D /* src */ = {
			isa = PBXGroup;
			children = (
				1B482E99165259250062037D /* ofxOsc.h */,
				1B482E9A165259250062037D /* ofxOscArg.h */,
				1B482E9B165259250062037D /* ofxOscBundle.cpp */,
				1B482E9C165259250062037D /* ofxOscBundle.h */,
				1B482E9D165259250062037D /* ofxOscMessage.cpp */,
				1B482E9E165259250062037D /* ofxOscMessage.h */,
				1B482E9F165259250062037D /* ofxOscReceiver.cpp */,
				1B482EA0165259250062037D /* ofxOscReceiver.h */,
				1B482EA1165259250062037D /* ofxOscSender.cpp */,
				1B482EA2165259250062037D /* ofxOscSender.h */,
			);
			path = src;
			sourceTree = "<group>";
		};
		1B482EB516525E7C0062037D /* ofxAssimpModelLoader */ = {
			isa = PBXGroup;
			children = (
				1B482EB616525E7C0062037D /* install.xml */,
				1B482EB716525E7C0062037D /* libs */,
				1B482EE216525E7C0062037D /* src */,
			);
			name = ofxAssimpModelLoader;
			path = ../../../addons/ofxAssimpModelLoader;
			sourceTree = "<group>";
		};
		1B482EB716525E7C0062037D /* libs */ = {
			isa = PBXGroup;
			children = (
				1B482EB816525E7C0062037D /* assimp */,
			);
			path = libs;
			sourceTree = "<group>";
		};
		1B482EB816525E7C0062037D /* assimp */ = {
			isa = PBXGroup;
			children = (
				1B482EB916525E7C0062037D /* include */,
				1B482EDF16525E7C0062037D /* lib */,
			);
			path = assimp;
			sourceTree = "<group>";
		};
		1B482EB916525E7C0062037D /* include */ = {
			isa = PBXGroup;
			children = (
				1B482EBA16525E7C0062037D /* aiAnim.h */,
				1B482EBB16525E7C0062037D /* aiAssert.h */,
				1B482EBC16525E7C0062037D /* aiCamera.h */,
				1B482EBD16525E7C0062037D /* aiColor4D.h */,
				1B482EBE16525E7C0062037D /* aiColor4D.inl */,
				1B482EBF16525E7C0062037D /* aiConfig.h */,
				1B482EC016525E7C0062037D /* aiDefines.h */,
				1B482EC116525E7C0062037D /* aiFileIO.h */,
				1B482EC216525E7C0062037D /* aiLight.h */,
				1B482EC316525E7C0062037D /* aiMaterial.h */,
				1B482EC416525E7C0062037D /* aiMaterial.inl */,
				1B482EC516525E7C0062037D /* aiMatrix3x3.h */,
				1B482EC616525E7C0062037D /* aiMatrix3x3.inl */,
				1B482EC716525E7C0062037D /* aiMatrix4x4.h */,
				1B482EC816525E7C0062037D /* aiMatrix4x4.inl */,
				1B482EC916525E7C0062037D /* aiMesh.h */,
				1B482ECA16525E7C0062037D /* aiPostProcess.h */,
				1B482ECB16525E7C0062037D /* aiQuaternion.h */,
				1B482ECC16525E7C0062037D /* aiScene.h */,
				1B482ECD16525E7C0062037D /* aiTexture.h */,
				1B482ECE16525E7C0062037D /* aiTypes.h */,
				1B482ECF16525E7C0062037D /* aiVector2D.h */,
				1B482ED016525E7C0062037D /* aiVector3D.h */,
				1B482ED116525E7C0062037D /* aiVector3D.inl */,
				1B482ED216525E7C0062037D /* aiVersion.h */,
				1B482ED316525E7C0062037D /* assimp.h */,
				1B482ED416525E7C0062037D /* assimp.hpp */,
				1B482ED516525E7C0062037D /* Compiler */,
				1B482ED816525E7C0062037D /* DefaultLogger.h */,
				1B482ED916525E7C0062037D /* IOStream.h */,
				1B482EDA16525E7C0062037D /* IOSystem.h */,
				1B482EDB16525E7C0062037D /* Logger.h */,
				1B482EDC16525E7C0062037D /* LogStream.h */,
				1B482EDD16525E7C0062037D /* NullLogger.h */,
				1B482EDE16525E7C0062037D /* ProgressHandler.h */,
			);
			path = include;
			sourceTree = "<group>";
		};
		1B482ED516525E7C0062037D /* Compiler */ = {
			isa = PBXGroup;
			children = (
				1B482ED616525E7C0062037D /* poppack1.h */,
				1B482ED716525E7C0062037D /* pushpack1.h */,
			);
			path = Compiler;
			sourceTree = "<group>";
		};
		1B482EDF16525E7C0062037D /* lib */ = {
			isa = PBXGroup;
			children = (
				1B482EE016525E7C0062037D /* osx */,
			);
			path = lib;
			sourceTree = "<group>";
		};
		1B482EE016525E7C0062037D /* osx */ = {
			isa = PBXGroup;
			children = (
				1B482EE116525E7C0062037D /* assimp.a */,
			);
			path = osx;
			sourceTree = "<group>";
		};
		1B482EE216525E7C0062037D /* src */ = {
			isa = PBXGroup;
			children = (
				1B482EE316525E7C0062037D /* ofx3DBaseLoader.h */,
				1B482EE416525E7C0062037D /* ofxAssimpMeshHelper.h */,
				1B482EE516525E7C0062037D /* ofxAssimpModelLoader.cpp */,
				1B482EE616525E7C0062037D /* ofxAssimpModelLoader.h */,
			);
			path = src;
			sourceTree = "<group>";
		};
		1BCF431916533938006B33AF /* ofxRenderManager */ = {
			isa = PBXGroup;
			children = (
				1BCF431A16533938006B33AF /* src */,
			);
			name = ofxRenderManager;
			path = ../../../addons/ofxRenderManager;
			sourceTree = "<group>";
		};
		1BCF431A16533938006B33AF /* src */ = {
			isa = PBXGroup;
			children = (
				1BCF431B16533938006B33AF /* ofTextureAdv.cpp */,
				1BCF431C16533938006B33AF /* ofTextureAdv.h */,
				1BCF431D16533938006B33AF /* renderManager.cpp */,
				1BCF431E16533938006B33AF /* renderManager.h */,
			);
			path = src;
			sourceTree = "<group>";
		};
		1BCF432216533A0A006B33AF /* ofxDraggable */ = {
			isa = PBXGroup;
			children = (
				1BCF432316533A0A006B33AF /* .gitignore */,
				1BCF432416533A0A006B33AF /* src */,
			);
			name = ofxDraggable;
			path = ../../../addons/ofxDraggable;
			sourceTree = "<group>";
		};
		1BCF432416533A0A006B33AF /* src */ = {
			isa = PBXGroup;
			children = (
				1BCF432516533A0A006B33AF /* ofxDraggable.h */,
			);
			path = src;
			sourceTree = "<group>";
		};
		51AE75D415CE784900AFF27C /* ofxBezierWarp */ = {
			isa = PBXGroup;
			children = (
				51AE764C15CE784A00AFF27C /* src */,
			);
			name = ofxBezierWarp;
			path = ../../../addons/ofxBezierWarp;
			sourceTree = "<group>";
		};
		51AE764C15CE784A00AFF27C /* src */ = {
			isa = PBXGroup;
			children = (
				51AE764D15CE784A00AFF27C /* ofxBezierWarp.cpp */,
				51AE764E15CE784A00AFF27C /* ofxBezierWarp.h */,
			);
			path = src;
			sourceTree = "<group>";
		};
		51AE773615CE7C2C00AFF27C /* ofxXmlSettings */ = {
			isa = PBXGroup;
			children = (
				51AE773715CE7C2C00AFF27C /* libs */,
				51AE773C15CE7C2C00AFF27C /* src */,
			);
			name = ofxXmlSettings;
			path = ../../../addons/ofxXmlSettings;
			sourceTree = "<group>";
		};
		51AE773715CE7C2C00AFF27C /* libs */ = {
			isa = PBXGroup;
			children = (
				51AE773815CE7C2C00AFF27C /* tinyxml.cpp */,
				51AE773915CE7C2C00AFF27C /* tinyxml.h */,
				51AE773A15CE7C2C00AFF27C /* tinyxmlerror.cpp */,
				51AE773B15CE7C2C00AFF27C /* tinyxmlparser.cpp */,
			);
			path = libs;
			sourceTree = "<group>";
		};
		51AE773C15CE7C2C00AFF27C /* src */ = {
			isa = PBXGroup;
			children = (
				51AE773D15CE7C2C00AFF27C /* ofxXmlSettings.cpp */,
				51AE773E15CE7C2C00AFF27C /* ofxXmlSettings.h */,
			);
			path = src;
			sourceTree = "<group>";
		};
		BB4B014C10F69532006C3DED /* addons */ = {
			isa = PBXGroup;
			children = (
				1BCF432216533A0A006B33AF /* ofxDraggable */,
				1BCF431916533938006B33AF /* ofxRenderManager */,
				1B482EB516525E7C0062037D /* ofxAssimpModelLoader */,
				1B482E79165259250062037D /* ofxOsc */,
				1B482E2D1652584C0062037D /* ofxMSAInteractiveObject */,
				1B482E371652584C0062037D /* ofxSimpleGuiToo */,
				1B21EB9515D11823005144C8 /* ofxNetwork */,
				51AE75D415CE784900AFF27C /* ofxBezierWarp */,
				51AE773615CE7C2C00AFF27C /* ofxXmlSettings */,
			);
			name = addons;
			sourceTree = "<group>";
		};
		BBAB23C913894ECA00AA2426 /* system frameworks */ = {
			isa = PBXGroup;
			children = (
				1B21590015D89FBB00BE1804 /* CoreVideo.framework */,
				1B21590115D89FBB00BE1804 /* QTKit.framework */,
				E4C2424410CC5A17004149E2 /* AppKit.framework */,
				E4C2424510CC5A17004149E2 /* Cocoa.framework */,
				E4C2424610CC5A17004149E2 /* IOKit.framework */,
				E45BE9710E8CC7DD009D7055 /* AGL.framework */,
				E45BE9720E8CC7DD009D7055 /* ApplicationServices.framework */,
				E45BE9730E8CC7DD009D7055 /* AudioToolbox.framework */,
				E45BE9740E8CC7DD009D7055 /* Carbon.framework */,
				E45BE9750E8CC7DD009D7055 /* CoreAudio.framework */,
				E45BE9760E8CC7DD009D7055 /* CoreFoundation.framework */,
				E45BE9770E8CC7DD009D7055 /* CoreServices.framework */,
				E45BE9790E8CC7DD009D7055 /* OpenGL.framework */,
				E45BE97A0E8CC7DD009D7055 /* QuickTime.framework */,
			);
			name = "system frameworks";
			sourceTree = "<group>";
		};
		BBAB23CA13894EDB00AA2426 /* 3rd party frameworks */ = {
			isa = PBXGroup;
			children = (
				BBAB23BE13894E4700AA2426 /* GLUT.framework */,
			);
			name = "3rd party frameworks";
			sourceTree = "<group>";
		};
		E4328144138ABC890047C5CB /* Products */ = {
			isa = PBXGroup;
			children = (
				E4328148138ABC890047C5CB /* openFrameworksDebug.a */,
			);
			name = Products;
			sourceTree = "<group>";
		};
		E45BE5980E8CC70C009D7055 /* frameworks */ = {
			isa = PBXGroup;
			children = (
				BBAB23CA13894EDB00AA2426 /* 3rd party frameworks */,
				BBAB23C913894ECA00AA2426 /* system frameworks */,
			);
			name = frameworks;
			sourceTree = "<group>";
		};
		E4B69B4A0A3A1720003C02F2 = {
			isa = PBXGroup;
			children = (
				1B91891B15E353460031EAA8 /* README.md */,
				1B1B058915E3390F00172CC7 /* configs.xml */,
				E4B69E1C0A3A1BDC003C02F2 /* src */,
				E4B6FCAD0C3E899E008CF71C /* openFrameworks-Info.plist */,
				E4EB6923138AFD0F00A09F29 /* Project.xcconfig */,
				E4EEC9E9138DF44700A80321 /* openFrameworks */,
				BB4B014C10F69532006C3DED /* addons */,
				E45BE5980E8CC70C009D7055 /* frameworks */,
				E4B69B5B0A3A1756003C02F2 /* ProjectionWarpperDebug.app */,
			);
			sourceTree = "<group>";
		};
		E4B69E1C0A3A1BDC003C02F2 /* src */ = {
			isa = PBXGroup;
			children = (
				1B21590915D8A95200BE1804 /* Mapping */,
				E4B69E1D0A3A1BDC003C02F2 /* main.cpp */,
				E4B69E1E0A3A1BDC003C02F2 /* testApp.cpp */,
				E4B69E1F0A3A1BDC003C02F2 /* testApp.h */,
			);
			path = src;
			sourceTree = SOURCE_ROOT;
		};
		E4EEC9E9138DF44700A80321 /* openFrameworks */ = {
			isa = PBXGroup;
			children = (
				E4EB691F138AFCF100A09F29 /* CoreOF.xcconfig */,
				E4328143138ABC890047C5CB /* openFrameworksLib.xcodeproj */,
			);
			name = openFrameworks;
			sourceTree = "<group>";
		};
/* End PBXGroup section */

/* Begin PBXNativeTarget section */
		E4B69B5A0A3A1756003C02F2 /* ProjectionWarpper */ = {
			isa = PBXNativeTarget;
			buildConfigurationList = E4B69B5F0A3A1757003C02F2 /* Build configuration list for PBXNativeTarget "ProjectionWarpper" */;
			buildPhases = (
				E4B69B580A3A1756003C02F2 /* Sources */,
				E4B69B590A3A1756003C02F2 /* Frameworks */,
				E4B6FFFD0C3F9AB9008CF71C /* ShellScript */,
				E4C2427710CC5ABF004149E2 /* CopyFiles */,
			);
			buildRules = (
			);
			dependencies = (
				E4EEB9AC138B136A00A80321 /* PBXTargetDependency */,
			);
			name = ProjectionWarpper;
			productName = myOFApp;
			productReference = E4B69B5B0A3A1756003C02F2 /* ProjectionWarpperDebug.app */;
			productType = "com.apple.product-type.application";
		};
/* End PBXNativeTarget section */

/* Begin PBXProject section */
		E4B69B4C0A3A1720003C02F2 /* Project object */ = {
			isa = PBXProject;
			buildConfigurationList = E4B69B4D0A3A1720003C02F2 /* Build configuration list for PBXProject "ProjectionWarpper" */;
			compatibilityVersion = "Xcode 2.4";
			developmentRegion = English;
			hasScannedForEncodings = 0;
			knownRegions = (
				English,
				Japanese,
				French,
				German,
			);
			mainGroup = E4B69B4A0A3A1720003C02F2;
			productRefGroup = E4B69B4A0A3A1720003C02F2;
			projectDirPath = "";
			projectReferences = (
				{
					ProductGroup = E4328144138ABC890047C5CB /* Products */;
					ProjectRef = E4328143138ABC890047C5CB /* openFrameworksLib.xcodeproj */;
				},
			);
			projectRoot = "";
			targets = (
				E4B69B5A0A3A1756003C02F2 /* ProjectionWarpper */,
			);
		};
/* End PBXProject section */

/* Begin PBXReferenceProxy section */
		E4328148138ABC890047C5CB /* openFrameworksDebug.a */ = {
			isa = PBXReferenceProxy;
			fileType = archive.ar;
			path = openFrameworksDebug.a;
			remoteRef = E4328147138ABC890047C5CB /* PBXContainerItemProxy */;
			sourceTree = BUILT_PRODUCTS_DIR;
		};
/* End PBXReferenceProxy section */

/* Begin PBXShellScriptBuildPhase section */
		E4B6FFFD0C3F9AB9008CF71C /* ShellScript */ = {
			isa = PBXShellScriptBuildPhase;
			buildActionMask = 2147483647;
			files = (
			);
			inputPaths = (
			);
			outputPaths = (
			);
			runOnlyForDeploymentPostprocessing = 0;
			shellPath = /bin/sh;
			shellScript = "cp -f ../../../libs/fmodex/lib/osx/libfmodex.dylib \"$TARGET_BUILD_DIR/$PRODUCT_NAME.app/Contents/MacOS/libfmodex.dylib\"; install_name_tool -change ./libfmodex.dylib @executable_path/libfmodex.dylib \"$TARGET_BUILD_DIR/$PRODUCT_NAME.app/Contents/MacOS/$PRODUCT_NAME\";";
		};
/* End PBXShellScriptBuildPhase section */

/* Begin PBXSourcesBuildPhase section */
		E4B69B580A3A1756003C02F2 /* Sources */ = {
			isa = PBXSourcesBuildPhase;
			buildActionMask = 2147483647;
			files = (
				E4B69E200A3A1BDC003C02F2 /* main.cpp in Sources */,
				E4B69E210A3A1BDC003C02F2 /* testApp.cpp in Sources */,
				51AE771B15CE786700AFF27C /* ofxBezierWarp.cpp in Sources */,
				51AE773F15CE7C2C00AFF27C /* tinyxml.cpp in Sources */,
				51AE774015CE7C2C00AFF27C /* tinyxmlerror.cpp in Sources */,
				51AE774115CE7C2C00AFF27C /* tinyxmlparser.cpp in Sources */,
				51AE774215CE7C2C00AFF27C /* ofxXmlSettings.cpp in Sources */,
				1B21EBA415D11824005144C8 /* ofxTCPClient.cpp in Sources */,
				1B21EBA515D11824005144C8 /* ofxTCPManager.cpp in Sources */,
				1B21EBA615D11824005144C8 /* ofxTCPServer.cpp in Sources */,
				1B21EBA715D11824005144C8 /* ofxUDPManager.cpp in Sources */,
				1B482E671652584C0062037D /* ofxMSAInteractiveObject.cpp in Sources */,
				1B482E6A1652584C0062037D /* ofxSimpleGuiButton.cpp in Sources */,
				1B482E6B1652584C0062037D /* ofxSimpleGuiColorPicker.cpp in Sources */,
				1B482E6C1652584C0062037D /* ofxSimpleGuiComboBox.cpp in Sources */,
				1B482E6D1652584C0062037D /* ofxSimpleGuiContent.cpp in Sources */,
				1B482E6E1652584C0062037D /* ofxSimpleGuiFPSCounter.cpp in Sources */,
				1B482E6F1652584C0062037D /* ofxSimpleGuiMovieSlider.cpp in Sources */,
				1B482E701652584C0062037D /* ofxSimpleGuiQuadWarp.cpp in Sources */,
				1B482E711652584C0062037D /* ofxSimpleGuiSlider2d.cpp in Sources */,
				1B482E721652584C0062037D /* ofxSimpleGuiTitle.cpp in Sources */,
				1B482E731652584C0062037D /* ofxSimpleGuiToggle.cpp in Sources */,
				1B482E741652584C0062037D /* ofxSimpleGuiConfig.cpp in Sources */,
				1B482E751652584C0062037D /* ofxSimpleGuiControl.cpp in Sources */,
				1B482E761652584C0062037D /* ofxSimpleGuiPage.cpp in Sources */,
				1B482E771652584C0062037D /* ofxSimpleGuiToo.cpp in Sources */,
				1B482E781652584C0062037D /* ofxSimpleGuiValueControl.cpp in Sources */,
				1B482EA3165259250062037D /* IpEndpointName.cpp in Sources */,
				1B482EA4165259250062037D /* NetworkingUtils.cpp in Sources */,
				1B482EA5165259250062037D /* UdpSocket.cpp in Sources */,
				1B482EA6165259250062037D /* NetworkingUtilsWin.cpp in Sources */,
				1B482EA7165259250062037D /* UdpSocketWin.cpp in Sources */,
				1B482EA8165259250062037D /* OscOutboundPacketStream.cpp in Sources */,
				1B482EA9165259250062037D /* OscPrintReceivedElements.cpp in Sources */,
				1B482EAA165259250062037D /* OscReceivedElements.cpp in Sources */,
				1B482EAB165259250062037D /* OscTypes.cpp in Sources */,
				1B482EAC165259250062037D /* ofxOscBundle.cpp in Sources */,
				1B482EAD165259250062037D /* ofxOscMessage.cpp in Sources */,
				1B482EAE165259250062037D /* ofxOscReceiver.cpp in Sources */,
				1B482EAF165259250062037D /* ofxOscSender.cpp in Sources */,
				1B482EE816525E7C0062037D /* ofxAssimpModelLoader.cpp in Sources */,
				1BCF431F16533938006B33AF /* ofTextureAdv.cpp in Sources */,
				1BCF432016533938006B33AF /* renderManager.cpp in Sources */,
			);
			runOnlyForDeploymentPostprocessing = 0;
		};
/* End PBXSourcesBuildPhase section */

/* Begin PBXTargetDependency section */
		E4EEB9AC138B136A00A80321 /* PBXTargetDependency */ = {
			isa = PBXTargetDependency;
			name = openFrameworks;
			targetProxy = E4EEB9AB138B136A00A80321 /* PBXContainerItemProxy */;
		};
/* End PBXTargetDependency section */

/* Begin XCBuildConfiguration section */
		E4B69B4E0A3A1720003C02F2 /* Debug */ = {
			isa = XCBuildConfiguration;
			baseConfigurationReference = E4EB6923138AFD0F00A09F29 /* Project.xcconfig */;
			buildSettings = {
				ARCHS = "$(NATIVE_ARCH)";
				CONFIGURATION_BUILD_DIR = "$(SRCROOT)/bin/";
				COPY_PHASE_STRIP = NO;
				DEAD_CODE_STRIPPING = YES;
				GCC_AUTO_VECTORIZATION = YES;
				GCC_ENABLE_SSE3_EXTENSIONS = YES;
				GCC_ENABLE_SUPPLEMENTAL_SSE3_INSTRUCTIONS = YES;
				GCC_INLINES_ARE_PRIVATE_EXTERN = NO;
				GCC_OPTIMIZATION_LEVEL = 0;
				GCC_SYMBOLS_PRIVATE_EXTERN = NO;
				GCC_WARN_ABOUT_DEPRECATED_FUNCTIONS = NO;
				GCC_WARN_ABOUT_INVALID_OFFSETOF_MACRO = NO;
				GCC_WARN_ALLOW_INCOMPLETE_PROTOCOL = NO;
				GCC_WARN_UNINITIALIZED_AUTOS = NO;
				GCC_WARN_UNUSED_VALUE = NO;
				GCC_WARN_UNUSED_VARIABLE = NO;
				HEADER_SEARCH_PATHS = (
					"$(OF_CORE_HEADERS)",
					src,
					"$(OF_PATH)/addons/ofxOsc/libs/oscpack/src",
				);
				OTHER_CPLUSPLUSFLAGS = (
					"-D__MACOSX_CORE__",
					"-lpthread",
					"-mtune=native",
				);
				USER_HEADER_SEARCH_PATHS = "$(OF_CORE_HEADERS) src \"$(OF_PATH)/addons/ofxOpenCv/libs/opencv/include\"";
			};
			name = Debug;
		};
		E4B69B4F0A3A1720003C02F2 /* Release */ = {
			isa = XCBuildConfiguration;
			baseConfigurationReference = E4EB6923138AFD0F00A09F29 /* Project.xcconfig */;
			buildSettings = {
				ARCHS = "$(NATIVE_ARCH)";
				CONFIGURATION_BUILD_DIR = "$(SRCROOT)/bin/";
				COPY_PHASE_STRIP = YES;
				DEAD_CODE_STRIPPING = YES;
				GCC_AUTO_VECTORIZATION = YES;
				GCC_ENABLE_SSE3_EXTENSIONS = YES;
				GCC_ENABLE_SUPPLEMENTAL_SSE3_INSTRUCTIONS = YES;
				GCC_INLINES_ARE_PRIVATE_EXTERN = NO;
				GCC_OPTIMIZATION_LEVEL = 3;
				GCC_SYMBOLS_PRIVATE_EXTERN = NO;
				GCC_UNROLL_LOOPS = YES;
				GCC_WARN_ABOUT_DEPRECATED_FUNCTIONS = NO;
				GCC_WARN_ABOUT_INVALID_OFFSETOF_MACRO = NO;
				GCC_WARN_ALLOW_INCOMPLETE_PROTOCOL = NO;
				GCC_WARN_UNINITIALIZED_AUTOS = NO;
				GCC_WARN_UNUSED_VALUE = NO;
				GCC_WARN_UNUSED_VARIABLE = NO;
				HEADER_SEARCH_PATHS = (
					"$(OF_CORE_HEADERS)",
					src,
					"$(OF_PATH)/addons/ofxOsc/libs/oscpack/src",
				);
				OTHER_CPLUSPLUSFLAGS = (
					"-D__MACOSX_CORE__",
					"-lpthread",
					"-mtune=native",
				);
				USER_HEADER_SEARCH_PATHS = "$(OF_CORE_HEADERS) src \"$(OF_PATH)/addons/ofxOpenCv/libs/opencv/include\"";
			};
			name = Release;
		};
		E4B69B600A3A1757003C02F2 /* Debug */ = {
			isa = XCBuildConfiguration;
			buildSettings = {
				COPY_PHASE_STRIP = NO;
				FRAMEWORK_SEARCH_PATHS = (
					"$(inherited)",
					"$(FRAMEWORK_SEARCH_PATHS_QUOTED_FOR_TARGET_1)",
					"$(FRAMEWORK_SEARCH_PATHS_QUOTED_FOR_TARGET_2)",
				);
				FRAMEWORK_SEARCH_PATHS_QUOTED_FOR_TARGET_1 = "\"$(SRCROOT)/../../../libs/glut/lib/osx\"";
				GCC_DYNAMIC_NO_PIC = NO;
				GCC_ENABLE_FIX_AND_CONTINUE = YES;
				GCC_GENERATE_DEBUGGING_SYMBOLS = YES;
				GCC_MODEL_TUNING = NONE;
				GCC_PRECOMPILE_PREFIX_HEADER = YES;
				GCC_PREFIX_HEADER = "$(SYSTEM_LIBRARY_DIR)/Frameworks/Carbon.framework/Headers/Carbon.h";
				INFOPLIST_FILE = "openFrameworks-Info.plist";
				INSTALL_PATH = "$(HOME)/Applications";
				LIBRARY_SEARCH_PATHS = (
					"$(inherited)",
					"$(LIBRARY_SEARCH_PATHS_QUOTED_FOR_TARGET_1)",
					"$(LIBRARY_SEARCH_PATHS_QUOTED_FOR_TARGET_2)",
					"$(LIBRARY_SEARCH_PATHS_QUOTED_FOR_TARGET_3)",
					"$(LIBRARY_SEARCH_PATHS_QUOTED_FOR_TARGET_4)",
					"$(LIBRARY_SEARCH_PATHS_QUOTED_FOR_TARGET_5)",
					"$(LIBRARY_SEARCH_PATHS_QUOTED_FOR_TARGET_6)",
					"$(LIBRARY_SEARCH_PATHS_QUOTED_FOR_TARGET_7)",
					"$(LIBRARY_SEARCH_PATHS_QUOTED_FOR_TARGET_8)",
					"$(LIBRARY_SEARCH_PATHS_QUOTED_FOR_TARGET_9)",
					"$(LIBRARY_SEARCH_PATHS_QUOTED_FOR_TARGET_10)",
					"$(LIBRARY_SEARCH_PATHS_QUOTED_FOR_TARGET_11)",
					"$(LIBRARY_SEARCH_PATHS_QUOTED_FOR_TARGET_12)",
					"$(LIBRARY_SEARCH_PATHS_QUOTED_FOR_TARGET_13)",
					"$(LIBRARY_SEARCH_PATHS_QUOTED_FOR_TARGET_14)",
					"$(LIBRARY_SEARCH_PATHS_QUOTED_FOR_TARGET_15)",
					"$(LIBRARY_SEARCH_PATHS_QUOTED_FOR_TARGET_2)",
					"$(LIBRARY_SEARCH_PATHS_QUOTED_FOR_TARGET_3)",
					"$(LIBRARY_SEARCH_PATHS_QUOTED_FOR_TARGET_7)",
					"$(LIBRARY_SEARCH_PATHS_QUOTED_FOR_TARGET_8)",
					"$(LIBRARY_SEARCH_PATHS_QUOTED_FOR_TARGET_9)",
					"$(LIBRARY_SEARCH_PATHS_QUOTED_FOR_TARGET_10)",
					"$(LIBRARY_SEARCH_PATHS_QUOTED_FOR_TARGET_11)",
					"$(LIBRARY_SEARCH_PATHS_QUOTED_FOR_TARGET_12)",
					"$(LIBRARY_SEARCH_PATHS_QUOTED_FOR_TARGET_13)",
					"$(LIBRARY_SEARCH_PATHS_QUOTED_FOR_TARGET_16)",
					"$(LIBRARY_SEARCH_PATHS_QUOTED_FOR_TARGET_17)",
					"$(LIBRARY_SEARCH_PATHS_QUOTED_FOR_TARGET_18)",
					"$(LIBRARY_SEARCH_PATHS_QUOTED_FOR_TARGET_19)",
					"$(LIBRARY_SEARCH_PATHS_QUOTED_FOR_TARGET_20)",
					"$(LIBRARY_SEARCH_PATHS_QUOTED_FOR_TARGET_21)",
					"$(LIBRARY_SEARCH_PATHS_QUOTED_FOR_TARGET_22)",
					"$(LIBRARY_SEARCH_PATHS_QUOTED_FOR_TARGET_23)",
					"$(LIBRARY_SEARCH_PATHS_QUOTED_FOR_TARGET_24)",
					"$(LIBRARY_SEARCH_PATHS_QUOTED_FOR_TARGET_25)",
					"$(LIBRARY_SEARCH_PATHS_QUOTED_FOR_TARGET_26)",
					"$(LIBRARY_SEARCH_PATHS_QUOTED_FOR_TARGET_27)",
					"$(LIBRARY_SEARCH_PATHS_QUOTED_FOR_TARGET_28)",
					"$(LIBRARY_SEARCH_PATHS_QUOTED_FOR_TARGET_29)",
					"$(LIBRARY_SEARCH_PATHS_QUOTED_FOR_TARGET_30)",
					"$(LIBRARY_SEARCH_PATHS_QUOTED_FOR_TARGET_31)",
					"$(LIBRARY_SEARCH_PATHS_QUOTED_FOR_TARGET_32)",
					"$(LIBRARY_SEARCH_PATHS_QUOTED_FOR_TARGET_33)",
					"$(LIBRARY_SEARCH_PATHS_QUOTED_FOR_TARGET_34)",
					"$(LIBRARY_SEARCH_PATHS_QUOTED_FOR_TARGET_35)",
					"$(LIBRARY_SEARCH_PATHS_QUOTED_FOR_TARGET_36)",
					"$(LIBRARY_SEARCH_PATHS_QUOTED_FOR_TARGET_37)",
					"$(LIBRARY_SEARCH_PATHS_QUOTED_FOR_TARGET_38)",
					"$(LIBRARY_SEARCH_PATHS_QUOTED_FOR_TARGET_39)",
					"$(LIBRARY_SEARCH_PATHS_QUOTED_FOR_TARGET_40)",
					"$(LIBRARY_SEARCH_PATHS_QUOTED_FOR_TARGET_41)",
					"$(LIBRARY_SEARCH_PATHS_QUOTED_FOR_TARGET_42)",
					"$(LIBRARY_SEARCH_PATHS_QUOTED_FOR_TARGET_43)",
					"$(LIBRARY_SEARCH_PATHS_QUOTED_FOR_TARGET_44)",
					"$(LIBRARY_SEARCH_PATHS_QUOTED_FOR_TARGET_45)",
					"$(LIBRARY_SEARCH_PATHS_QUOTED_FOR_TARGET_46)",
					"$(LIBRARY_SEARCH_PATHS_QUOTED_FOR_TARGET_47)",
					"$(LIBRARY_SEARCH_PATHS_QUOTED_FOR_TARGET_48)",
					"$(LIBRARY_SEARCH_PATHS_QUOTED_FOR_TARGET_49)",
					"$(LIBRARY_SEARCH_PATHS_QUOTED_FOR_TARGET_50)",
					"$(LIBRARY_SEARCH_PATHS_QUOTED_FOR_TARGET_51)",
					"$(LIBRARY_SEARCH_PATHS_QUOTED_FOR_TARGET_52)",
					"$(LIBRARY_SEARCH_PATHS_QUOTED_FOR_TARGET_1)",
					"$(LIBRARY_SEARCH_PATHS_QUOTED_FOR_TARGET_2)",
					"$(LIBRARY_SEARCH_PATHS_QUOTED_FOR_TARGET_3)",
					"$(LIBRARY_SEARCH_PATHS_QUOTED_FOR_TARGET_1)",
				);
				LIBRARY_SEARCH_PATHS_QUOTED_FOR_TARGET_1 = "\"$(SRCROOT)/../../../addons/ofxAssimpModelLoader/libs/assimp/lib/osx\"";
				LIBRARY_SEARCH_PATHS_QUOTED_FOR_TARGET_3 = "\"$(SRCROOT)/../../../addons/ofxOpenCv/libs/opencv/lib/osx\"";
				PREBINDING = NO;
				PRODUCT_NAME = ProjectionWarpperDebug;
				WRAPPER_EXTENSION = app;
			};
			name = Debug;
		};
		E4B69B610A3A1757003C02F2 /* Release */ = {
			isa = XCBuildConfiguration;
			buildSettings = {
				COPY_PHASE_STRIP = YES;
				FRAMEWORK_SEARCH_PATHS = (
					"$(inherited)",
					"$(FRAMEWORK_SEARCH_PATHS_QUOTED_FOR_TARGET_1)",
					"$(FRAMEWORK_SEARCH_PATHS_QUOTED_FOR_TARGET_2)",
				);
				FRAMEWORK_SEARCH_PATHS_QUOTED_FOR_TARGET_1 = "\"$(SRCROOT)/../../../libs/glut/lib/osx\"";
				GCC_ENABLE_FIX_AND_CONTINUE = NO;
				GCC_GENERATE_DEBUGGING_SYMBOLS = YES;
				GCC_MODEL_TUNING = NONE;
				GCC_PRECOMPILE_PREFIX_HEADER = YES;
				GCC_PREFIX_HEADER = "$(SYSTEM_LIBRARY_DIR)/Frameworks/Carbon.framework/Headers/Carbon.h";
				INFOPLIST_FILE = "openFrameworks-Info.plist";
				INSTALL_PATH = "$(HOME)/Applications";
				LIBRARY_SEARCH_PATHS = (
					"$(inherited)",
					"$(LIBRARY_SEARCH_PATHS_QUOTED_FOR_TARGET_1)",
					"$(LIBRARY_SEARCH_PATHS_QUOTED_FOR_TARGET_2)",
					"$(LIBRARY_SEARCH_PATHS_QUOTED_FOR_TARGET_3)",
					"$(LIBRARY_SEARCH_PATHS_QUOTED_FOR_TARGET_4)",
					"$(LIBRARY_SEARCH_PATHS_QUOTED_FOR_TARGET_5)",
					"$(LIBRARY_SEARCH_PATHS_QUOTED_FOR_TARGET_6)",
					"$(LIBRARY_SEARCH_PATHS_QUOTED_FOR_TARGET_7)",
					"$(LIBRARY_SEARCH_PATHS_QUOTED_FOR_TARGET_8)",
					"$(LIBRARY_SEARCH_PATHS_QUOTED_FOR_TARGET_9)",
					"$(LIBRARY_SEARCH_PATHS_QUOTED_FOR_TARGET_10)",
					"$(LIBRARY_SEARCH_PATHS_QUOTED_FOR_TARGET_11)",
					"$(LIBRARY_SEARCH_PATHS_QUOTED_FOR_TARGET_12)",
					"$(LIBRARY_SEARCH_PATHS_QUOTED_FOR_TARGET_13)",
					"$(LIBRARY_SEARCH_PATHS_QUOTED_FOR_TARGET_14)",
					"$(LIBRARY_SEARCH_PATHS_QUOTED_FOR_TARGET_15)",
					"$(LIBRARY_SEARCH_PATHS_QUOTED_FOR_TARGET_2)",
					"$(LIBRARY_SEARCH_PATHS_QUOTED_1)",
					"$(LIBRARY_SEARCH_PATHS_QUOTED_FOR_TARGET_3)",
					"$(LIBRARY_SEARCH_PATHS_QUOTED_FOR_TARGET_7)",
					"$(LIBRARY_SEARCH_PATHS_QUOTED_FOR_TARGET_8)",
					"$(LIBRARY_SEARCH_PATHS_QUOTED_FOR_TARGET_9)",
					"$(LIBRARY_SEARCH_PATHS_QUOTED_FOR_TARGET_10)",
					"$(LIBRARY_SEARCH_PATHS_QUOTED_FOR_TARGET_11)",
					"$(LIBRARY_SEARCH_PATHS_QUOTED_FOR_TARGET_12)",
					"$(LIBRARY_SEARCH_PATHS_QUOTED_FOR_TARGET_13)",
					"$(LIBRARY_SEARCH_PATHS_QUOTED_FOR_TARGET_16)",
					"$(LIBRARY_SEARCH_PATHS_QUOTED_FOR_TARGET_17)",
					"$(LIBRARY_SEARCH_PATHS_QUOTED_FOR_TARGET_18)",
					"$(LIBRARY_SEARCH_PATHS_QUOTED_FOR_TARGET_19)",
					"$(LIBRARY_SEARCH_PATHS_QUOTED_FOR_TARGET_20)",
					"$(LIBRARY_SEARCH_PATHS_QUOTED_FOR_TARGET_21)",
					"$(LIBRARY_SEARCH_PATHS_QUOTED_FOR_TARGET_22)",
					"$(LIBRARY_SEARCH_PATHS_QUOTED_FOR_TARGET_23)",
					"$(LIBRARY_SEARCH_PATHS_QUOTED_FOR_TARGET_24)",
					"$(LIBRARY_SEARCH_PATHS_QUOTED_FOR_TARGET_25)",
					"$(LIBRARY_SEARCH_PATHS_QUOTED_FOR_TARGET_26)",
					"$(LIBRARY_SEARCH_PATHS_QUOTED_FOR_TARGET_27)",
					"$(LIBRARY_SEARCH_PATHS_QUOTED_FOR_TARGET_28)",
					"$(LIBRARY_SEARCH_PATHS_QUOTED_FOR_TARGET_29)",
					"$(LIBRARY_SEARCH_PATHS_QUOTED_FOR_TARGET_30)",
					"$(LIBRARY_SEARCH_PATHS_QUOTED_FOR_TARGET_31)",
					"$(LIBRARY_SEARCH_PATHS_QUOTED_FOR_TARGET_32)",
					"$(LIBRARY_SEARCH_PATHS_QUOTED_FOR_TARGET_33)",
					"$(LIBRARY_SEARCH_PATHS_QUOTED_FOR_TARGET_34)",
					"$(LIBRARY_SEARCH_PATHS_QUOTED_FOR_TARGET_35)",
					"$(LIBRARY_SEARCH_PATHS_QUOTED_FOR_TARGET_36)",
					"$(LIBRARY_SEARCH_PATHS_QUOTED_FOR_TARGET_37)",
					"$(LIBRARY_SEARCH_PATHS_QUOTED_FOR_TARGET_38)",
					"$(LIBRARY_SEARCH_PATHS_QUOTED_FOR_TARGET_39)",
					"$(LIBRARY_SEARCH_PATHS_QUOTED_FOR_TARGET_40)",
					"$(LIBRARY_SEARCH_PATHS_QUOTED_FOR_TARGET_41)",
					"$(LIBRARY_SEARCH_PATHS_QUOTED_FOR_TARGET_42)",
					"$(LIBRARY_SEARCH_PATHS_QUOTED_FOR_TARGET_43)",
					"$(LIBRARY_SEARCH_PATHS_QUOTED_FOR_TARGET_44)",
					"$(LIBRARY_SEARCH_PATHS_QUOTED_FOR_TARGET_45)",
					"$(LIBRARY_SEARCH_PATHS_QUOTED_FOR_TARGET_46)",
					"$(LIBRARY_SEARCH_PATHS_QUOTED_FOR_TARGET_47)",
					"$(LIBRARY_SEARCH_PATHS_QUOTED_FOR_TARGET_48)",
					"$(LIBRARY_SEARCH_PATHS_QUOTED_FOR_TARGET_49)",
					"$(LIBRARY_SEARCH_PATHS_QUOTED_FOR_TARGET_50)",
					"$(LIBRARY_SEARCH_PATHS_QUOTED_FOR_TARGET_51)",
					"$(LIBRARY_SEARCH_PATHS_QUOTED_FOR_TARGET_1)",
					"$(LIBRARY_SEARCH_PATHS_QUOTED_FOR_TARGET_2)",
					"$(LIBRARY_SEARCH_PATHS_QUOTED_FOR_TARGET_3)",
					"$(LIBRARY_SEARCH_PATHS_QUOTED_FOR_TARGET_1)",
				);
				LIBRARY_SEARCH_PATHS_QUOTED_FOR_TARGET_1 = "\"$(SRCROOT)/../../../addons/ofxAssimpModelLoader/libs/assimp/lib/osx\"";
				LIBRARY_SEARCH_PATHS_QUOTED_FOR_TARGET_3 = "\"$(SRCROOT)/../../../addons/ofxOpenCv/libs/opencv/lib/osx\"";
				PREBINDING = NO;
				PRODUCT_NAME = ProjectionWarpper;
				WRAPPER_EXTENSION = app;
			};
			name = Release;
		};
/* End XCBuildConfiguration section */

/* Begin XCConfigurationList section */
		E4B69B4D0A3A1720003C02F2 /* Build configuration list for PBXProject "ProjectionWarpper" */ = {
			isa = XCConfigurationList;
			buildConfigurations = (
				E4B69B4E0A3A1720003C02F2 /* Debug */,
				E4B69B4F0A3A1720003C02F2 /* Release */,
			);
			defaultConfigurationIsVisible = 0;
			defaultConfigurationName = Release;
		};
		E4B69B5F0A3A1757003C02F2 /* Build configuration list for PBXNativeTarget "ProjectionWarpper" */ = {
			isa = XCConfigurationList;
			buildConfigurations = (
				E4B69B600A3A1757003C02F2 /* Debug */,
				E4B69B610A3A1757003C02F2 /* Release */,
			);
			defaultConfigurationIsVisible = 0;
			defaultConfigurationName = Release;
		};
/* End XCConfigurationList section */
	};
	rootObject = E4B69B4C0A3A1720003C02F2 /* Project object */;
}
